<?xml version="1.0" encoding="utf-8"?>
<Project ToolsVersion="4.0" xmlns="http://schemas.microsoft.com/developer/msbuild/2003">
	<ItemGroup>
		<ClCompile Include="$(MSBuildThisFileDirectory)..\..\..\app\mkdefrag.c"/>
	</ItemGroup>
	<ItemGroup>
		<MASM Include="$(MSBuildThisFileDirectory)..\..\..\src\mk_lang_memcpy_win_i386.asm"/>
		<MASM Include="$(MSBuildThisFileDirectory)..\..\..\src\mk_lang_memcpy_win_amd64.asm"/>
	</ItemGroup>
</Project>
