<?xml version="1.0" encoding="utf-8"?>
<Project ToolsVersion="4.0" xmlns="http://schemas.microsoft.com/developer/msbuild/2003">
	<ItemGroup>
		<ClCompile Include="$(MSBuildThisFileDirectory)..\..\..\app\hosts.c"/>
		<MASM Include="$(MSBuildThisFileDirectory)..\..\..\src\mk_lang_abort_win_amd64.asm"/>
		<MASM Include="$(MSBuildThisFileDirectory)..\..\..\src\mk_lang_abort_win_i386.asm"/>
		<MASM Include="$(MSBuildThisFileDirectory)..\..\..\src\mk_lang_memcmp_win_amd64.asm"/>
		<MASM Include="$(MSBuildThisFileDirectory)..\..\..\src\mk_lang_memcpy_win_amd64.asm"/>
		<MASM Include="$(MSBuildThisFileDirectory)..\..\..\src\mk_lang_memcpy_win_i386.asm"/>
		<MASM Include="$(MSBuildThisFileDirectory)..\..\..\src\mk_lang_memset_win_amd64.asm"/>
		<MASM Include="$(MSBuildThisFileDirectory)..\..\..\src\mk_lang_memset_win_i386.asm"/>
		<Natvis Include="$(MSBuildThisFileDirectory)..\..\..\src\mk_clib_app_hosts.natvis"/>
		<Natvis Include="$(MSBuildThisFileDirectory)..\..\..\src\mk_lib_iip_any_data_connection.natvis"/>
		<Natvis Include="$(MSBuildThisFileDirectory)..\..\..\src\mk_lib_iip_buffer.natvis"/>
		<Natvis Include="$(MSBuildThisFileDirectory)..\..\..\src\mk_lib_iip_cp_client_connection_task.natvis"/>
		<Natvis Include="$(MSBuildThisFileDirectory)..\..\..\src\mk_lib_iip_cp_client_local_client_task.natvis"/>
		<Natvis Include="$(MSBuildThisFileDirectory)..\..\..\src\mk_lib_iip_cp_client_local_listener_task.natvis"/>
		<Natvis Include="$(MSBuildThisFileDirectory)..\..\..\src\mk_lib_iip_cp_client_session.natvis"/>
		<Natvis Include="$(MSBuildThisFileDirectory)..\..\..\src\mk_lib_iip_cp_client_socket.natvis"/>
		<Natvis Include="$(MSBuildThisFileDirectory)..\..\..\src\mk_lib_iip_cp_client_wrapper.natvis"/>
		<Natvis Include="$(MSBuildThisFileDirectory)..\..\..\src\mk_lib_iip_cp_dynamic_ring.natvis"/>
		<Natvis Include="$(MSBuildThisFileDirectory)..\..\..\src\mk_lib_iip_cp_mallocator_global.natvis"/>
		<Natvis Include="$(MSBuildThisFileDirectory)..\..\..\src\mk_lib_iip_cp_types.natvis"/>
		<Natvis Include="$(MSBuildThisFileDirectory)..\..\..\src\mk_lib_iip_http_buffer.natvis"/>
		<Natvis Include="$(MSBuildThisFileDirectory)..\..\..\src\mk_lib_iip_http_client_response.natvis"/>
		<Natvis Include="$(MSBuildThisFileDirectory)..\..\..\src\mk_lib_iip_time.natvis"/>
		<Natvis Include="$(MSBuildThisFileDirectory)..\..\..\src\mk_lib_net.natvis"/>
		<Natvis Include="$(MSBuildThisFileDirectory)..\..\..\src\mk_sl_dynamic_ring.natvis"/>
		<Natvis Include="$(MSBuildThisFileDirectory)..\..\..\src\mk_sl_mallocator_lang_c23.natvis"/>
		<Natvis Include="$(MSBuildThisFileDirectory)..\..\..\src\mk_sl_mallocator_lang_c89.natvis"/>
		<Natvis Include="$(MSBuildThisFileDirectory)..\..\..\src\mk_sl_mallocator_lang_cpp.natvis"/>
		<Natvis Include="$(MSBuildThisFileDirectory)..\..\..\src\mk_sl_mallocator_windows.natvis"/>
		<Natvis Include="$(MSBuildThisFileDirectory)..\..\..\src\mk_sl_stopwatch.natvis"/>
		<Natvis Include="$(MSBuildThisFileDirectory)..\..\..\src\mk_sl_stopwatch_nt.natvis"/>
		<Natvis Include="$(MSBuildThisFileDirectory)..\..\..\src\mk_sl_stopwatch_qpc.natvis"/>
		<Natvis Include="$(MSBuildThisFileDirectory)..\..\..\src\mk_sl_time.natvis"/>
		<Natvis Include="$(MSBuildThisFileDirectory)..\..\..\src\mk_sl_vector.natvis"/>
		<Natvis Include="$(MSBuildThisFileDirectory)..\..\..\src\mk_win.natvis"/>
	</ItemGroup>
</Project>
