Microsoft Visual Studio Solution File, Format Version 12.00
# Visual Studio Version 17
VisualStudioVersion = 17.13.35828.75
MinimumVisualStudioVersion = 10.0.40219.1
Project("{8bc9ceb8-8b4a-11d0-8d11-00a0c91bc942}") = "mk_clib_m4", "mk_clib_m4\mk_clib_m4.vcxproj", "{8286250d-5be4-4739-befc-05c1fef305be}"
EndProject
Project("{8bc9ceb8-8b4a-11d0-8d11-00a0c91bc942}") = "mk_clib_slib", "mk_clib_slib\mk_clib_slib.vcxproj", "{57a9987d-aa37-4864-9e5c-43b313f158cb}"
	ProjectSection(ProjectDependencies) = postProject
		{8286250d-5be4-4739-befc-05c1fef305be} = {8286250d-5be4-4739-befc-05c1fef305be}
	EndProjectSection
EndProject
Project("{8bc9ceb8-8b4a-11d0-8d11-00a0c91bc942}") = "mk_clib_info", "mk_clib_info\mk_clib_info.vcxproj", "{628f95d8-f874-4c60-8a39-32e56ba16c1c}"
	ProjectSection(ProjectDependencies) = postProject
		{57a9987d-aa37-4864-9e5c-43b313f158cb} = {57a9987d-aa37-4864-9e5c-43b313f158cb}
	EndProjectSection
EndProject
Project("{8bc9ceb8-8b4a-11d0-8d11-00a0c91bc942}") = "mk_clib_test", "mk_clib_test\mk_clib_test.vcxproj", "{2aeef188-955a-4415-b15e-7d7e480d6d41}"
	ProjectSection(ProjectDependencies) = postProject
		{57a9987d-aa37-4864-9e5c-43b313f158cb} = {57a9987d-aa37-4864-9e5c-43b313f158cb}
	EndProjectSection
EndProject
Global
	GlobalSection(SolutionConfigurationPlatforms) = preSolution
		Debug|Win32 = Debug|Win32
		Release|Win32 = Release|Win32
		Debug|x64 = Debug|x64
		Release|x64 = Release|x64
		Debug|ARM = Debug|ARM
		Release|ARM = Release|ARM
		Debug|ARM64 = Debug|ARM64
		Release|ARM64 = Release|ARM64
		Debug|ARM64EC = Debug|ARM64EC
		Release|ARM64EC = Release|ARM64EC
		DebugClang|Win32 = DebugClang|Win32
		ReleaseClang|Win32 = ReleaseClang|Win32
		DebugClang|x64 = DebugClang|x64
		ReleaseClang|x64 = ReleaseClang|x64
		DebugClang|ARM = DebugClang|ARM
		ReleaseClang|ARM = ReleaseClang|ARM
		DebugClang|ARM64 = DebugClang|ARM64
		ReleaseClang|ARM64 = ReleaseClang|ARM64
		DebugClang|ARM64EC = DebugClang|ARM64EC
		ReleaseClang|ARM64EC = ReleaseClang|ARM64EC
	EndGlobalSection
	GlobalSection(ProjectConfigurationPlatforms) = postSolution
		{8286250d-5be4-4739-befc-05c1fef305be}.Debug|Win32.ActiveCfg = Debug|Win32
		{8286250d-5be4-4739-befc-05c1fef305be}.Debug|Win32.Build.0 = Debug|Win32
		{8286250d-5be4-4739-befc-05c1fef305be}.Release|Win32.ActiveCfg = Debug|Win32
		{8286250d-5be4-4739-befc-05c1fef305be}.Release|Win32.Build.0 = Debug|Win32
		{8286250d-5be4-4739-befc-05c1fef305be}.Debug|x64.ActiveCfg = Debug|Win32
		{8286250d-5be4-4739-befc-05c1fef305be}.Debug|x64.Build.0 = Debug|Win32
		{8286250d-5be4-4739-befc-05c1fef305be}.Release|x64.ActiveCfg = Debug|Win32
		{8286250d-5be4-4739-befc-05c1fef305be}.Release|x64.Build.0 = Debug|Win32
		{8286250d-5be4-4739-befc-05c1fef305be}.Debug|ARM.ActiveCfg = Debug|Win32
		{8286250d-5be4-4739-befc-05c1fef305be}.Debug|ARM.Build.0 = Debug|Win32
		{8286250d-5be4-4739-befc-05c1fef305be}.Release|ARM.ActiveCfg = Debug|Win32
		{8286250d-5be4-4739-befc-05c1fef305be}.Release|ARM.Build.0 = Debug|Win32
		{8286250d-5be4-4739-befc-05c1fef305be}.Debug|ARM64.ActiveCfg = Debug|Win32
		{8286250d-5be4-4739-befc-05c1fef305be}.Debug|ARM64.Build.0 = Debug|Win32
		{8286250d-5be4-4739-befc-05c1fef305be}.Release|ARM64.ActiveCfg = Debug|Win32
		{8286250d-5be4-4739-befc-05c1fef305be}.Release|ARM64.Build.0 = Debug|Win32
		{8286250d-5be4-4739-befc-05c1fef305be}.Debug|ARM64EC.ActiveCfg = Debug|Win32
		{8286250d-5be4-4739-befc-05c1fef305be}.Debug|ARM64EC.Build.0 = Debug|Win32
		{8286250d-5be4-4739-befc-05c1fef305be}.Release|ARM64EC.ActiveCfg = Debug|Win32
		{8286250d-5be4-4739-befc-05c1fef305be}.Release|ARM64EC.Build.0 = Debug|Win32
		{8286250d-5be4-4739-befc-05c1fef305be}.DebugClang|Win32.ActiveCfg = Debug|Win32
		{8286250d-5be4-4739-befc-05c1fef305be}.DebugClang|Win32.Build.0 = Debug|Win32
		{8286250d-5be4-4739-befc-05c1fef305be}.ReleaseClang|Win32.ActiveCfg = Debug|Win32
		{8286250d-5be4-4739-befc-05c1fef305be}.ReleaseClang|Win32.Build.0 = Debug|Win32
		{8286250d-5be4-4739-befc-05c1fef305be}.DebugClang|x64.ActiveCfg = Debug|Win32
		{8286250d-5be4-4739-befc-05c1fef305be}.DebugClang|x64.Build.0 = Debug|Win32
		{8286250d-5be4-4739-befc-05c1fef305be}.ReleaseClang|x64.ActiveCfg = Debug|Win32
		{8286250d-5be4-4739-befc-05c1fef305be}.ReleaseClang|x64.Build.0 = Debug|Win32
		{8286250d-5be4-4739-befc-05c1fef305be}.DebugClang|ARM.ActiveCfg = Debug|Win32
		{8286250d-5be4-4739-befc-05c1fef305be}.DebugClang|ARM.Build.0 = Debug|Win32
		{8286250d-5be4-4739-befc-05c1fef305be}.ReleaseClang|ARM.ActiveCfg = Debug|Win32
		{8286250d-5be4-4739-befc-05c1fef305be}.ReleaseClang|ARM.Build.0 = Debug|Win32
		{8286250d-5be4-4739-befc-05c1fef305be}.DebugClang|ARM64.ActiveCfg = Debug|Win32
		{8286250d-5be4-4739-befc-05c1fef305be}.DebugClang|ARM64.Build.0 = Debug|Win32
		{8286250d-5be4-4739-befc-05c1fef305be}.ReleaseClang|ARM64.ActiveCfg = Debug|Win32
		{8286250d-5be4-4739-befc-05c1fef305be}.ReleaseClang|ARM64.Build.0 = Debug|Win32
		{8286250d-5be4-4739-befc-05c1fef305be}.DebugClang|ARM64EC.ActiveCfg = Debug|Win32
		{8286250d-5be4-4739-befc-05c1fef305be}.DebugClang|ARM64EC.Build.0 = Debug|Win32
		{8286250d-5be4-4739-befc-05c1fef305be}.ReleaseClang|ARM64EC.ActiveCfg = Debug|Win32
		{8286250d-5be4-4739-befc-05c1fef305be}.ReleaseClang|ARM64EC.Build.0 = Debug|Win32

		{57a9987d-aa37-4864-9e5c-43b313f158cb}.Debug|Win32.ActiveCfg = Debug|Win32
		{57a9987d-aa37-4864-9e5c-43b313f158cb}.Debug|Win32.Build.0 = Debug|Win32
		{57a9987d-aa37-4864-9e5c-43b313f158cb}.Release|Win32.ActiveCfg = Release|Win32
		{57a9987d-aa37-4864-9e5c-43b313f158cb}.Release|Win32.Build.0 = Release|Win32
		{57a9987d-aa37-4864-9e5c-43b313f158cb}.Debug|x64.ActiveCfg = Debug|x64
		{57a9987d-aa37-4864-9e5c-43b313f158cb}.Debug|x64.Build.0 = Debug|x64
		{57a9987d-aa37-4864-9e5c-43b313f158cb}.Release|x64.ActiveCfg = Release|x64
		{57a9987d-aa37-4864-9e5c-43b313f158cb}.Release|x64.Build.0 = Release|x64
		{57a9987d-aa37-4864-9e5c-43b313f158cb}.Debug|ARM.ActiveCfg = Debug|ARM
		{57a9987d-aa37-4864-9e5c-43b313f158cb}.Debug|ARM.Build.0 = Debug|ARM
		{57a9987d-aa37-4864-9e5c-43b313f158cb}.Release|ARM.ActiveCfg = Release|ARM
		{57a9987d-aa37-4864-9e5c-43b313f158cb}.Release|ARM.Build.0 = Release|ARM
		{57a9987d-aa37-4864-9e5c-43b313f158cb}.Debug|ARM64.ActiveCfg = Debug|ARM64
		{57a9987d-aa37-4864-9e5c-43b313f158cb}.Debug|ARM64.Build.0 = Debug|ARM64
		{57a9987d-aa37-4864-9e5c-43b313f158cb}.Release|ARM64.ActiveCfg = Release|ARM64
		{57a9987d-aa37-4864-9e5c-43b313f158cb}.Release|ARM64.Build.0 = Release|ARM64
		{57a9987d-aa37-4864-9e5c-43b313f158cb}.Debug|ARM64EC.ActiveCfg = Debug|ARM64EC
		{57a9987d-aa37-4864-9e5c-43b313f158cb}.Debug|ARM64EC.Build.0 = Debug|ARM64EC
		{57a9987d-aa37-4864-9e5c-43b313f158cb}.Release|ARM64EC.ActiveCfg = Release|ARM64EC
		{57a9987d-aa37-4864-9e5c-43b313f158cb}.Release|ARM64EC.Build.0 = Release|ARM64EC
		{57a9987d-aa37-4864-9e5c-43b313f158cb}.DebugClang|Win32.ActiveCfg = DebugClang|Win32
		{57a9987d-aa37-4864-9e5c-43b313f158cb}.DebugClang|Win32.Build.0 = DebugClang|Win32
		{57a9987d-aa37-4864-9e5c-43b313f158cb}.ReleaseClang|Win32.ActiveCfg = ReleaseClang|Win32
		{57a9987d-aa37-4864-9e5c-43b313f158cb}.ReleaseClang|Win32.Build.0 = ReleaseClang|Win32
		{57a9987d-aa37-4864-9e5c-43b313f158cb}.DebugClang|x64.ActiveCfg = DebugClang|x64
		{57a9987d-aa37-4864-9e5c-43b313f158cb}.DebugClang|x64.Build.0 = DebugClang|x64
		{57a9987d-aa37-4864-9e5c-43b313f158cb}.ReleaseClang|x64.ActiveCfg = ReleaseClang|x64
		{57a9987d-aa37-4864-9e5c-43b313f158cb}.ReleaseClang|x64.Build.0 = ReleaseClang|x64
		{57a9987d-aa37-4864-9e5c-43b313f158cb}.DebugClang|ARM.ActiveCfg = Debug|ARM
		{57a9987d-aa37-4864-9e5c-43b313f158cb}.ReleaseClang|ARM.ActiveCfg = ReleaseC|ARM
		{57a9987d-aa37-4864-9e5c-43b313f158cb}.DebugClang|ARM64.ActiveCfg = Debug|ARM64
		{57a9987d-aa37-4864-9e5c-43b313f158cb}.ReleaseClang|ARM64.ActiveCfg = ReleaseC|ARM64
		{57a9987d-aa37-4864-9e5c-43b313f158cb}.DebugClang|ARM64EC.ActiveCfg = Debug|ARM64EC
		{57a9987d-aa37-4864-9e5c-43b313f158cb}.ReleaseClang|ARM64EC.ActiveCfg = ReleaseC|ARM64EC

		{628f95d8-f874-4c60-8a39-32e56ba16c1c}.Debug|Win32.ActiveCfg = Debug|Win32
		{628f95d8-f874-4c60-8a39-32e56ba16c1c}.Debug|Win32.Build.0 = Debug|Win32
		{628f95d8-f874-4c60-8a39-32e56ba16c1c}.Release|Win32.ActiveCfg = Release|Win32
		{628f95d8-f874-4c60-8a39-32e56ba16c1c}.Release|Win32.Build.0 = Release|Win32
		{628f95d8-f874-4c60-8a39-32e56ba16c1c}.Debug|x64.ActiveCfg = Debug|x64
		{628f95d8-f874-4c60-8a39-32e56ba16c1c}.Debug|x64.Build.0 = Debug|x64
		{628f95d8-f874-4c60-8a39-32e56ba16c1c}.Release|x64.ActiveCfg = Release|x64
		{628f95d8-f874-4c60-8a39-32e56ba16c1c}.Release|x64.Build.0 = Release|x64
		{628f95d8-f874-4c60-8a39-32e56ba16c1c}.Debug|ARM.ActiveCfg = Debug|ARM
		{628f95d8-f874-4c60-8a39-32e56ba16c1c}.Debug|ARM.Build.0 = Debug|ARM
		{628f95d8-f874-4c60-8a39-32e56ba16c1c}.Release|ARM.ActiveCfg = Release|ARM
		{628f95d8-f874-4c60-8a39-32e56ba16c1c}.Release|ARM.Build.0 = Release|ARM
		{628f95d8-f874-4c60-8a39-32e56ba16c1c}.Debug|ARM64.ActiveCfg = Debug|ARM64
		{628f95d8-f874-4c60-8a39-32e56ba16c1c}.Debug|ARM64.Build.0 = Debug|ARM64
		{628f95d8-f874-4c60-8a39-32e56ba16c1c}.Release|ARM64.ActiveCfg = Release|ARM64
		{628f95d8-f874-4c60-8a39-32e56ba16c1c}.Release|ARM64.Build.0 = Release|ARM64
		{628f95d8-f874-4c60-8a39-32e56ba16c1c}.Debug|ARM64EC.ActiveCfg = Debug|ARM64EC
		{628f95d8-f874-4c60-8a39-32e56ba16c1c}.Debug|ARM64EC.Build.0 = Debug|ARM64EC
		{628f95d8-f874-4c60-8a39-32e56ba16c1c}.Release|ARM64EC.ActiveCfg = Release|ARM64EC
		{628f95d8-f874-4c60-8a39-32e56ba16c1c}.Release|ARM64EC.Build.0 = Release|ARM64EC
		{628f95d8-f874-4c60-8a39-32e56ba16c1c}.DebugClang|Win32.ActiveCfg = DebugClang|Win32
		{628f95d8-f874-4c60-8a39-32e56ba16c1c}.DebugClang|Win32.Build.0 = DebugClang|Win32
		{628f95d8-f874-4c60-8a39-32e56ba16c1c}.ReleaseClang|Win32.ActiveCfg = ReleaseClang|Win32
		{628f95d8-f874-4c60-8a39-32e56ba16c1c}.ReleaseClang|Win32.Build.0 = ReleaseClang|Win32
		{628f95d8-f874-4c60-8a39-32e56ba16c1c}.DebugClang|x64.ActiveCfg = DebugClang|x64
		{628f95d8-f874-4c60-8a39-32e56ba16c1c}.DebugClang|x64.Build.0 = DebugClang|x64
		{628f95d8-f874-4c60-8a39-32e56ba16c1c}.ReleaseClang|x64.ActiveCfg = ReleaseClang|x64
		{628f95d8-f874-4c60-8a39-32e56ba16c1c}.ReleaseClang|x64.Build.0 = ReleaseClang|x64
		{628f95d8-f874-4c60-8a39-32e56ba16c1c}.DebugClang|ARM.ActiveCfg = Debug|ARM
		{628f95d8-f874-4c60-8a39-32e56ba16c1c}.ReleaseClang|ARM.ActiveCfg = ReleaseC|ARM
		{628f95d8-f874-4c60-8a39-32e56ba16c1c}.DebugClang|ARM64.ActiveCfg = Debug|ARM64
		{628f95d8-f874-4c60-8a39-32e56ba16c1c}.ReleaseClang|ARM64.ActiveCfg = ReleaseC|ARM64
		{628f95d8-f874-4c60-8a39-32e56ba16c1c}.DebugClang|ARM64EC.ActiveCfg = Debug|ARM64EC
		{628f95d8-f874-4c60-8a39-32e56ba16c1c}.ReleaseClang|ARM64EC.ActiveCfg = ReleaseC|ARM64EC

		{2aeef188-955a-4415-b15e-7d7e480d6d41}.Debug|Win32.ActiveCfg = Debug|Win32
		{2aeef188-955a-4415-b15e-7d7e480d6d41}.Debug|Win32.Build.0 = Debug|Win32
		{2aeef188-955a-4415-b15e-7d7e480d6d41}.Release|Win32.ActiveCfg = Release|Win32
		{2aeef188-955a-4415-b15e-7d7e480d6d41}.Release|Win32.Build.0 = Release|Win32
		{2aeef188-955a-4415-b15e-7d7e480d6d41}.Debug|x64.ActiveCfg = Debug|x64
		{2aeef188-955a-4415-b15e-7d7e480d6d41}.Debug|x64.Build.0 = Debug|x64
		{2aeef188-955a-4415-b15e-7d7e480d6d41}.Release|x64.ActiveCfg = Release|x64
		{2aeef188-955a-4415-b15e-7d7e480d6d41}.Release|x64.Build.0 = Release|x64
		{2aeef188-955a-4415-b15e-7d7e480d6d41}.Debug|ARM.ActiveCfg = Debug|ARM
		{2aeef188-955a-4415-b15e-7d7e480d6d41}.Debug|ARM.Build.0 = Debug|ARM
		{2aeef188-955a-4415-b15e-7d7e480d6d41}.Release|ARM.ActiveCfg = Release|ARM
		{2aeef188-955a-4415-b15e-7d7e480d6d41}.Release|ARM.Build.0 = Release|ARM
		{2aeef188-955a-4415-b15e-7d7e480d6d41}.Debug|ARM64.ActiveCfg = Debug|ARM64
		{2aeef188-955a-4415-b15e-7d7e480d6d41}.Debug|ARM64.Build.0 = Debug|ARM64
		{2aeef188-955a-4415-b15e-7d7e480d6d41}.Release|ARM64.ActiveCfg = Release|ARM64
		{2aeef188-955a-4415-b15e-7d7e480d6d41}.Release|ARM64.Build.0 = Release|ARM64
		{2aeef188-955a-4415-b15e-7d7e480d6d41}.Debug|ARM64EC.ActiveCfg = Debug|ARM64EC
		{2aeef188-955a-4415-b15e-7d7e480d6d41}.Debug|ARM64EC.Build.0 = Debug|ARM64EC
		{2aeef188-955a-4415-b15e-7d7e480d6d41}.Release|ARM64EC.ActiveCfg = Release|ARM64EC
		{2aeef188-955a-4415-b15e-7d7e480d6d41}.Release|ARM64EC.Build.0 = Release|ARM64EC
		{2aeef188-955a-4415-b15e-7d7e480d6d41}.DebugClang|Win32.ActiveCfg = DebugClang|Win32
		{2aeef188-955a-4415-b15e-7d7e480d6d41}.DebugClang|Win32.Build.0 = DebugClang|Win32
		{2aeef188-955a-4415-b15e-7d7e480d6d41}.ReleaseClang|Win32.ActiveCfg = ReleaseClang|Win32
		{2aeef188-955a-4415-b15e-7d7e480d6d41}.ReleaseClang|Win32.Build.0 = ReleaseClang|Win32
		{2aeef188-955a-4415-b15e-7d7e480d6d41}.DebugClang|x64.ActiveCfg = DebugClang|x64
		{2aeef188-955a-4415-b15e-7d7e480d6d41}.DebugClang|x64.Build.0 = DebugClang|x64
		{2aeef188-955a-4415-b15e-7d7e480d6d41}.ReleaseClang|x64.ActiveCfg = ReleaseClang|x64
		{2aeef188-955a-4415-b15e-7d7e480d6d41}.ReleaseClang|x64.Build.0 = ReleaseClang|x64
		{2aeef188-955a-4415-b15e-7d7e480d6d41}.DebugClang|ARM.ActiveCfg = Debug|ARM
		{2aeef188-955a-4415-b15e-7d7e480d6d41}.ReleaseClang|ARM.ActiveCfg = Release|ARM
		{2aeef188-955a-4415-b15e-7d7e480d6d41}.DebugClang|ARM64.ActiveCfg = Debug|ARM64
		{2aeef188-955a-4415-b15e-7d7e480d6d41}.ReleaseClang|ARM64.ActiveCfg = Release|ARM64
		{2aeef188-955a-4415-b15e-7d7e480d6d41}.DebugClang|ARM64EC.ActiveCfg = Debug|ARM64EC
		{2aeef188-955a-4415-b15e-7d7e480d6d41}.ReleaseClang|ARM64EC.ActiveCfg = Release|ARM64EC
	EndGlobalSection
	GlobalSection(SolutionProperties) = preSolution
		HideSolutionNode = FALSE
	EndGlobalSection
	GlobalSection(ExtensibilityGlobals) = postSolution
		SolutionGuid = {c453dd01-69bb-4abc-bbe5-3239f277b4de}
	EndGlobalSection
EndGlobal
