Microsoft Visual Studio Solution File, Format Version 12.00
# Visual Studio Version 17
VisualStudioVersion = 17.4.33213.308
MinimumVisualStudioVersion = 10.0.40219.1
Project("{8bc9ceb8-8b4a-11d0-8d11-00a0c91bc942}") = "m4", "m4\m4.vcxproj", "{8286250d-5be4-4739-befc-05c1fef305be}"
EndProject
Project("{8bc9ceb8-8b4a-11d0-8d11-00a0c91bc942}") = "mk_clib_slib", "mk_clib_slib\mk_clib_slib.vcxproj", "{daee6d32-db72-46dc-9a17-b38426c518f3}"
	ProjectSection(ProjectDependencies) = postProject
		{8286250d-5be4-4739-befc-05c1fef305be} = {8286250d-5be4-4739-befc-05c1fef305be}
	EndProjectSection
EndProject
Project("{8bc9ceb8-8b4a-11d0-8d11-00a0c91bc942}") = "mkcf", "mkcf\mkcf.vcxproj", "{506f012d-14b4-4024-a3d2-70fc0fe8bee7}"
	ProjectSection(ProjectDependencies) = postProject
		{8286250d-5be4-4739-befc-05c1fef305be} = {8286250d-5be4-4739-befc-05c1fef305be}
	EndProjectSection
EndProject
Project("{8bc9ceb8-8b4a-11d0-8d11-00a0c91bc942}") = "mkcfct", "mkcfct\mkcfct.vcxproj", "{658933b8-56b8-4158-9a0c-300b9c4feac6}"
	ProjectSection(ProjectDependencies) = postProject
		{8286250d-5be4-4739-befc-05c1fef305be} = {8286250d-5be4-4739-befc-05c1fef305be}
	EndProjectSection
EndProject
Project("{8bc9ceb8-8b4a-11d0-8d11-00a0c91bc942}") = "mkcflt", "mkcflt\mkcflt.vcxproj", "{df9ab380-961c-4f86-88a6-ba8228ccb1c5}"
	ProjectSection(ProjectDependencies) = postProject
		{8286250d-5be4-4739-befc-05c1fef305be} = {8286250d-5be4-4739-befc-05c1fef305be}
	EndProjectSection
EndProject
Project("{8bc9ceb8-8b4a-11d0-8d11-00a0c91bc942}") = "mkci", "mkci\mkci.vcxproj", "{cc790e7f-aa98-4255-9e19-55f2c9f0ff15}"
	ProjectSection(ProjectDependencies) = postProject
		{8286250d-5be4-4739-befc-05c1fef305be} = {8286250d-5be4-4739-befc-05c1fef305be}
	EndProjectSection
EndProject
Project("{8bc9ceb8-8b4a-11d0-8d11-00a0c91bc942}") = "mkct", "mkct\mkct.vcxproj", "{8bfe218e-41a7-4973-9140-4fa391c26eeb}"
	ProjectSection(ProjectDependencies) = postProject
		{8286250d-5be4-4739-befc-05c1fef305be} = {8286250d-5be4-4739-befc-05c1fef305be}
	EndProjectSection
EndProject
Project("{8bc9ceb8-8b4a-11d0-8d11-00a0c91bc942}") = "mkcc", "mkcc\mkcc.vcxproj", "{fbcf45f1-cf7a-42a0-8e4f-952a78381e66}"
	ProjectSection(ProjectDependencies) = postProject
		{8286250d-5be4-4739-befc-05c1fef305be} = {8286250d-5be4-4739-befc-05c1fef305be}
	EndProjectSection
EndProject
Project("{8bc9ceb8-8b4a-11d0-8d11-00a0c91bc942}") = "mkch", "mkch\mkch.vcxproj", "{6aa73750-b615-4361-9fdf-e0a82b7148ae}"
	ProjectSection(ProjectDependencies) = postProject
		{8286250d-5be4-4739-befc-05c1fef305be} = {8286250d-5be4-4739-befc-05c1fef305be}
	EndProjectSection
EndProject
Project("{8bc9ceb8-8b4a-11d0-8d11-00a0c91bc942}") = "float_analyzer", "float_analyzer\float_analyzer.vcxproj", "{d373cec0-6b32-4ea2-b320-d05e72116855}"
	ProjectSection(ProjectDependencies) = postProject
		{8286250d-5be4-4739-befc-05c1fef305be} = {8286250d-5be4-4739-befc-05c1fef305be}
	EndProjectSection
EndProject
Project("{8bc9ceb8-8b4a-11d0-8d11-00a0c91bc942}") = "double_analyzer", "double_analyzer\double_analyzer.vcxproj", "{c44def45-a5d4-460c-8aa4-2aad83de189e}"
	ProjectSection(ProjectDependencies) = postProject
		{8286250d-5be4-4739-befc-05c1fef305be} = {8286250d-5be4-4739-befc-05c1fef305be}
	EndProjectSection
EndProject
Project("{8bc9ceb8-8b4a-11d0-8d11-00a0c91bc942}") = "quad_analyzer", "quad_analyzer\quad_analyzer.vcxproj", "{a1cbb4a8-c1ba-40dd-8772-26844c6b7c59}"
	ProjectSection(ProjectDependencies) = postProject
		{8286250d-5be4-4739-befc-05c1fef305be} = {8286250d-5be4-4739-befc-05c1fef305be}
	EndProjectSection
EndProject
Global
	GlobalSection(SolutionConfigurationPlatforms) = preSolution
		Debug|x86 = Debug|x86
		Release|x86 = Release|x86
		Debug|x64 = Debug|x64
		Release|x64 = Release|x64
		Debug|ARM = Debug|ARM
		Release|ARM = Release|ARM
		Debug|ARM64 = Debug|ARM64
		Release|ARM64 = Release|ARM64
		Debug|ARM64EC = Debug|ARM64EC
		Release|ARM64EC = Release|ARM64EC
	EndGlobalSection
	GlobalSection(ProjectConfigurationPlatforms) = postSolution
		{8286250d-5be4-4739-befc-05c1fef305be}.Debug|x86.ActiveCfg = Debug|Win32
		{8286250d-5be4-4739-befc-05c1fef305be}.Debug|x86.Build.0 = Debug|Win32
		{8286250d-5be4-4739-befc-05c1fef305be}.Release|x86.ActiveCfg = Debug|Win32
		{8286250d-5be4-4739-befc-05c1fef305be}.Release|x86.Build.0 = Debug|Win32
		{8286250d-5be4-4739-befc-05c1fef305be}.Debug|x64.ActiveCfg = Debug|Win32
		{8286250d-5be4-4739-befc-05c1fef305be}.Debug|x64.Build.0 = Debug|Win32
		{8286250d-5be4-4739-befc-05c1fef305be}.Release|x64.ActiveCfg = Debug|Win32
		{8286250d-5be4-4739-befc-05c1fef305be}.Release|x64.Build.0 = Debug|Win32
		{8286250d-5be4-4739-befc-05c1fef305be}.Debug|ARM.ActiveCfg = Debug|Win32
		{8286250d-5be4-4739-befc-05c1fef305be}.Debug|ARM.Build.0 = Debug|Win32
		{8286250d-5be4-4739-befc-05c1fef305be}.Release|ARM.ActiveCfg = Debug|Win32
		{8286250d-5be4-4739-befc-05c1fef305be}.Release|ARM.Build.0 = Debug|Win32
		{8286250d-5be4-4739-befc-05c1fef305be}.Debug|ARM64.ActiveCfg = Debug|Win32
		{8286250d-5be4-4739-befc-05c1fef305be}.Debug|ARM64.Build.0 = Debug|Win32
		{8286250d-5be4-4739-befc-05c1fef305be}.Release|ARM64.ActiveCfg = Debug|Win32
		{8286250d-5be4-4739-befc-05c1fef305be}.Release|ARM64.Build.0 = Debug|Win32
		{8286250d-5be4-4739-befc-05c1fef305be}.Debug|ARM64EC.ActiveCfg = Debug|Win32
		{8286250d-5be4-4739-befc-05c1fef305be}.Debug|ARM64EC.Build.0 = Debug|Win32
		{8286250d-5be4-4739-befc-05c1fef305be}.Release|ARM64EC.ActiveCfg = Debug|Win32
		{8286250d-5be4-4739-befc-05c1fef305be}.Release|ARM64EC.Build.0 = Debug|Win32
		{daee6d32-db72-46dc-9a17-b38426c518f3}.Debug|x86.ActiveCfg = Debug|Win32
		{daee6d32-db72-46dc-9a17-b38426c518f3}.Debug|x86.Build.0 = Debug|Win32
		{daee6d32-db72-46dc-9a17-b38426c518f3}.Release|x86.ActiveCfg = Release|Win32
		{daee6d32-db72-46dc-9a17-b38426c518f3}.Release|x86.Build.0 = Release|Win32
		{daee6d32-db72-46dc-9a17-b38426c518f3}.Debug|x64.ActiveCfg = Debug|x64
		{daee6d32-db72-46dc-9a17-b38426c518f3}.Debug|x64.Build.0 = Debug|x64
		{daee6d32-db72-46dc-9a17-b38426c518f3}.Release|x64.ActiveCfg = Release|x64
		{daee6d32-db72-46dc-9a17-b38426c518f3}.Release|x64.Build.0 = Release|x64
		{daee6d32-db72-46dc-9a17-b38426c518f3}.Debug|ARM.ActiveCfg = Debug|ARM
		{daee6d32-db72-46dc-9a17-b38426c518f3}.Debug|ARM.Build.0 = Debug|ARM
		{daee6d32-db72-46dc-9a17-b38426c518f3}.Release|ARM.ActiveCfg = Release|ARM
		{daee6d32-db72-46dc-9a17-b38426c518f3}.Release|ARM.Build.0 = Release|ARM
		{daee6d32-db72-46dc-9a17-b38426c518f3}.Debug|ARM64.ActiveCfg = Debug|ARM64
		{daee6d32-db72-46dc-9a17-b38426c518f3}.Debug|ARM64.Build.0 = Debug|ARM64
		{daee6d32-db72-46dc-9a17-b38426c518f3}.Release|ARM64.ActiveCfg = Release|ARM64
		{daee6d32-db72-46dc-9a17-b38426c518f3}.Release|ARM64.Build.0 = Release|ARM64
		{daee6d32-db72-46dc-9a17-b38426c518f3}.Debug|ARM64EC.ActiveCfg = Debug|ARM64EC
		{daee6d32-db72-46dc-9a17-b38426c518f3}.Debug|ARM64EC.Build.0 = Debug|ARM64EC
		{daee6d32-db72-46dc-9a17-b38426c518f3}.Release|ARM64EC.ActiveCfg = Release|ARM64EC
		{daee6d32-db72-46dc-9a17-b38426c518f3}.Release|ARM64EC.Build.0 = Release|ARM64EC
		{506f012d-14b4-4024-a3d2-70fc0fe8bee7}.Debug|x86.ActiveCfg = Debug|Win32
		{506f012d-14b4-4024-a3d2-70fc0fe8bee7}.Debug|x86.Build.0 = Debug|Win32
		{506f012d-14b4-4024-a3d2-70fc0fe8bee7}.Release|x86.ActiveCfg = Release|Win32
		{506f012d-14b4-4024-a3d2-70fc0fe8bee7}.Release|x86.Build.0 = Release|Win32
		{506f012d-14b4-4024-a3d2-70fc0fe8bee7}.Debug|x64.ActiveCfg = Debug|x64
		{506f012d-14b4-4024-a3d2-70fc0fe8bee7}.Debug|x64.Build.0 = Debug|x64
		{506f012d-14b4-4024-a3d2-70fc0fe8bee7}.Release|x64.ActiveCfg = Release|x64
		{506f012d-14b4-4024-a3d2-70fc0fe8bee7}.Release|x64.Build.0 = Release|x64
		{506f012d-14b4-4024-a3d2-70fc0fe8bee7}.Debug|ARM.ActiveCfg = Debug|Win32
		{506f012d-14b4-4024-a3d2-70fc0fe8bee7}.Release|ARM.ActiveCfg = Release|Win32
		{506f012d-14b4-4024-a3d2-70fc0fe8bee7}.Debug|ARM64.ActiveCfg = Debug|x64
		{506f012d-14b4-4024-a3d2-70fc0fe8bee7}.Debug|ARM64.Build.0 = Debug|x64
		{506f012d-14b4-4024-a3d2-70fc0fe8bee7}.Release|ARM64.ActiveCfg = Release|x64
		{506f012d-14b4-4024-a3d2-70fc0fe8bee7}.Release|ARM64.Build.0 = Release|x64
		{506f012d-14b4-4024-a3d2-70fc0fe8bee7}.Debug|ARM64EC.ActiveCfg = Debug|x64
		{506f012d-14b4-4024-a3d2-70fc0fe8bee7}.Debug|ARM64EC.Build.0 = Debug|x64
		{506f012d-14b4-4024-a3d2-70fc0fe8bee7}.Release|ARM64EC.ActiveCfg = Release|x64
		{506f012d-14b4-4024-a3d2-70fc0fe8bee7}.Release|ARM64EC.Build.0 = Release|x64
		{658933b8-56b8-4158-9a0c-300b9c4feac6}.Debug|x86.ActiveCfg = Debug|Win32
		{658933b8-56b8-4158-9a0c-300b9c4feac6}.Debug|x86.Build.0 = Debug|Win32
		{658933b8-56b8-4158-9a0c-300b9c4feac6}.Release|x86.ActiveCfg = Release|Win32
		{658933b8-56b8-4158-9a0c-300b9c4feac6}.Release|x86.Build.0 = Release|Win32
		{658933b8-56b8-4158-9a0c-300b9c4feac6}.Debug|x64.ActiveCfg = Debug|x64
		{658933b8-56b8-4158-9a0c-300b9c4feac6}.Debug|x64.Build.0 = Debug|x64
		{658933b8-56b8-4158-9a0c-300b9c4feac6}.Release|x64.ActiveCfg = Release|x64
		{658933b8-56b8-4158-9a0c-300b9c4feac6}.Release|x64.Build.0 = Release|x64
		{658933b8-56b8-4158-9a0c-300b9c4feac6}.Debug|ARM.ActiveCfg = Debug|ARM
		{658933b8-56b8-4158-9a0c-300b9c4feac6}.Debug|ARM.Build.0 = Debug|ARM
		{658933b8-56b8-4158-9a0c-300b9c4feac6}.Release|ARM.ActiveCfg = Release|ARM
		{658933b8-56b8-4158-9a0c-300b9c4feac6}.Release|ARM.Build.0 = Release|ARM
		{658933b8-56b8-4158-9a0c-300b9c4feac6}.Debug|ARM64.ActiveCfg = Debug|ARM64
		{658933b8-56b8-4158-9a0c-300b9c4feac6}.Debug|ARM64.Build.0 = Debug|ARM64
		{658933b8-56b8-4158-9a0c-300b9c4feac6}.Release|ARM64.ActiveCfg = Release|ARM64
		{658933b8-56b8-4158-9a0c-300b9c4feac6}.Release|ARM64.Build.0 = Release|ARM64
		{658933b8-56b8-4158-9a0c-300b9c4feac6}.Debug|ARM64EC.ActiveCfg = Debug|ARM64EC
		{658933b8-56b8-4158-9a0c-300b9c4feac6}.Debug|ARM64EC.Build.0 = Debug|ARM64EC
		{658933b8-56b8-4158-9a0c-300b9c4feac6}.Release|ARM64EC.ActiveCfg = Release|ARM64EC
		{658933b8-56b8-4158-9a0c-300b9c4feac6}.Release|ARM64EC.Build.0 = Release|ARM64EC
		{df9ab380-961c-4f86-88a6-ba8228ccb1c5}.Debug|x86.ActiveCfg = Debug|Win32
		{df9ab380-961c-4f86-88a6-ba8228ccb1c5}.Debug|x86.Build.0 = Debug|Win32
		{df9ab380-961c-4f86-88a6-ba8228ccb1c5}.Release|x86.ActiveCfg = Release|Win32
		{df9ab380-961c-4f86-88a6-ba8228ccb1c5}.Release|x86.Build.0 = Release|Win32
		{df9ab380-961c-4f86-88a6-ba8228ccb1c5}.Debug|x64.ActiveCfg = Debug|x64
		{df9ab380-961c-4f86-88a6-ba8228ccb1c5}.Debug|x64.Build.0 = Debug|x64
		{df9ab380-961c-4f86-88a6-ba8228ccb1c5}.Release|x64.ActiveCfg = Release|x64
		{df9ab380-961c-4f86-88a6-ba8228ccb1c5}.Release|x64.Build.0 = Release|x64
		{df9ab380-961c-4f86-88a6-ba8228ccb1c5}.Debug|ARM.ActiveCfg = Debug|ARM
		{df9ab380-961c-4f86-88a6-ba8228ccb1c5}.Debug|ARM.Build.0 = Debug|ARM
		{df9ab380-961c-4f86-88a6-ba8228ccb1c5}.Release|ARM.ActiveCfg = Release|ARM
		{df9ab380-961c-4f86-88a6-ba8228ccb1c5}.Release|ARM.Build.0 = Release|ARM
		{df9ab380-961c-4f86-88a6-ba8228ccb1c5}.Debug|ARM64.ActiveCfg = Debug|ARM64
		{df9ab380-961c-4f86-88a6-ba8228ccb1c5}.Debug|ARM64.Build.0 = Debug|ARM64
		{df9ab380-961c-4f86-88a6-ba8228ccb1c5}.Release|ARM64.ActiveCfg = Release|ARM64
		{df9ab380-961c-4f86-88a6-ba8228ccb1c5}.Release|ARM64.Build.0 = Release|ARM64
		{df9ab380-961c-4f86-88a6-ba8228ccb1c5}.Debug|ARM64EC.ActiveCfg = Debug|ARM64EC
		{df9ab380-961c-4f86-88a6-ba8228ccb1c5}.Debug|ARM64EC.Build.0 = Debug|ARM64EC
		{df9ab380-961c-4f86-88a6-ba8228ccb1c5}.Release|ARM64EC.ActiveCfg = Release|ARM64EC
		{df9ab380-961c-4f86-88a6-ba8228ccb1c5}.Release|ARM64EC.Build.0 = Release|ARM64EC
		{cc790e7f-aa98-4255-9e19-55f2c9f0ff15}.Debug|x86.ActiveCfg = Debug|Win32
		{cc790e7f-aa98-4255-9e19-55f2c9f0ff15}.Debug|x86.Build.0 = Debug|Win32
		{cc790e7f-aa98-4255-9e19-55f2c9f0ff15}.Release|x86.ActiveCfg = Release|Win32
		{cc790e7f-aa98-4255-9e19-55f2c9f0ff15}.Release|x86.Build.0 = Release|Win32
		{cc790e7f-aa98-4255-9e19-55f2c9f0ff15}.Debug|x64.ActiveCfg = Debug|x64
		{cc790e7f-aa98-4255-9e19-55f2c9f0ff15}.Debug|x64.Build.0 = Debug|x64
		{cc790e7f-aa98-4255-9e19-55f2c9f0ff15}.Release|x64.ActiveCfg = Release|x64
		{cc790e7f-aa98-4255-9e19-55f2c9f0ff15}.Release|x64.Build.0 = Release|x64
		{cc790e7f-aa98-4255-9e19-55f2c9f0ff15}.Debug|ARM.ActiveCfg = Debug|ARM
		{cc790e7f-aa98-4255-9e19-55f2c9f0ff15}.Debug|ARM.Build.0 = Debug|ARM
		{cc790e7f-aa98-4255-9e19-55f2c9f0ff15}.Release|ARM.ActiveCfg = Release|ARM
		{cc790e7f-aa98-4255-9e19-55f2c9f0ff15}.Release|ARM.Build.0 = Release|ARM
		{cc790e7f-aa98-4255-9e19-55f2c9f0ff15}.Debug|ARM64.ActiveCfg = Debug|ARM64
		{cc790e7f-aa98-4255-9e19-55f2c9f0ff15}.Debug|ARM64.Build.0 = Debug|ARM64
		{cc790e7f-aa98-4255-9e19-55f2c9f0ff15}.Release|ARM64.ActiveCfg = Release|ARM64
		{cc790e7f-aa98-4255-9e19-55f2c9f0ff15}.Release|ARM64.Build.0 = Release|ARM64
		{cc790e7f-aa98-4255-9e19-55f2c9f0ff15}.Debug|ARM64EC.ActiveCfg = Debug|ARM64EC
		{cc790e7f-aa98-4255-9e19-55f2c9f0ff15}.Debug|ARM64EC.Build.0 = Debug|ARM64EC
		{cc790e7f-aa98-4255-9e19-55f2c9f0ff15}.Release|ARM64EC.ActiveCfg = Release|ARM64EC
		{cc790e7f-aa98-4255-9e19-55f2c9f0ff15}.Release|ARM64EC.Build.0 = Release|ARM64EC
		{8bfe218e-41a7-4973-9140-4fa391c26eeb}.Debug|x86.ActiveCfg = Debug|Win32
		{8bfe218e-41a7-4973-9140-4fa391c26eeb}.Debug|x86.Build.0 = Debug|Win32
		{8bfe218e-41a7-4973-9140-4fa391c26eeb}.Release|x86.ActiveCfg = Release|Win32
		{8bfe218e-41a7-4973-9140-4fa391c26eeb}.Release|x86.Build.0 = Release|Win32
		{8bfe218e-41a7-4973-9140-4fa391c26eeb}.Debug|x64.ActiveCfg = Debug|x64
		{8bfe218e-41a7-4973-9140-4fa391c26eeb}.Debug|x64.Build.0 = Debug|x64
		{8bfe218e-41a7-4973-9140-4fa391c26eeb}.Release|x64.ActiveCfg = Release|x64
		{8bfe218e-41a7-4973-9140-4fa391c26eeb}.Release|x64.Build.0 = Release|x64
		{8bfe218e-41a7-4973-9140-4fa391c26eeb}.Debug|ARM.ActiveCfg = Debug|ARM
		{8bfe218e-41a7-4973-9140-4fa391c26eeb}.Debug|ARM.Build.0 = Debug|ARM
		{8bfe218e-41a7-4973-9140-4fa391c26eeb}.Release|ARM.ActiveCfg = Release|ARM
		{8bfe218e-41a7-4973-9140-4fa391c26eeb}.Release|ARM.Build.0 = Release|ARM
		{8bfe218e-41a7-4973-9140-4fa391c26eeb}.Debug|ARM64.ActiveCfg = Debug|ARM64
		{8bfe218e-41a7-4973-9140-4fa391c26eeb}.Debug|ARM64.Build.0 = Debug|ARM64
		{8bfe218e-41a7-4973-9140-4fa391c26eeb}.Release|ARM64.ActiveCfg = Release|ARM64
		{8bfe218e-41a7-4973-9140-4fa391c26eeb}.Release|ARM64.Build.0 = Release|ARM64
		{8bfe218e-41a7-4973-9140-4fa391c26eeb}.Debug|ARM64EC.ActiveCfg = Debug|ARM64EC
		{8bfe218e-41a7-4973-9140-4fa391c26eeb}.Debug|ARM64EC.Build.0 = Debug|ARM64EC
		{8bfe218e-41a7-4973-9140-4fa391c26eeb}.Release|ARM64EC.ActiveCfg = Release|ARM64EC
		{8bfe218e-41a7-4973-9140-4fa391c26eeb}.Release|ARM64EC.Build.0 = Release|ARM64EC
		{fbcf45f1-cf7a-42a0-8e4f-952a78381e66}.Debug|x86.ActiveCfg = Debug|Win32
		{fbcf45f1-cf7a-42a0-8e4f-952a78381e66}.Debug|x86.Build.0 = Debug|Win32
		{fbcf45f1-cf7a-42a0-8e4f-952a78381e66}.Release|x86.ActiveCfg = Release|Win32
		{fbcf45f1-cf7a-42a0-8e4f-952a78381e66}.Release|x86.Build.0 = Release|Win32
		{fbcf45f1-cf7a-42a0-8e4f-952a78381e66}.Debug|x64.ActiveCfg = Debug|x64
		{fbcf45f1-cf7a-42a0-8e4f-952a78381e66}.Debug|x64.Build.0 = Debug|x64
		{fbcf45f1-cf7a-42a0-8e4f-952a78381e66}.Release|x64.ActiveCfg = Release|x64
		{fbcf45f1-cf7a-42a0-8e4f-952a78381e66}.Release|x64.Build.0 = Release|x64
		{fbcf45f1-cf7a-42a0-8e4f-952a78381e66}.Debug|ARM.ActiveCfg = Debug|ARM
		{fbcf45f1-cf7a-42a0-8e4f-952a78381e66}.Debug|ARM.Build.0 = Debug|ARM
		{fbcf45f1-cf7a-42a0-8e4f-952a78381e66}.Release|ARM.ActiveCfg = Release|ARM
		{fbcf45f1-cf7a-42a0-8e4f-952a78381e66}.Release|ARM.Build.0 = Release|ARM
		{fbcf45f1-cf7a-42a0-8e4f-952a78381e66}.Debug|ARM64.ActiveCfg = Debug|ARM64
		{fbcf45f1-cf7a-42a0-8e4f-952a78381e66}.Debug|ARM64.Build.0 = Debug|ARM64
		{fbcf45f1-cf7a-42a0-8e4f-952a78381e66}.Release|ARM64.ActiveCfg = Release|ARM64
		{fbcf45f1-cf7a-42a0-8e4f-952a78381e66}.Release|ARM64.Build.0 = Release|ARM64
		{fbcf45f1-cf7a-42a0-8e4f-952a78381e66}.Debug|ARM64EC.ActiveCfg = Debug|ARM64EC
		{fbcf45f1-cf7a-42a0-8e4f-952a78381e66}.Debug|ARM64EC.Build.0 = Debug|ARM64EC
		{fbcf45f1-cf7a-42a0-8e4f-952a78381e66}.Release|ARM64EC.ActiveCfg = Release|ARM64EC
		{fbcf45f1-cf7a-42a0-8e4f-952a78381e66}.Release|ARM64EC.Build.0 = Release|ARM64EC
		{6aa73750-b615-4361-9fdf-e0a82b7148ae}.Debug|x86.ActiveCfg = Debug|Win32
		{6aa73750-b615-4361-9fdf-e0a82b7148ae}.Debug|x86.Build.0 = Debug|Win32
		{6aa73750-b615-4361-9fdf-e0a82b7148ae}.Release|x86.ActiveCfg = Release|Win32
		{6aa73750-b615-4361-9fdf-e0a82b7148ae}.Release|x86.Build.0 = Release|Win32
		{6aa73750-b615-4361-9fdf-e0a82b7148ae}.Debug|x64.ActiveCfg = Debug|x64
		{6aa73750-b615-4361-9fdf-e0a82b7148ae}.Debug|x64.Build.0 = Debug|x64
		{6aa73750-b615-4361-9fdf-e0a82b7148ae}.Release|x64.ActiveCfg = Release|x64
		{6aa73750-b615-4361-9fdf-e0a82b7148ae}.Release|x64.Build.0 = Release|x64
		{6aa73750-b615-4361-9fdf-e0a82b7148ae}.Debug|ARM.ActiveCfg = Debug|ARM
		{6aa73750-b615-4361-9fdf-e0a82b7148ae}.Debug|ARM.Build.0 = Debug|ARM
		{6aa73750-b615-4361-9fdf-e0a82b7148ae}.Release|ARM.ActiveCfg = Release|ARM
		{6aa73750-b615-4361-9fdf-e0a82b7148ae}.Release|ARM.Build.0 = Release|ARM
		{6aa73750-b615-4361-9fdf-e0a82b7148ae}.Debug|ARM64.ActiveCfg = Debug|ARM64
		{6aa73750-b615-4361-9fdf-e0a82b7148ae}.Debug|ARM64.Build.0 = Debug|ARM64
		{6aa73750-b615-4361-9fdf-e0a82b7148ae}.Release|ARM64.ActiveCfg = Release|ARM64
		{6aa73750-b615-4361-9fdf-e0a82b7148ae}.Release|ARM64.Build.0 = Release|ARM64
		{6aa73750-b615-4361-9fdf-e0a82b7148ae}.Debug|ARM64EC.ActiveCfg = Debug|ARM64EC
		{6aa73750-b615-4361-9fdf-e0a82b7148ae}.Debug|ARM64EC.Build.0 = Debug|ARM64EC
		{6aa73750-b615-4361-9fdf-e0a82b7148ae}.Release|ARM64EC.ActiveCfg = Release|ARM64EC
		{6aa73750-b615-4361-9fdf-e0a82b7148ae}.Release|ARM64EC.Build.0 = Release|ARM64EC
		{d373cec0-6b32-4ea2-b320-d05e72116855}.Debug|x86.ActiveCfg = Debug|Win32
		{d373cec0-6b32-4ea2-b320-d05e72116855}.Debug|x86.Build.0 = Debug|Win32
		{d373cec0-6b32-4ea2-b320-d05e72116855}.Release|x86.ActiveCfg = Release|Win32
		{d373cec0-6b32-4ea2-b320-d05e72116855}.Release|x86.Build.0 = Release|Win32
		{d373cec0-6b32-4ea2-b320-d05e72116855}.Debug|x64.ActiveCfg = Debug|x64
		{d373cec0-6b32-4ea2-b320-d05e72116855}.Debug|x64.Build.0 = Debug|x64
		{d373cec0-6b32-4ea2-b320-d05e72116855}.Release|x64.ActiveCfg = Release|x64
		{d373cec0-6b32-4ea2-b320-d05e72116855}.Release|x64.Build.0 = Release|x64
		{d373cec0-6b32-4ea2-b320-d05e72116855}.Debug|ARM.ActiveCfg = Debug|ARM
		{d373cec0-6b32-4ea2-b320-d05e72116855}.Debug|ARM.Build.0 = Debug|ARM
		{d373cec0-6b32-4ea2-b320-d05e72116855}.Release|ARM.ActiveCfg = Release|ARM
		{d373cec0-6b32-4ea2-b320-d05e72116855}.Release|ARM.Build.0 = Release|ARM
		{d373cec0-6b32-4ea2-b320-d05e72116855}.Debug|ARM64.ActiveCfg = Debug|ARM64
		{d373cec0-6b32-4ea2-b320-d05e72116855}.Debug|ARM64.Build.0 = Debug|ARM64
		{d373cec0-6b32-4ea2-b320-d05e72116855}.Release|ARM64.ActiveCfg = Release|ARM64
		{d373cec0-6b32-4ea2-b320-d05e72116855}.Release|ARM64.Build.0 = Release|ARM64
		{d373cec0-6b32-4ea2-b320-d05e72116855}.Debug|ARM64EC.ActiveCfg = Debug|ARM64EC
		{d373cec0-6b32-4ea2-b320-d05e72116855}.Debug|ARM64EC.Build.0 = Debug|ARM64EC
		{d373cec0-6b32-4ea2-b320-d05e72116855}.Release|ARM64EC.ActiveCfg = Release|ARM64EC
		{d373cec0-6b32-4ea2-b320-d05e72116855}.Release|ARM64EC.Build.0 = Release|ARM64EC
		{c44def45-a5d4-460c-8aa4-2aad83de189e}.Debug|x86.ActiveCfg = Debug|Win32
		{c44def45-a5d4-460c-8aa4-2aad83de189e}.Debug|x86.Build.0 = Debug|Win32
		{c44def45-a5d4-460c-8aa4-2aad83de189e}.Release|x86.ActiveCfg = Release|Win32
		{c44def45-a5d4-460c-8aa4-2aad83de189e}.Release|x86.Build.0 = Release|Win32
		{c44def45-a5d4-460c-8aa4-2aad83de189e}.Debug|x64.ActiveCfg = Debug|x64
		{c44def45-a5d4-460c-8aa4-2aad83de189e}.Debug|x64.Build.0 = Debug|x64
		{c44def45-a5d4-460c-8aa4-2aad83de189e}.Release|x64.ActiveCfg = Release|x64
		{c44def45-a5d4-460c-8aa4-2aad83de189e}.Release|x64.Build.0 = Release|x64
		{c44def45-a5d4-460c-8aa4-2aad83de189e}.Debug|ARM.ActiveCfg = Debug|ARM
		{c44def45-a5d4-460c-8aa4-2aad83de189e}.Debug|ARM.Build.0 = Debug|ARM
		{c44def45-a5d4-460c-8aa4-2aad83de189e}.Release|ARM.ActiveCfg = Release|ARM
		{c44def45-a5d4-460c-8aa4-2aad83de189e}.Release|ARM.Build.0 = Release|ARM
		{c44def45-a5d4-460c-8aa4-2aad83de189e}.Debug|ARM64.ActiveCfg = Debug|ARM64
		{c44def45-a5d4-460c-8aa4-2aad83de189e}.Debug|ARM64.Build.0 = Debug|ARM64
		{c44def45-a5d4-460c-8aa4-2aad83de189e}.Release|ARM64.ActiveCfg = Release|ARM64
		{c44def45-a5d4-460c-8aa4-2aad83de189e}.Release|ARM64.Build.0 = Release|ARM64
		{c44def45-a5d4-460c-8aa4-2aad83de189e}.Debug|ARM64EC.ActiveCfg = Debug|ARM64EC
		{c44def45-a5d4-460c-8aa4-2aad83de189e}.Debug|ARM64EC.Build.0 = Debug|ARM64EC
		{c44def45-a5d4-460c-8aa4-2aad83de189e}.Release|ARM64EC.ActiveCfg = Release|ARM64EC
		{c44def45-a5d4-460c-8aa4-2aad83de189e}.Release|ARM64EC.Build.0 = Release|ARM64EC
		{a1cbb4a8-c1ba-40dd-8772-26844c6b7c59}.Debug|x86.ActiveCfg = Debug|Win32
		{a1cbb4a8-c1ba-40dd-8772-26844c6b7c59}.Debug|x86.Build.0 = Debug|Win32
		{a1cbb4a8-c1ba-40dd-8772-26844c6b7c59}.Release|x86.ActiveCfg = Release|Win32
		{a1cbb4a8-c1ba-40dd-8772-26844c6b7c59}.Release|x86.Build.0 = Release|Win32
		{a1cbb4a8-c1ba-40dd-8772-26844c6b7c59}.Debug|x64.ActiveCfg = Debug|x64
		{a1cbb4a8-c1ba-40dd-8772-26844c6b7c59}.Debug|x64.Build.0 = Debug|x64
		{a1cbb4a8-c1ba-40dd-8772-26844c6b7c59}.Release|x64.ActiveCfg = Release|x64
		{a1cbb4a8-c1ba-40dd-8772-26844c6b7c59}.Release|x64.Build.0 = Release|x64
		{a1cbb4a8-c1ba-40dd-8772-26844c6b7c59}.Debug|ARM.ActiveCfg = Debug|ARM
		{a1cbb4a8-c1ba-40dd-8772-26844c6b7c59}.Debug|ARM.Build.0 = Debug|ARM
		{a1cbb4a8-c1ba-40dd-8772-26844c6b7c59}.Release|ARM.ActiveCfg = Release|ARM
		{a1cbb4a8-c1ba-40dd-8772-26844c6b7c59}.Release|ARM.Build.0 = Release|ARM
		{a1cbb4a8-c1ba-40dd-8772-26844c6b7c59}.Debug|ARM64.ActiveCfg = Debug|ARM64
		{a1cbb4a8-c1ba-40dd-8772-26844c6b7c59}.Debug|ARM64.Build.0 = Debug|ARM64
		{a1cbb4a8-c1ba-40dd-8772-26844c6b7c59}.Release|ARM64.ActiveCfg = Release|ARM64
		{a1cbb4a8-c1ba-40dd-8772-26844c6b7c59}.Release|ARM64.Build.0 = Release|ARM64
		{a1cbb4a8-c1ba-40dd-8772-26844c6b7c59}.Debug|ARM64EC.ActiveCfg = Debug|ARM64EC
		{a1cbb4a8-c1ba-40dd-8772-26844c6b7c59}.Debug|ARM64EC.Build.0 = Debug|ARM64EC
		{a1cbb4a8-c1ba-40dd-8772-26844c6b7c59}.Release|ARM64EC.ActiveCfg = Release|ARM64EC
		{a1cbb4a8-c1ba-40dd-8772-26844c6b7c59}.Release|ARM64EC.Build.0 = Release|ARM64EC
	EndGlobalSection
	GlobalSection(SolutionProperties) = preSolution
		HideSolutionNode = FALSE
	EndGlobalSection
	GlobalSection(ExtensibilityGlobals) = postSolution
		SolutionGuid = {9a52df53-847e-49bd-a034-81bcd4d67b62}
	EndGlobalSection
EndGlobal
