Microsoft Visual Studio Solution File, Format Version 12.00
# Visual Studio Version 17
VisualStudioVersion = 17.4.33213.308
MinimumVisualStudioVersion = 10.0.40219.1
Project("{8bc9ceb8-8b4a-11d0-8d11-00a0c91bc942}") = "mk_clib_slib", "mk_clib_slib\mk_clib_slib.vcxproj", "{daee6d32-db72-46dc-9a17-b38426c518f3}"
EndProject
Project("{8bc9ceb8-8b4a-11d0-8d11-00a0c91bc942}") = "mkcf", "mkcf\mkcf.vcxproj", "{506f012d-14b4-4024-a3d2-70fc0fe8bee7}"
	ProjectSection(ProjectDependencies) = postProject
		{daee6d32-db72-46dc-9a17-b38426c518f3} = {daee6d32-db72-46dc-9a17-b38426c518f3}
	EndProjectSection
EndProject
Project("{8bc9ceb8-8b4a-11d0-8d11-00a0c91bc942}") = "mkcfct", "mkcfct\mkcfct.vcxproj", "{658933b8-56b8-4158-9a0c-300b9c4feac6}"
	ProjectSection(ProjectDependencies) = postProject
		{daee6d32-db72-46dc-9a17-b38426c518f3} = {daee6d32-db72-46dc-9a17-b38426c518f3}
	EndProjectSection
EndProject
Project("{8bc9ceb8-8b4a-11d0-8d11-00a0c91bc942}") = "mkcflt", "mkcflt\mkcflt.vcxproj", "{df9ab380-961c-4f86-88a6-ba8228ccb1c5}"
	ProjectSection(ProjectDependencies) = postProject
		{daee6d32-db72-46dc-9a17-b38426c518f3} = {daee6d32-db72-46dc-9a17-b38426c518f3}
	EndProjectSection
EndProject
Project("{8bc9ceb8-8b4a-11d0-8d11-00a0c91bc942}") = "mkci", "mkci\mkci.vcxproj", "{cc790e7f-aa98-4255-9e19-55f2c9f0ff15}"
	ProjectSection(ProjectDependencies) = postProject
		{daee6d32-db72-46dc-9a17-b38426c518f3} = {daee6d32-db72-46dc-9a17-b38426c518f3}
	EndProjectSection
EndProject
Project("{8bc9ceb8-8b4a-11d0-8d11-00a0c91bc942}") = "mkct", "mkct\mkct.vcxproj", "{8bfe218e-41a7-4973-9140-4fa391c26eeb}"
	ProjectSection(ProjectDependencies) = postProject
		{daee6d32-db72-46dc-9a17-b38426c518f3} = {daee6d32-db72-46dc-9a17-b38426c518f3}
	EndProjectSection
EndProject
Project("{8bc9ceb8-8b4a-11d0-8d11-00a0c91bc942}") = "mkcc", "mkcc\mkcc.vcxproj", "{fbcf45f1-cf7a-42a0-8e4f-952a78381e66}"
	ProjectSection(ProjectDependencies) = postProject
		{daee6d32-db72-46dc-9a17-b38426c518f3} = {daee6d32-db72-46dc-9a17-b38426c518f3}
	EndProjectSection
EndProject
Global
	GlobalSection(SolutionConfigurationPlatforms) = preSolution
		Debug|x86 = Debug|x86
		Release|x86 = Release|x86
		Debug|x64 = Debug|x64
		Release|x64 = Release|x64
	EndGlobalSection
	GlobalSection(ProjectConfigurationPlatforms) = postSolution
		{daee6d32-db72-46dc-9a17-b38426c518f3}.Debug|x86.ActiveCfg = Debug|Win32
		{daee6d32-db72-46dc-9a17-b38426c518f3}.Debug|x86.Build.0 = Debug|Win32
		{daee6d32-db72-46dc-9a17-b38426c518f3}.Release|x86.ActiveCfg = Release|Win32
		{daee6d32-db72-46dc-9a17-b38426c518f3}.Release|x86.Build.0 = Release|Win32
		{daee6d32-db72-46dc-9a17-b38426c518f3}.Debug|x64.ActiveCfg = Debug|x64
		{daee6d32-db72-46dc-9a17-b38426c518f3}.Debug|x64.Build.0 = Debug|x64
		{daee6d32-db72-46dc-9a17-b38426c518f3}.Release|x64.ActiveCfg = Release|x64
		{daee6d32-db72-46dc-9a17-b38426c518f3}.Release|x64.Build.0 = Release|x64
		{506f012d-14b4-4024-a3d2-70fc0fe8bee7}.Debug|x86.ActiveCfg = Debug|Win32
		{506f012d-14b4-4024-a3d2-70fc0fe8bee7}.Debug|x86.Build.0 = Debug|Win32
		{506f012d-14b4-4024-a3d2-70fc0fe8bee7}.Release|x86.ActiveCfg = Release|Win32
		{506f012d-14b4-4024-a3d2-70fc0fe8bee7}.Release|x86.Build.0 = Release|Win32
		{506f012d-14b4-4024-a3d2-70fc0fe8bee7}.Debug|x64.ActiveCfg = Debug|x64
		{506f012d-14b4-4024-a3d2-70fc0fe8bee7}.Debug|x64.Build.0 = Debug|x64
		{506f012d-14b4-4024-a3d2-70fc0fe8bee7}.Release|x64.ActiveCfg = Release|x64
		{506f012d-14b4-4024-a3d2-70fc0fe8bee7}.Release|x64.Build.0 = Release|x64
		{658933b8-56b8-4158-9a0c-300b9c4feac6}.Debug|x86.ActiveCfg = Debug|Win32
		{658933b8-56b8-4158-9a0c-300b9c4feac6}.Debug|x86.Build.0 = Debug|Win32
		{658933b8-56b8-4158-9a0c-300b9c4feac6}.Release|x86.ActiveCfg = Release|Win32
		{658933b8-56b8-4158-9a0c-300b9c4feac6}.Release|x86.Build.0 = Release|Win32
		{658933b8-56b8-4158-9a0c-300b9c4feac6}.Debug|x64.ActiveCfg = Debug|x64
		{658933b8-56b8-4158-9a0c-300b9c4feac6}.Debug|x64.Build.0 = Debug|x64
		{658933b8-56b8-4158-9a0c-300b9c4feac6}.Release|x64.ActiveCfg = Release|x64
		{658933b8-56b8-4158-9a0c-300b9c4feac6}.Release|x64.Build.0 = Release|x64
		{df9ab380-961c-4f86-88a6-ba8228ccb1c5}.Debug|x86.ActiveCfg = Debug|Win32
		{df9ab380-961c-4f86-88a6-ba8228ccb1c5}.Debug|x86.Build.0 = Debug|Win32
		{df9ab380-961c-4f86-88a6-ba8228ccb1c5}.Release|x86.ActiveCfg = Release|Win32
		{df9ab380-961c-4f86-88a6-ba8228ccb1c5}.Release|x86.Build.0 = Release|Win32
		{df9ab380-961c-4f86-88a6-ba8228ccb1c5}.Debug|x64.ActiveCfg = Debug|x64
		{df9ab380-961c-4f86-88a6-ba8228ccb1c5}.Debug|x64.Build.0 = Debug|x64
		{df9ab380-961c-4f86-88a6-ba8228ccb1c5}.Release|x64.ActiveCfg = Release|x64
		{df9ab380-961c-4f86-88a6-ba8228ccb1c5}.Release|x64.Build.0 = Release|x64
		{cc790e7f-aa98-4255-9e19-55f2c9f0ff15}.Debug|x86.ActiveCfg = Debug|Win32
		{cc790e7f-aa98-4255-9e19-55f2c9f0ff15}.Debug|x86.Build.0 = Debug|Win32
		{cc790e7f-aa98-4255-9e19-55f2c9f0ff15}.Release|x86.ActiveCfg = Release|Win32
		{cc790e7f-aa98-4255-9e19-55f2c9f0ff15}.Release|x86.Build.0 = Release|Win32
		{cc790e7f-aa98-4255-9e19-55f2c9f0ff15}.Debug|x64.ActiveCfg = Debug|x64
		{cc790e7f-aa98-4255-9e19-55f2c9f0ff15}.Debug|x64.Build.0 = Debug|x64
		{cc790e7f-aa98-4255-9e19-55f2c9f0ff15}.Release|x64.ActiveCfg = Release|x64
		{cc790e7f-aa98-4255-9e19-55f2c9f0ff15}.Release|x64.Build.0 = Release|x64
		{8bfe218e-41a7-4973-9140-4fa391c26eeb}.Debug|x86.ActiveCfg = Debug|Win32
		{8bfe218e-41a7-4973-9140-4fa391c26eeb}.Debug|x86.Build.0 = Debug|Win32
		{8bfe218e-41a7-4973-9140-4fa391c26eeb}.Release|x86.ActiveCfg = Release|Win32
		{8bfe218e-41a7-4973-9140-4fa391c26eeb}.Release|x86.Build.0 = Release|Win32
		{8bfe218e-41a7-4973-9140-4fa391c26eeb}.Debug|x64.ActiveCfg = Debug|x64
		{8bfe218e-41a7-4973-9140-4fa391c26eeb}.Debug|x64.Build.0 = Debug|x64
		{8bfe218e-41a7-4973-9140-4fa391c26eeb}.Release|x64.ActiveCfg = Release|x64
		{8bfe218e-41a7-4973-9140-4fa391c26eeb}.Release|x64.Build.0 = Release|x64
		{fbcf45f1-cf7a-42a0-8e4f-952a78381e66}.Debug|x86.ActiveCfg = Debug|Win32
		{fbcf45f1-cf7a-42a0-8e4f-952a78381e66}.Debug|x86.Build.0 = Debug|Win32
		{fbcf45f1-cf7a-42a0-8e4f-952a78381e66}.Release|x86.ActiveCfg = Release|Win32
		{fbcf45f1-cf7a-42a0-8e4f-952a78381e66}.Release|x86.Build.0 = Release|Win32
		{fbcf45f1-cf7a-42a0-8e4f-952a78381e66}.Debug|x64.ActiveCfg = Debug|x64
		{fbcf45f1-cf7a-42a0-8e4f-952a78381e66}.Debug|x64.Build.0 = Debug|x64
		{fbcf45f1-cf7a-42a0-8e4f-952a78381e66}.Release|x64.ActiveCfg = Release|x64
		{fbcf45f1-cf7a-42a0-8e4f-952a78381e66}.Release|x64.Build.0 = Release|x64
	EndGlobalSection
	GlobalSection(SolutionProperties) = preSolution
		HideSolutionNode = FALSE
	EndGlobalSection
	GlobalSection(ExtensibilityGlobals) = postSolution
		SolutionGuid = {9a52df53-847e-49bd-a034-81bcd4d67b62}
	EndGlobalSection
EndGlobal
