<?xml version="1.0" encoding="utf-8"?>
<Project ToolsVersion="4.0" xmlns="http://schemas.microsoft.com/developer/msbuild/2003">
	<ItemGroup>
		<Filter Include="src">
			<UniqueIdentifier>{f599b1e7-10d7-41e0-b8b7-afa450513e4b}</UniqueIdentifier>
		</Filter>
	</ItemGroup>
	<ItemGroup>
		<None Include="$(MSBuildThisFileDirectory)..\..\..\src\.editorconfig"><Filter>src</Filter></None>
		<None Include="$(MSBuildThisFileDirectory)..\..\..\src\.gitignore"><Filter>src</Filter></None>
		<None Include="$(MSBuildThisFileDirectory)..\..\..\src\license.txt"><Filter>src</Filter></None>
		<None Include="$(MSBuildThisFileDirectory)..\..\..\src\mk_clib_tool_m4.bat"><Filter>src</Filter></None>
	</ItemGroup>
	<ItemGroup>
		<ClInclude Include="$(MSBuildThisFileDirectory)..\..\..\src\mk_lang_arch.h"><Filter>src</Filter></ClInclude>
		<ClInclude Include="$(MSBuildThisFileDirectory)..\..\..\src\mk_lang_builtin.h"><Filter>src</Filter></ClInclude>
		<ClInclude Include="$(MSBuildThisFileDirectory)..\..\..\src\mk_lang_charbit.h"><Filter>src</Filter></ClInclude>
		<ClInclude Include="$(MSBuildThisFileDirectory)..\..\..\src\mk_lang_compiler.h"><Filter>src</Filter></ClInclude>
		<ClInclude Include="$(MSBuildThisFileDirectory)..\..\..\src\mk_lang_concat.h"><Filter>src</Filter></ClInclude>
		<ClInclude Include="$(MSBuildThisFileDirectory)..\..\..\src\mk_lang_encoding.h"><Filter>src</Filter></ClInclude>
		<ClInclude Include="$(MSBuildThisFileDirectory)..\..\..\src\mk_lang_endian.h"><Filter>src</Filter></ClInclude>
		<ClInclude Include="$(MSBuildThisFileDirectory)..\..\..\src\mk_lang_likely.h"><Filter>src</Filter></ClInclude>
		<ClInclude Include="$(MSBuildThisFileDirectory)..\..\..\src\mk_lang_max.h"><Filter>src</Filter></ClInclude>
		<ClInclude Include="$(MSBuildThisFileDirectory)..\..\..\src\mk_lang_min.h"><Filter>src</Filter></ClInclude>
		<ClInclude Include="$(MSBuildThisFileDirectory)..\..\..\src\mk_lang_msvc.h"><Filter>src</Filter></ClInclude>
		<ClInclude Include="$(MSBuildThisFileDirectory)..\..\..\src\mk_lang_offsetof.h"><Filter>src</Filter></ClInclude>
		<ClInclude Include="$(MSBuildThisFileDirectory)..\..\..\src\mk_lang_platform.h"><Filter>src</Filter></ClInclude>
		<ClInclude Include="$(MSBuildThisFileDirectory)..\..\..\src\mk_lang_pow.h"><Filter>src</Filter></ClInclude>
		<ClInclude Include="$(MSBuildThisFileDirectory)..\..\..\src\mk_lang_pow2.h"><Filter>src</Filter></ClInclude>
		<ClInclude Include="$(MSBuildThisFileDirectory)..\..\..\src\mk_lang_str_style.h"><Filter>src</Filter></ClInclude>
		<ClInclude Include="$(MSBuildThisFileDirectory)..\..\..\src\mk_lang_stringify.h"><Filter>src</Filter></ClInclude>
		<ClInclude Include="$(MSBuildThisFileDirectory)..\..\..\src\mk_lang_version.h"><Filter>src</Filter></ClInclude>
		<ClInclude Include="$(MSBuildThisFileDirectory)..\..\..\src\mk_lang_warning_clang_pop.h"><Filter>src</Filter></ClInclude>
		<ClInclude Include="$(MSBuildThisFileDirectory)..\..\..\src\mk_lang_warning_clang_push_float_equal.h"><Filter>src</Filter></ClInclude>
		<ClInclude Include="$(MSBuildThisFileDirectory)..\..\..\src\mk_lang_warning_clang_push_tautological_unsigned_zero_compare.h.h"><Filter>src</Filter></ClInclude>
		<ClInclude Include="$(MSBuildThisFileDirectory)..\..\..\src\mk_lang_warning_clang_push_unused_function.h"><Filter>src</Filter></ClInclude>
		<ClInclude Include="$(MSBuildThisFileDirectory)..\..\..\src\mk_lang_warning_gcc_pop.h"><Filter>src</Filter></ClInclude>
		<ClInclude Include="$(MSBuildThisFileDirectory)..\..\..\src\mk_lang_warning_gcc_push_type_limits.h"><Filter>src</Filter></ClInclude>
		<ClInclude Include="$(MSBuildThisFileDirectory)..\..\..\src\mk_lang_warning_gcc_push_unused_function.h"><Filter>src</Filter></ClInclude>
		<ClInclude Include="$(MSBuildThisFileDirectory)..\..\..\src\mk_lang_warning_msvc_pop.h"><Filter>src</Filter></ClInclude>
		<ClInclude Include="$(MSBuildThisFileDirectory)..\..\..\src\mk_lang_warning_msvc_push_c4127.h"><Filter>src</Filter></ClInclude>
		<ClInclude Include="$(MSBuildThisFileDirectory)..\..\..\src\mk_lang_warning_msvc_push_c4296.h"><Filter>src</Filter></ClInclude>
		<ClInclude Include="$(MSBuildThisFileDirectory)..\..\..\src\mk_lang_warning_msvc_push_c4505.h"><Filter>src</Filter></ClInclude>
		<ClInclude Include="$(MSBuildThisFileDirectory)..\..\..\src\mk_lang_warning_msvc_push_c4514.h"><Filter>src</Filter></ClInclude>
		<ClInclude Include="$(MSBuildThisFileDirectory)..\..\..\src\mk_lang_warning_msvc_push_c4702.h"><Filter>src</Filter></ClInclude>
		<ClInclude Include="$(MSBuildThisFileDirectory)..\..\..\src\mk_lang_warning_msvc_push_c4710.h"><Filter>src</Filter></ClInclude>
		<ClInclude Include="$(MSBuildThisFileDirectory)..\..\..\src\mk_lang_warning_msvc_push_c4746.h"><Filter>src</Filter></ClInclude>
		<ClInclude Include="$(MSBuildThisFileDirectory)..\..\..\src\mk_lang_warning_msvc_push_c4820.h"><Filter>src</Filter></ClInclude>
		<ClInclude Include="$(MSBuildThisFileDirectory)..\..\..\src\mk_lang_warning_msvc_push_c4826.h"><Filter>src</Filter></ClInclude>
		<ClInclude Include="$(MSBuildThisFileDirectory)..\..\..\src\mk_lang_warning_msvc_push_c5031.h"><Filter>src</Filter></ClInclude>
		<ClInclude Include="$(MSBuildThisFileDirectory)..\..\..\src\mk_lang_warning_msvc_push_c5045.h"><Filter>src</Filter></ClInclude>
		<ClInclude Include="$(MSBuildThisFileDirectory)..\..\..\src\mk_lang_wchar.h"><Filter>src</Filter></ClInclude>
	</ItemGroup>
	<ItemGroup>
		<ClInclude Include="$(MSBuildThisFileDirectory)..\..\..\src\mk_lang_alignas.h"><Filter>src</Filter></ClInclude>
		<ClInclude Include="$(MSBuildThisFileDirectory)..\..\..\src\mk_lang_bitness.h"><Filter>src</Filter></ClInclude>
		<ClInclude Include="$(MSBuildThisFileDirectory)..\..\..\src\mk_lang_bool.h"><Filter>src</Filter></ClInclude>
		<ClInclude Include="$(MSBuildThisFileDirectory)..\..\..\src\mk_lang_clamp.h"><Filter>src</Filter></ClInclude>
		<ClInclude Include="$(MSBuildThisFileDirectory)..\..\..\src\mk_lang_emscripten.h"><Filter>src</Filter></ClInclude>
		<ClInclude Include="$(MSBuildThisFileDirectory)..\..\..\src\mk_lang_flatten.h"><Filter>src</Filter></ClInclude>
		<ClInclude Include="$(MSBuildThisFileDirectory)..\..\..\src\mk_lang_forceinline.h"><Filter>src</Filter></ClInclude>
		<ClInclude Include="$(MSBuildThisFileDirectory)..\..\..\src\mk_lang_inline.h"><Filter>src</Filter></ClInclude>
		<ClInclude Include="$(MSBuildThisFileDirectory)..\..\..\src\mk_lang_llong.h"><Filter>src</Filter></ClInclude>
		<ClInclude Include="$(MSBuildThisFileDirectory)..\..\..\src\mk_lang_noalias.h"><Filter>src</Filter></ClInclude>
		<ClInclude Include="$(MSBuildThisFileDirectory)..\..\..\src\mk_lang_nodiscard.h"><Filter>src</Filter></ClInclude>
		<ClInclude Include="$(MSBuildThisFileDirectory)..\..\..\src\mk_lang_noexcept.h"><Filter>src</Filter></ClInclude>
		<ClInclude Include="$(MSBuildThisFileDirectory)..\..\..\src\mk_lang_noreturn.h"><Filter>src</Filter></ClInclude>
		<ClInclude Include="$(MSBuildThisFileDirectory)..\..\..\src\mk_lang_null.h"><Filter>src</Filter></ClInclude>
		<ClInclude Include="$(MSBuildThisFileDirectory)..\..\..\src\mk_lang_restrict.h"><Filter>src</Filter></ClInclude>
		<ClInclude Include="$(MSBuildThisFileDirectory)..\..\..\src\mk_lang_static_param.h"><Filter>src</Filter></ClInclude>
	</ItemGroup>
	<ItemGroup>
		<ClInclude Include="$(MSBuildThisFileDirectory)..\..\..\src\mk_lang_constexpr.h"><Filter>src</Filter></ClInclude>
		<ClInclude Include="$(MSBuildThisFileDirectory)..\..\..\src\mk_lang_jumbo.h"><Filter>src</Filter></ClInclude>
		<ClInclude Include="$(MSBuildThisFileDirectory)..\..\..\src\mk_lang_lllong.h"><Filter>src</Filter></ClInclude>
		<ClInclude Include="$(MSBuildThisFileDirectory)..\..\..\src\mk_lang_typedef.h"><Filter>src</Filter></ClInclude>
	</ItemGroup>
	<ItemGroup>
		<ClCompile Include="$(MSBuildThisFileDirectory)..\..\..\src\mk_lang_external_ltc.c"><Filter>src</Filter></ClCompile>
		<ClCompile Include="$(MSBuildThisFileDirectory)..\..\..\src\mk_lang_runtime_bool.c"><Filter>src</Filter></ClCompile>
		<ClInclude Include="$(MSBuildThisFileDirectory)..\..\..\src\mk_lang_countof.h"><Filter>src</Filter></ClInclude>
		<ClInclude Include="$(MSBuildThisFileDirectory)..\..\..\src\mk_lang_extern.h"><Filter>src</Filter></ClInclude>
		<ClInclude Include="$(MSBuildThisFileDirectory)..\..\..\src\mk_lang_external_ltc.h"><Filter>src</Filter></ClInclude>
		<ClInclude Include="$(MSBuildThisFileDirectory)..\..\..\src\mk_lang_intmaxt.h"><Filter>src</Filter></ClInclude>
		<ClInclude Include="$(MSBuildThisFileDirectory)..\..\..\src\mk_lang_intptrt.h"><Filter>src</Filter></ClInclude>
		<ClInclude Include="$(MSBuildThisFileDirectory)..\..\..\src\mk_lang_runtime_bool.h"><Filter>src</Filter></ClInclude>
	</ItemGroup>
	<ItemGroup>
		<ClInclude Include="$(MSBuildThisFileDirectory)..\..\..\src\mk_lang_alignof.h"><Filter>src</Filter></ClInclude>
		<ClInclude Include="$(MSBuildThisFileDirectory)..\..\..\src\mk_lang_debug_break.h"><Filter>src</Filter></ClInclude>
		<ClInclude Include="$(MSBuildThisFileDirectory)..\..\..\src\mk_lang_sizeof.h"><Filter>src</Filter></ClInclude>
		<ClInclude Include="$(MSBuildThisFileDirectory)..\..\..\src\mk_lang_sizet.h"><Filter>src</Filter></ClInclude>
	</ItemGroup>
	<ItemGroup>
		<ClInclude Include="$(MSBuildThisFileDirectory)..\..\..\src\mk_lang_types.h"><Filter>src</Filter></ClInclude>
	</ItemGroup>
	<ItemGroup>
		<ClCompile Include="$(MSBuildThisFileDirectory)..\..\..\src\mk_lang_clobber.c"><Filter>src</Filter></ClCompile>
		<ClCompile Include="$(MSBuildThisFileDirectory)..\..\..\src\mk_lang_crash.c"><Filter>src</Filter></ClCompile>
		<ClCompile Include="$(MSBuildThisFileDirectory)..\..\..\src\mk_lang_exe_name.c"><Filter>src</Filter></ClCompile>
		<ClCompile Include="$(MSBuildThisFileDirectory)..\..\..\src\mk_lang_info_types.c"><Filter>src</Filter></ClCompile>
		<ClCompile Include="$(MSBuildThisFileDirectory)..\..\..\src\mk_win_base.c"><Filter>src</Filter></ClCompile>
		<ClInclude Include="$(MSBuildThisFileDirectory)..\..\..\src\mk_lang_clobber.h"><Filter>src</Filter></ClInclude>
		<ClInclude Include="$(MSBuildThisFileDirectory)..\..\..\src\mk_lang_crash.h"><Filter>src</Filter></ClInclude>
		<ClInclude Include="$(MSBuildThisFileDirectory)..\..\..\src\mk_lang_exe_name.h"><Filter>src</Filter></ClInclude>
		<ClInclude Include="$(MSBuildThisFileDirectory)..\..\..\src\mk_lang_info_types.h"><Filter>src</Filter></ClInclude>
		<ClInclude Include="$(MSBuildThisFileDirectory)..\..\..\src\mk_lang_limits.h"><Filter>src</Filter></ClInclude>
		<ClInclude Include="$(MSBuildThisFileDirectory)..\..\..\src\mk_lang_roundup.h"><Filter>src</Filter></ClInclude>
		<ClInclude Include="$(MSBuildThisFileDirectory)..\..\..\src\mk_lang_type_traits.h"><Filter>src</Filter></ClInclude>
		<ClInclude Include="$(MSBuildThisFileDirectory)..\..\..\src\mk_win_base.h"><Filter>src</Filter></ClInclude>
	</ItemGroup>
	<ItemGroup>
		<ClCompile Include="$(MSBuildThisFileDirectory)..\..\..\src\mk_clib_app_info.c"><Filter>src</Filter></ClCompile>
		<ClCompile Include="$(MSBuildThisFileDirectory)..\..\..\src\mk_lang_check.c"><Filter>src</Filter></ClCompile>
		<ClCompile Include="$(MSBuildThisFileDirectory)..\..\..\src\mk_win_dll_bcrypt.c"><Filter>src</Filter></ClCompile>
		<ClInclude Include="$(MSBuildThisFileDirectory)..\..\..\src\mk_clib_app_info.h"><Filter>src</Filter></ClInclude>
		<ClInclude Include="$(MSBuildThisFileDirectory)..\..\..\src\mk_lang_assert.h"><Filter>src</Filter></ClInclude>
		<ClInclude Include="$(MSBuildThisFileDirectory)..\..\..\src\mk_lang_check.h"><Filter>src</Filter></ClInclude>
		<ClInclude Include="$(MSBuildThisFileDirectory)..\..\..\src\mk_lang_test.h"><Filter>src</Filter></ClInclude>
		<ClInclude Include="$(MSBuildThisFileDirectory)..\..\..\src\mk_win_dll_bcrypt.h"><Filter>src</Filter></ClInclude>
	</ItemGroup>
	<ItemGroup>
		<ClCompile Include="$(MSBuildThisFileDirectory)..\..\..\src\mk_lang_cpuid.c"><Filter>src</Filter></ClCompile>
		<ClInclude Include="$(MSBuildThisFileDirectory)..\..\..\src\mk_lang_cpuid.h"><Filter>src</Filter></ClInclude>
		<ClInclude Include="$(MSBuildThisFileDirectory)..\..\..\src\mk_lang_memclr1_inl_defd.h"><Filter>src</Filter></ClInclude>
		<ClInclude Include="$(MSBuildThisFileDirectory)..\..\..\src\mk_lang_memclr1_inl_defu.h"><Filter>src</Filter></ClInclude>
		<ClInclude Include="$(MSBuildThisFileDirectory)..\..\..\src\mk_lang_memclr1_inl_filec.h"><Filter>src</Filter></ClInclude>
		<ClInclude Include="$(MSBuildThisFileDirectory)..\..\..\src\mk_lang_memclr1_inl_fileh.h"><Filter>src</Filter></ClInclude>
		<ClInclude Include="$(MSBuildThisFileDirectory)..\..\..\src\mk_lang_memclr1_inl_fileu.h"><Filter>src</Filter></ClInclude>
		<ClInclude Include="$(MSBuildThisFileDirectory)..\..\..\src\mk_lang_memclr2_inl_defd.h"><Filter>src</Filter></ClInclude>
		<ClInclude Include="$(MSBuildThisFileDirectory)..\..\..\src\mk_lang_memclr2_inl_defu.h"><Filter>src</Filter></ClInclude>
		<ClInclude Include="$(MSBuildThisFileDirectory)..\..\..\src\mk_lang_memclr2_inl_filec.h"><Filter>src</Filter></ClInclude>
		<ClInclude Include="$(MSBuildThisFileDirectory)..\..\..\src\mk_lang_memclr2_inl_fileh.h"><Filter>src</Filter></ClInclude>
		<ClInclude Include="$(MSBuildThisFileDirectory)..\..\..\src\mk_lang_memclr2_inl_fileu.h"><Filter>src</Filter></ClInclude>
		<ClInclude Include="$(MSBuildThisFileDirectory)..\..\..\src\mk_lang_memcmp1_inl_defd.h"><Filter>src</Filter></ClInclude>
		<ClInclude Include="$(MSBuildThisFileDirectory)..\..\..\src\mk_lang_memcmp1_inl_defu.h"><Filter>src</Filter></ClInclude>
		<ClInclude Include="$(MSBuildThisFileDirectory)..\..\..\src\mk_lang_memcmp1_inl_filec.h"><Filter>src</Filter></ClInclude>
		<ClInclude Include="$(MSBuildThisFileDirectory)..\..\..\src\mk_lang_memcmp1_inl_fileh.h"><Filter>src</Filter></ClInclude>
		<ClInclude Include="$(MSBuildThisFileDirectory)..\..\..\src\mk_lang_memcmp1_inl_fileu.h"><Filter>src</Filter></ClInclude>
		<ClInclude Include="$(MSBuildThisFileDirectory)..\..\..\src\mk_lang_memcmp2_inl_defd.h"><Filter>src</Filter></ClInclude>
		<ClInclude Include="$(MSBuildThisFileDirectory)..\..\..\src\mk_lang_memcmp2_inl_defu.h"><Filter>src</Filter></ClInclude>
		<ClInclude Include="$(MSBuildThisFileDirectory)..\..\..\src\mk_lang_memcmp2_inl_filec.h"><Filter>src</Filter></ClInclude>
		<ClInclude Include="$(MSBuildThisFileDirectory)..\..\..\src\mk_lang_memcmp2_inl_fileh.h"><Filter>src</Filter></ClInclude>
		<ClInclude Include="$(MSBuildThisFileDirectory)..\..\..\src\mk_lang_memcmp2_inl_fileu.h"><Filter>src</Filter></ClInclude>
		<ClInclude Include="$(MSBuildThisFileDirectory)..\..\..\src\mk_lang_memset1_inl_defd.h"><Filter>src</Filter></ClInclude>
		<ClInclude Include="$(MSBuildThisFileDirectory)..\..\..\src\mk_lang_memset1_inl_defu.h"><Filter>src</Filter></ClInclude>
		<ClInclude Include="$(MSBuildThisFileDirectory)..\..\..\src\mk_lang_memset1_inl_filec.h"><Filter>src</Filter></ClInclude>
		<ClInclude Include="$(MSBuildThisFileDirectory)..\..\..\src\mk_lang_memset1_inl_fileh.h"><Filter>src</Filter></ClInclude>
		<ClInclude Include="$(MSBuildThisFileDirectory)..\..\..\src\mk_lang_memset1_inl_fileu.h"><Filter>src</Filter></ClInclude>
		<ClInclude Include="$(MSBuildThisFileDirectory)..\..\..\src\mk_lang_memset2_inl_defd.h"><Filter>src</Filter></ClInclude>
		<ClInclude Include="$(MSBuildThisFileDirectory)..\..\..\src\mk_lang_memset2_inl_defu.h"><Filter>src</Filter></ClInclude>
		<ClInclude Include="$(MSBuildThisFileDirectory)..\..\..\src\mk_lang_memset2_inl_filec.h"><Filter>src</Filter></ClInclude>
		<ClInclude Include="$(MSBuildThisFileDirectory)..\..\..\src\mk_lang_memset2_inl_fileh.h"><Filter>src</Filter></ClInclude>
		<ClInclude Include="$(MSBuildThisFileDirectory)..\..\..\src\mk_lang_memset2_inl_fileu.h"><Filter>src</Filter></ClInclude>
		<ClInclude Include="$(MSBuildThisFileDirectory)..\..\..\src\mk_lang_overlap_inl_defd.h"><Filter>src</Filter></ClInclude>
		<ClInclude Include="$(MSBuildThisFileDirectory)..\..\..\src\mk_lang_overlap_inl_defu.h"><Filter>src</Filter></ClInclude>
		<ClInclude Include="$(MSBuildThisFileDirectory)..\..\..\src\mk_lang_overlap_inl_filec.h"><Filter>src</Filter></ClInclude>
		<ClInclude Include="$(MSBuildThisFileDirectory)..\..\..\src\mk_lang_overlap_inl_fileh.h"><Filter>src</Filter></ClInclude>
		<ClInclude Include="$(MSBuildThisFileDirectory)..\..\..\src\mk_lang_overlap_inl_fileu.h"><Filter>src</Filter></ClInclude>
		<ClInclude Include="$(MSBuildThisFileDirectory)..\..\..\src\mk_lang_static_assert.h"><Filter>src</Filter></ClInclude>
		<ClInclude Include="$(MSBuildThisFileDirectory)..\..\..\src\mk_lib_cpp_constexpr_array.hpp"><Filter>src</Filter></ClInclude>
	</ItemGroup>
	<ItemGroup>
		<ClCompile Include="$(MSBuildThisFileDirectory)..\..\..\src\mk_lang_info_platform.c"><Filter>src</Filter></ClCompile>
		<ClCompile Include="$(MSBuildThisFileDirectory)..\..\..\src\mk_lang_sizeof_test.c"><Filter>src</Filter></ClCompile>
		<ClInclude Include="$(MSBuildThisFileDirectory)..\..\..\src\mk_lang_info_platform.h"><Filter>src</Filter></ClInclude>
		<ClInclude Include="$(MSBuildThisFileDirectory)..\..\..\src\mk_lang_memcpy1_inl_defd.h"><Filter>src</Filter></ClInclude>
		<ClInclude Include="$(MSBuildThisFileDirectory)..\..\..\src\mk_lang_memcpy1_inl_defu.h"><Filter>src</Filter></ClInclude>
		<ClInclude Include="$(MSBuildThisFileDirectory)..\..\..\src\mk_lang_memcpy1_inl_filec.h"><Filter>src</Filter></ClInclude>
		<ClInclude Include="$(MSBuildThisFileDirectory)..\..\..\src\mk_lang_memcpy1_inl_fileh.h"><Filter>src</Filter></ClInclude>
		<ClInclude Include="$(MSBuildThisFileDirectory)..\..\..\src\mk_lang_memcpy1_inl_fileu.h"><Filter>src</Filter></ClInclude>
		<ClInclude Include="$(MSBuildThisFileDirectory)..\..\..\src\mk_lang_memcpy2_inl_defd.h"><Filter>src</Filter></ClInclude>
		<ClInclude Include="$(MSBuildThisFileDirectory)..\..\..\src\mk_lang_memcpy2_inl_defu.h"><Filter>src</Filter></ClInclude>
		<ClInclude Include="$(MSBuildThisFileDirectory)..\..\..\src\mk_lang_memcpy2_inl_filec.h"><Filter>src</Filter></ClInclude>
		<ClInclude Include="$(MSBuildThisFileDirectory)..\..\..\src\mk_lang_memcpy2_inl_fileh.h"><Filter>src</Filter></ClInclude>
		<ClInclude Include="$(MSBuildThisFileDirectory)..\..\..\src\mk_lang_memcpy2_inl_fileu.h"><Filter>src</Filter></ClInclude>
		<ClInclude Include="$(MSBuildThisFileDirectory)..\..\..\src\mk_lang_sizeof_test.h"><Filter>src</Filter></ClInclude>
	</ItemGroup>
	<ItemGroup>
		<ClCompile Include="$(MSBuildThisFileDirectory)..\..\..\src\mk_clib_test.c"><Filter>src</Filter></ClCompile>
		<ClInclude Include="$(MSBuildThisFileDirectory)..\..\..\src\mk_clib_test.h"><Filter>src</Filter></ClInclude>
		<ClInclude Include="$(MSBuildThisFileDirectory)..\..\..\src\mk_lang_memmov1_inl_defd.h"><Filter>src</Filter></ClInclude>
		<ClInclude Include="$(MSBuildThisFileDirectory)..\..\..\src\mk_lang_memmov1_inl_defu.h"><Filter>src</Filter></ClInclude>
		<ClInclude Include="$(MSBuildThisFileDirectory)..\..\..\src\mk_lang_memmov1_inl_filec.h"><Filter>src</Filter></ClInclude>
		<ClInclude Include="$(MSBuildThisFileDirectory)..\..\..\src\mk_lang_memmov1_inl_fileh.h"><Filter>src</Filter></ClInclude>
		<ClInclude Include="$(MSBuildThisFileDirectory)..\..\..\src\mk_lang_memmov1_inl_fileu.h"><Filter>src</Filter></ClInclude>
		<ClInclude Include="$(MSBuildThisFileDirectory)..\..\..\src\mk_lang_memmov2_inl_defd.h"><Filter>src</Filter></ClInclude>
		<ClInclude Include="$(MSBuildThisFileDirectory)..\..\..\src\mk_lang_memmov2_inl_defu.h"><Filter>src</Filter></ClInclude>
		<ClInclude Include="$(MSBuildThisFileDirectory)..\..\..\src\mk_lang_memmov2_inl_filec.h"><Filter>src</Filter></ClInclude>
		<ClInclude Include="$(MSBuildThisFileDirectory)..\..\..\src\mk_lang_memmov2_inl_fileh.h"><Filter>src</Filter></ClInclude>
		<ClInclude Include="$(MSBuildThisFileDirectory)..\..\..\src\mk_lang_memmov2_inl_fileu.h"><Filter>src</Filter></ClInclude>
	</ItemGroup>
	<ItemGroup>
		<ClCompile Include="$(MSBuildThisFileDirectory)..\..\..\src\mk_lang_string.c"><Filter>src</Filter></ClCompile>
		<ClInclude Include="$(MSBuildThisFileDirectory)..\..\..\src\mk_lang_memall2_inl_defd.h"><Filter>src</Filter></ClInclude>
		<ClInclude Include="$(MSBuildThisFileDirectory)..\..\..\src\mk_lang_memall2_inl_defu.h"><Filter>src</Filter></ClInclude>
		<ClInclude Include="$(MSBuildThisFileDirectory)..\..\..\src\mk_lang_memall2_inl_filec.h"><Filter>src</Filter></ClInclude>
		<ClInclude Include="$(MSBuildThisFileDirectory)..\..\..\src\mk_lang_memall2_inl_fileh.h"><Filter>src</Filter></ClInclude>
		<ClInclude Include="$(MSBuildThisFileDirectory)..\..\..\src\mk_lang_memall2_inl_fileu.h"><Filter>src</Filter></ClInclude>
		<ClInclude Include="$(MSBuildThisFileDirectory)..\..\..\src\mk_lang_string.h"><Filter>src</Filter></ClInclude>
	</ItemGroup>
	<ItemGroup>
		<ClCompile Include="$(MSBuildThisFileDirectory)..\..\..\src\mk_lang_bui.c"><Filter>src</Filter></ClCompile>
		<ClInclude Include="$(MSBuildThisFileDirectory)..\..\..\src\mk_lang_bui.h"><Filter>src</Filter></ClInclude>
		<ClInclude Include="$(MSBuildThisFileDirectory)..\..\..\src\mk_lang_bui_inl_defd.h"><Filter>src</Filter></ClInclude>
		<ClInclude Include="$(MSBuildThisFileDirectory)..\..\..\src\mk_lang_bui_inl_defu.h"><Filter>src</Filter></ClInclude>
		<ClInclude Include="$(MSBuildThisFileDirectory)..\..\..\src\mk_lang_bui_inl_filec.h"><Filter>src</Filter></ClInclude>
		<ClInclude Include="$(MSBuildThisFileDirectory)..\..\..\src\mk_lang_bui_inl_fileh.h"><Filter>src</Filter></ClInclude>
		<ClInclude Include="$(MSBuildThisFileDirectory)..\..\..\src\mk_lang_bui_inl_fileu.h"><Filter>src</Filter></ClInclude>
		<None Include="$(MSBuildThisFileDirectory)..\..\..\src\mk_lang_bui_inl.m"><Filter>src</Filter></None>
		<None Include="$(MSBuildThisFileDirectory)..\..\..\src\mk_lang_bui_inl_defd.h.m4"><Filter>src</Filter></None>
		<None Include="$(MSBuildThisFileDirectory)..\..\..\src\mk_lang_bui_inl_defu.h.m4"><Filter>src</Filter></None>
		<None Include="$(MSBuildThisFileDirectory)..\..\..\src\mk_lang_bui_inl_filec.h.m4"><Filter>src</Filter></None>
		<None Include="$(MSBuildThisFileDirectory)..\..\..\src\mk_lang_bui_inl_fileh.h.m4"><Filter>src</Filter></None>
	</ItemGroup>
	<ItemGroup>
		<ClInclude Include="$(MSBuildThisFileDirectory)..\..\..\src\mk_lang_num_longdivmod_inl_defd.h"><Filter>src</Filter></ClInclude>
		<ClInclude Include="$(MSBuildThisFileDirectory)..\..\..\src\mk_lang_num_longdivmod_inl_defu.h"><Filter>src</Filter></ClInclude>
		<ClInclude Include="$(MSBuildThisFileDirectory)..\..\..\src\mk_lang_num_longdivmod_inl_filec.h"><Filter>src</Filter></ClInclude>
		<ClInclude Include="$(MSBuildThisFileDirectory)..\..\..\src\mk_lang_num_longdivmod_inl_fileh.h"><Filter>src</Filter></ClInclude>
		<ClInclude Include="$(MSBuildThisFileDirectory)..\..\..\src\mk_lang_num_longdivmod_inl_fileu.h"><Filter>src</Filter></ClInclude>
	</ItemGroup>
	<ItemGroup>
		<ClCompile Include="$(MSBuildThisFileDirectory)..\..\..\src\mk_clib_fuzz.c"><Filter>src</Filter></ClCompile>
		<ClInclude Include="$(MSBuildThisFileDirectory)..\..\..\src\mk_clib_fuzz.h"><Filter>src</Filter></ClInclude>
	</ItemGroup>
	<ItemGroup>
		<ClCompile Include="$(MSBuildThisFileDirectory)..\..\..\src\mk_sl_cui_fuzz.c"><Filter>src</Filter></ClCompile>
		<ClCompile Include="$(MSBuildThisFileDirectory)..\..\..\src\mk_sl_cui_fuzz_bui.c"><Filter>src</Filter></ClCompile>
		<ClCompile Include="$(MSBuildThisFileDirectory)..\..\..\src\mk_sl_cui_fuzz_cui.c"><Filter>src</Filter></ClCompile>
		<ClCompile Include="$(MSBuildThisFileDirectory)..\..\..\src\mk_sl_cui_fuzz_fromchars.c"><Filter>src</Filter></ClCompile>
		<ClCompile Include="$(MSBuildThisFileDirectory)..\..\..\src\mk_sl_cui_fuzz_printf.c"><Filter>src</Filter></ClCompile>
		<ClCompile Include="$(MSBuildThisFileDirectory)..\..\..\src\mk_sl_cui_fuzz_tochars.c"><Filter>src</Filter></ClCompile>
		<ClCompile Include="$(MSBuildThisFileDirectory)..\..\..\src\mk_sl_cui_uint1024.c"><Filter>src</Filter></ClCompile>
		<ClCompile Include="$(MSBuildThisFileDirectory)..\..\..\src\mk_sl_cui_uint128.c"><Filter>src</Filter></ClCompile>
		<ClCompile Include="$(MSBuildThisFileDirectory)..\..\..\src\mk_sl_cui_uint16.c"><Filter>src</Filter></ClCompile>
		<ClCompile Include="$(MSBuildThisFileDirectory)..\..\..\src\mk_sl_cui_uint256.c"><Filter>src</Filter></ClCompile>
		<ClCompile Include="$(MSBuildThisFileDirectory)..\..\..\src\mk_sl_cui_uint32.c"><Filter>src</Filter></ClCompile>
		<ClCompile Include="$(MSBuildThisFileDirectory)..\..\..\src\mk_sl_cui_uint512.c"><Filter>src</Filter></ClCompile>
		<ClCompile Include="$(MSBuildThisFileDirectory)..\..\..\src\mk_sl_cui_uint64.c"><Filter>src</Filter></ClCompile>
		<ClCompile Include="$(MSBuildThisFileDirectory)..\..\..\src\mk_sl_cui_uint8.c"><Filter>src</Filter></ClCompile>
		<ClInclude Include="$(MSBuildThisFileDirectory)..\..\..\src\mk_sl_cui_fuzz.h"><Filter>src</Filter></ClInclude>
		<ClInclude Include="$(MSBuildThisFileDirectory)..\..\..\src\mk_sl_cui_fuzz_bui.h"><Filter>src</Filter></ClInclude>
		<ClInclude Include="$(MSBuildThisFileDirectory)..\..\..\src\mk_sl_cui_fuzz_bui_inl_defd.h"><Filter>src</Filter></ClInclude>
		<ClInclude Include="$(MSBuildThisFileDirectory)..\..\..\src\mk_sl_cui_fuzz_bui_inl_defu.h"><Filter>src</Filter></ClInclude>
		<ClInclude Include="$(MSBuildThisFileDirectory)..\..\..\src\mk_sl_cui_fuzz_bui_inl_filec.h"><Filter>src</Filter></ClInclude>
		<ClInclude Include="$(MSBuildThisFileDirectory)..\..\..\src\mk_sl_cui_fuzz_bui_inl_fileh.h"><Filter>src</Filter></ClInclude>
		<ClInclude Include="$(MSBuildThisFileDirectory)..\..\..\src\mk_sl_cui_fuzz_bui_inl_fileu.h"><Filter>src</Filter></ClInclude>
		<ClInclude Include="$(MSBuildThisFileDirectory)..\..\..\src\mk_sl_cui_fuzz_cui.h"><Filter>src</Filter></ClInclude>
		<ClInclude Include="$(MSBuildThisFileDirectory)..\..\..\src\mk_sl_cui_fuzz_cui_inl_defd.h"><Filter>src</Filter></ClInclude>
		<ClInclude Include="$(MSBuildThisFileDirectory)..\..\..\src\mk_sl_cui_fuzz_cui_inl_defu.h"><Filter>src</Filter></ClInclude>
		<ClInclude Include="$(MSBuildThisFileDirectory)..\..\..\src\mk_sl_cui_fuzz_cui_inl_filec.h"><Filter>src</Filter></ClInclude>
		<ClInclude Include="$(MSBuildThisFileDirectory)..\..\..\src\mk_sl_cui_fuzz_cui_inl_fileh.h"><Filter>src</Filter></ClInclude>
		<ClInclude Include="$(MSBuildThisFileDirectory)..\..\..\src\mk_sl_cui_fuzz_cui_inl_fileu.h"><Filter>src</Filter></ClInclude>
		<ClInclude Include="$(MSBuildThisFileDirectory)..\..\..\src\mk_sl_cui_fuzz_fromchars.h"><Filter>src</Filter></ClInclude>
		<ClInclude Include="$(MSBuildThisFileDirectory)..\..\..\src\mk_sl_cui_fuzz_fromchars_inl_defd.h"><Filter>src</Filter></ClInclude>
		<ClInclude Include="$(MSBuildThisFileDirectory)..\..\..\src\mk_sl_cui_fuzz_fromchars_inl_defu.h"><Filter>src</Filter></ClInclude>
		<ClInclude Include="$(MSBuildThisFileDirectory)..\..\..\src\mk_sl_cui_fuzz_fromchars_inl_filec.h"><Filter>src</Filter></ClInclude>
		<ClInclude Include="$(MSBuildThisFileDirectory)..\..\..\src\mk_sl_cui_fuzz_fromchars_inl_fileh.h"><Filter>src</Filter></ClInclude>
		<ClInclude Include="$(MSBuildThisFileDirectory)..\..\..\src\mk_sl_cui_fuzz_fromchars_inl_fileu.h"><Filter>src</Filter></ClInclude>
		<ClInclude Include="$(MSBuildThisFileDirectory)..\..\..\src\mk_sl_cui_fuzz_printf.h"><Filter>src</Filter></ClInclude>
		<ClInclude Include="$(MSBuildThisFileDirectory)..\..\..\src\mk_sl_cui_fuzz_printf_inl_defd.h"><Filter>src</Filter></ClInclude>
		<ClInclude Include="$(MSBuildThisFileDirectory)..\..\..\src\mk_sl_cui_fuzz_printf_inl_defu.h"><Filter>src</Filter></ClInclude>
		<ClInclude Include="$(MSBuildThisFileDirectory)..\..\..\src\mk_sl_cui_fuzz_printf_inl_filec.h"><Filter>src</Filter></ClInclude>
		<ClInclude Include="$(MSBuildThisFileDirectory)..\..\..\src\mk_sl_cui_fuzz_printf_inl_fileh.h"><Filter>src</Filter></ClInclude>
		<ClInclude Include="$(MSBuildThisFileDirectory)..\..\..\src\mk_sl_cui_fuzz_printf_inl_fileu.h"><Filter>src</Filter></ClInclude>
		<ClInclude Include="$(MSBuildThisFileDirectory)..\..\..\src\mk_sl_cui_fuzz_tochars.h"><Filter>src</Filter></ClInclude>
		<ClInclude Include="$(MSBuildThisFileDirectory)..\..\..\src\mk_sl_cui_fuzz_tochars_inl_defd.h"><Filter>src</Filter></ClInclude>
		<ClInclude Include="$(MSBuildThisFileDirectory)..\..\..\src\mk_sl_cui_fuzz_tochars_inl_defu.h"><Filter>src</Filter></ClInclude>
		<ClInclude Include="$(MSBuildThisFileDirectory)..\..\..\src\mk_sl_cui_fuzz_tochars_inl_filec.h"><Filter>src</Filter></ClInclude>
		<ClInclude Include="$(MSBuildThisFileDirectory)..\..\..\src\mk_sl_cui_fuzz_tochars_inl_fileh.h"><Filter>src</Filter></ClInclude>
		<ClInclude Include="$(MSBuildThisFileDirectory)..\..\..\src\mk_sl_cui_fuzz_tochars_inl_fileu.h"><Filter>src</Filter></ClInclude>
		<ClInclude Include="$(MSBuildThisFileDirectory)..\..\..\src\mk_sl_cui_inl_defd.h"><Filter>src</Filter></ClInclude>
		<ClInclude Include="$(MSBuildThisFileDirectory)..\..\..\src\mk_sl_cui_inl_defu.h"><Filter>src</Filter></ClInclude>
		<ClInclude Include="$(MSBuildThisFileDirectory)..\..\..\src\mk_sl_cui_inl_filec.h"><Filter>src</Filter></ClInclude>
		<ClInclude Include="$(MSBuildThisFileDirectory)..\..\..\src\mk_sl_cui_inl_fileh.h"><Filter>src</Filter></ClInclude>
		<ClInclude Include="$(MSBuildThisFileDirectory)..\..\..\src\mk_sl_cui_inl_fileu.h"><Filter>src</Filter></ClInclude>
		<ClInclude Include="$(MSBuildThisFileDirectory)..\..\..\src\mk_sl_cui_uint1024.h"><Filter>src</Filter></ClInclude>
		<ClInclude Include="$(MSBuildThisFileDirectory)..\..\..\src\mk_sl_cui_uint128.h"><Filter>src</Filter></ClInclude>
		<ClInclude Include="$(MSBuildThisFileDirectory)..\..\..\src\mk_sl_cui_uint16.h"><Filter>src</Filter></ClInclude>
		<ClInclude Include="$(MSBuildThisFileDirectory)..\..\..\src\mk_sl_cui_uint256.h"><Filter>src</Filter></ClInclude>
		<ClInclude Include="$(MSBuildThisFileDirectory)..\..\..\src\mk_sl_cui_uint32.h"><Filter>src</Filter></ClInclude>
		<ClInclude Include="$(MSBuildThisFileDirectory)..\..\..\src\mk_sl_cui_uint512.h"><Filter>src</Filter></ClInclude>
		<ClInclude Include="$(MSBuildThisFileDirectory)..\..\..\src\mk_sl_cui_uint64.h"><Filter>src</Filter></ClInclude>
		<ClInclude Include="$(MSBuildThisFileDirectory)..\..\..\src\mk_sl_cui_uint8.h"><Filter>src</Filter></ClInclude>
		<None Include="$(MSBuildThisFileDirectory)..\..\..\src\mk_sl_cui_inl.m"><Filter>src</Filter></None>
		<None Include="$(MSBuildThisFileDirectory)..\..\..\src\mk_sl_cui_inl_defd.h.m4"><Filter>src</Filter></None>
		<None Include="$(MSBuildThisFileDirectory)..\..\..\src\mk_sl_cui_inl_defu.h.m4"><Filter>src</Filter></None>
		<None Include="$(MSBuildThisFileDirectory)..\..\..\src\mk_sl_cui_inl_filec.h.m4"><Filter>src</Filter></None>
		<None Include="$(MSBuildThisFileDirectory)..\..\..\src\mk_sl_cui_inl_fileh.h.m4"><Filter>src</Filter></None>
	</ItemGroup>
	<ItemGroup>
		<ClCompile Include="$(MSBuildThisFileDirectory)..\..\..\src\mk_lib_crypto_bitops_bulk.c"><Filter>src</Filter></ClCompile>
		<ClCompile Include="$(MSBuildThisFileDirectory)..\..\..\src\mk_sl_uint_convert.c"><Filter>src</Filter></ClCompile>
		<ClInclude Include="$(MSBuildThisFileDirectory)..\..\..\src\mk_lib_cpp_constexpr_array_u8.hpp"><Filter>src</Filter></ClInclude>
		<ClInclude Include="$(MSBuildThisFileDirectory)..\..\..\src\mk_lib_crypto_bitops_bulk.h"><Filter>src</Filter></ClInclude>
		<ClInclude Include="$(MSBuildThisFileDirectory)..\..\..\src\mk_lib_crypto_bitops_bulk_inl_defd.h"><Filter>src</Filter></ClInclude>
		<ClInclude Include="$(MSBuildThisFileDirectory)..\..\..\src\mk_lib_crypto_bitops_bulk_inl_defu.h"><Filter>src</Filter></ClInclude>
		<ClInclude Include="$(MSBuildThisFileDirectory)..\..\..\src\mk_lib_crypto_bitops_bulk_inl_filec.h"><Filter>src</Filter></ClInclude>
		<ClInclude Include="$(MSBuildThisFileDirectory)..\..\..\src\mk_lib_crypto_bitops_bulk_inl_fileh.h"><Filter>src</Filter></ClInclude>
		<ClInclude Include="$(MSBuildThisFileDirectory)..\..\..\src\mk_lib_crypto_bitops_bulk_inl_fileu.h"><Filter>src</Filter></ClInclude>
		<ClInclude Include="$(MSBuildThisFileDirectory)..\..\..\src\mk_sl_uint_convert.h"><Filter>src</Filter></ClInclude>
		<ClInclude Include="$(MSBuildThisFileDirectory)..\..\..\src\mk_sl_uint_convert_inl_defd.h"><Filter>src</Filter></ClInclude>
		<ClInclude Include="$(MSBuildThisFileDirectory)..\..\..\src\mk_sl_uint_convert_inl_defu.h"><Filter>src</Filter></ClInclude>
		<ClInclude Include="$(MSBuildThisFileDirectory)..\..\..\src\mk_sl_uint_convert_inl_filec.h"><Filter>src</Filter></ClInclude>
		<ClInclude Include="$(MSBuildThisFileDirectory)..\..\..\src\mk_sl_uint_convert_inl_fileh.h"><Filter>src</Filter></ClInclude>
		<ClInclude Include="$(MSBuildThisFileDirectory)..\..\..\src\mk_sl_uint_convert_inl_fileu.h"><Filter>src</Filter></ClInclude>
	</ItemGroup>
	<ItemGroup>
		<ClCompile Include="$(MSBuildThisFileDirectory)..\..\..\src\mk_lib_crypto_hash_block_blake2b_base.c"><Filter>src</Filter></ClCompile>
		<ClCompile Include="$(MSBuildThisFileDirectory)..\..\..\src\mk_lib_crypto_hash_block_blake2s_base.c"><Filter>src</Filter></ClCompile>
		<ClCompile Include="$(MSBuildThisFileDirectory)..\..\..\src\mk_lib_crypto_hash_block_sha2_base_32bit.c"><Filter>src</Filter></ClCompile>
		<ClCompile Include="$(MSBuildThisFileDirectory)..\..\..\src\mk_lib_crypto_hash_block_sha2_base_32bit_portable.c"><Filter>src</Filter></ClCompile>
		<ClCompile Include="$(MSBuildThisFileDirectory)..\..\..\src\mk_lib_crypto_hash_block_sha2_base_32bit_x86.c"><Filter>src</Filter></ClCompile>
		<ClCompile Include="$(MSBuildThisFileDirectory)..\..\..\src\mk_lib_crypto_hash_block_sha2_base_64bit.c"><Filter>src</Filter></ClCompile>
		<ClCompile Include="$(MSBuildThisFileDirectory)..\..\..\src\mk_lib_crypto_hash_block_sha2_base_64bit_portable.c"><Filter>src</Filter></ClCompile>
		<ClCompile Include="$(MSBuildThisFileDirectory)..\..\..\src\mk_lib_crypto_hash_block_sha2_base_64bit_x86.c"><Filter>src</Filter></ClCompile>
		<ClCompile Include="$(MSBuildThisFileDirectory)..\..\..\src\mk_lib_crypto_hash_block_sha3_base.c"><Filter>src</Filter></ClCompile>
		<ClCompile Include="$(MSBuildThisFileDirectory)..\..\..\src\mk_lib_crypto_hash_block_streebog_base.c"><Filter>src</Filter></ClCompile>
		<ClCompile Include="$(MSBuildThisFileDirectory)..\..\..\src\mk_lib_crypto_hash_stream_any1.c"><Filter>src</Filter></ClCompile>
		<ClCompile Include="$(MSBuildThisFileDirectory)..\..\..\src\mk_lib_crypto_hash_stream_any2.c"><Filter>src</Filter></ClCompile>
		<ClCompile Include="$(MSBuildThisFileDirectory)..\..\..\src\mk_lib_crypto_xof_stream_any1.c"><Filter>src</Filter></ClCompile>
		<ClCompile Include="$(MSBuildThisFileDirectory)..\..\..\src\mk_lib_crypto_xof_stream_any2.c"><Filter>src</Filter></ClCompile>
		<ClInclude Include="$(MSBuildThisFileDirectory)..\..\..\src\mk_lib_crypto_hash_block_blake2b_base.h"><Filter>src</Filter></ClInclude>
		<ClInclude Include="$(MSBuildThisFileDirectory)..\..\..\src\mk_lib_crypto_hash_block_blake2s_base.h"><Filter>src</Filter></ClInclude>
		<ClInclude Include="$(MSBuildThisFileDirectory)..\..\..\src\mk_lib_crypto_hash_block_sha2_base_32bit.h"><Filter>src</Filter></ClInclude>
		<ClInclude Include="$(MSBuildThisFileDirectory)..\..\..\src\mk_lib_crypto_hash_block_sha2_base_32bit_portable.h"><Filter>src</Filter></ClInclude>
		<ClInclude Include="$(MSBuildThisFileDirectory)..\..\..\src\mk_lib_crypto_hash_block_sha2_base_32bit_x86.h"><Filter>src</Filter></ClInclude>
		<ClInclude Include="$(MSBuildThisFileDirectory)..\..\..\src\mk_lib_crypto_hash_block_sha2_base_64bit.h"><Filter>src</Filter></ClInclude>
		<ClInclude Include="$(MSBuildThisFileDirectory)..\..\..\src\mk_lib_crypto_hash_block_sha2_base_64bit_portable.h"><Filter>src</Filter></ClInclude>
		<ClInclude Include="$(MSBuildThisFileDirectory)..\..\..\src\mk_lib_crypto_hash_block_sha2_base_64bit_x86.h"><Filter>src</Filter></ClInclude>
		<ClInclude Include="$(MSBuildThisFileDirectory)..\..\..\src\mk_lib_crypto_hash_block_sha3_base.h"><Filter>src</Filter></ClInclude>
		<ClInclude Include="$(MSBuildThisFileDirectory)..\..\..\src\mk_lib_crypto_hash_block_streebog_base.h"><Filter>src</Filter></ClInclude>
		<ClInclude Include="$(MSBuildThisFileDirectory)..\..\..\src\mk_lib_crypto_hash_stream_any1.h"><Filter>src</Filter></ClInclude>
		<ClInclude Include="$(MSBuildThisFileDirectory)..\..\..\src\mk_lib_crypto_hash_stream_any2.h"><Filter>src</Filter></ClInclude>
		<ClInclude Include="$(MSBuildThisFileDirectory)..\..\..\src\mk_lib_crypto_hash_stream_inl_defd.h"><Filter>src</Filter></ClInclude>
		<ClInclude Include="$(MSBuildThisFileDirectory)..\..\..\src\mk_lib_crypto_hash_stream_inl_defu.h"><Filter>src</Filter></ClInclude>
		<ClInclude Include="$(MSBuildThisFileDirectory)..\..\..\src\mk_lib_crypto_hash_stream_inl_filec.h"><Filter>src</Filter></ClInclude>
		<ClInclude Include="$(MSBuildThisFileDirectory)..\..\..\src\mk_lib_crypto_hash_stream_inl_fileh.h"><Filter>src</Filter></ClInclude>
		<ClInclude Include="$(MSBuildThisFileDirectory)..\..\..\src\mk_lib_crypto_hash_stream_inl_fileu.h"><Filter>src</Filter></ClInclude>
		<ClInclude Include="$(MSBuildThisFileDirectory)..\..\..\src\mk_lib_crypto_xof_stream_any1.h"><Filter>src</Filter></ClInclude>
		<ClInclude Include="$(MSBuildThisFileDirectory)..\..\..\src\mk_lib_crypto_xof_stream_any2.h"><Filter>src</Filter></ClInclude>
		<ClInclude Include="$(MSBuildThisFileDirectory)..\..\..\src\mk_lib_crypto_xof_stream_inl_defd.h"><Filter>src</Filter></ClInclude>
		<ClInclude Include="$(MSBuildThisFileDirectory)..\..\..\src\mk_lib_crypto_xof_stream_inl_defu.h"><Filter>src</Filter></ClInclude>
		<ClInclude Include="$(MSBuildThisFileDirectory)..\..\..\src\mk_lib_crypto_xof_stream_inl_filec.h"><Filter>src</Filter></ClInclude>
		<ClInclude Include="$(MSBuildThisFileDirectory)..\..\..\src\mk_lib_crypto_xof_stream_inl_fileh.h"><Filter>src</Filter></ClInclude>
		<ClInclude Include="$(MSBuildThisFileDirectory)..\..\..\src\mk_lib_crypto_xof_stream_inl_fileu.h"><Filter>src</Filter></ClInclude>
		<None Include="$(MSBuildThisFileDirectory)..\..\..\src\mk_lib_crypto_hash_stream_any.m"><Filter>src</Filter></None>
		<None Include="$(MSBuildThisFileDirectory)..\..\..\src\mk_lib_crypto_hash_stream_any1.c.m4"><Filter>src</Filter></None>
		<None Include="$(MSBuildThisFileDirectory)..\..\..\src\mk_lib_crypto_hash_stream_any1.h.m4"><Filter>src</Filter></None>
		<None Include="$(MSBuildThisFileDirectory)..\..\..\src\mk_lib_crypto_hash_stream_any2.c.m4"><Filter>src</Filter></None>
		<None Include="$(MSBuildThisFileDirectory)..\..\..\src\mk_lib_crypto_hash_stream_any2.h.m4"><Filter>src</Filter></None>
		<None Include="$(MSBuildThisFileDirectory)..\..\..\src\mk_lib_crypto_xof_stream_any.m"><Filter>src</Filter></None>
		<None Include="$(MSBuildThisFileDirectory)..\..\..\src\mk_lib_crypto_xof_stream_any1.c.m4"><Filter>src</Filter></None>
		<None Include="$(MSBuildThisFileDirectory)..\..\..\src\mk_lib_crypto_xof_stream_any1.h.m4"><Filter>src</Filter></None>
		<None Include="$(MSBuildThisFileDirectory)..\..\..\src\mk_lib_crypto_xof_stream_any2.c.m4"><Filter>src</Filter></None>
		<None Include="$(MSBuildThisFileDirectory)..\..\..\src\mk_lib_crypto_xof_stream_any2.h.m4"><Filter>src</Filter></None>
	</ItemGroup>
	<ItemGroup>
		<ClCompile Include="$(MSBuildThisFileDirectory)..\..\..\src\mk_lib_crypto_any_piecewise_fuzz.c"><Filter>src</Filter></ClCompile>
		<ClCompile Include="$(MSBuildThisFileDirectory)..\..\..\src\mk_lib_crypto_hash_block_blake2s_128.c"><Filter>src</Filter></ClCompile>
		<ClCompile Include="$(MSBuildThisFileDirectory)..\..\..\src\mk_lib_crypto_hash_block_blake2s_160.c"><Filter>src</Filter></ClCompile>
		<ClCompile Include="$(MSBuildThisFileDirectory)..\..\..\src\mk_lib_crypto_hash_block_blake2s_224.c"><Filter>src</Filter></ClCompile>
		<ClCompile Include="$(MSBuildThisFileDirectory)..\..\..\src\mk_lib_crypto_hash_block_blake2s_256.c"><Filter>src</Filter></ClCompile>
		<ClCompile Include="$(MSBuildThisFileDirectory)..\..\..\src\mk_lib_crypto_hash_block_md2.c"><Filter>src</Filter></ClCompile>
		<ClCompile Include="$(MSBuildThisFileDirectory)..\..\..\src\mk_lib_crypto_hash_block_md4.c"><Filter>src</Filter></ClCompile>
		<ClCompile Include="$(MSBuildThisFileDirectory)..\..\..\src\mk_lib_crypto_hash_block_md5.c"><Filter>src</Filter></ClCompile>
		<ClCompile Include="$(MSBuildThisFileDirectory)..\..\..\src\mk_lib_crypto_hash_block_sha0.c"><Filter>src</Filter></ClCompile>
		<ClCompile Include="$(MSBuildThisFileDirectory)..\..\..\src\mk_lib_crypto_hash_block_sha1.c"><Filter>src</Filter></ClCompile>
		<ClCompile Include="$(MSBuildThisFileDirectory)..\..\..\src\mk_lib_crypto_hash_block_sha1_portable.c"><Filter>src</Filter></ClCompile>
		<ClCompile Include="$(MSBuildThisFileDirectory)..\..\..\src\mk_lib_crypto_hash_block_sha1_x86.c"><Filter>src</Filter></ClCompile>
		<ClCompile Include="$(MSBuildThisFileDirectory)..\..\..\src\mk_lib_crypto_hash_block_sha2_224.c"><Filter>src</Filter></ClCompile>
		<ClCompile Include="$(MSBuildThisFileDirectory)..\..\..\src\mk_lib_crypto_hash_block_sha2_256.c"><Filter>src</Filter></ClCompile>
		<ClCompile Include="$(MSBuildThisFileDirectory)..\..\..\src\mk_lib_crypto_hash_block_sha2_384.c"><Filter>src</Filter></ClCompile>
		<ClCompile Include="$(MSBuildThisFileDirectory)..\..\..\src\mk_lib_crypto_hash_block_sha2_512.c"><Filter>src</Filter></ClCompile>
		<ClCompile Include="$(MSBuildThisFileDirectory)..\..\..\src\mk_lib_crypto_hash_block_sha2_512_224.c"><Filter>src</Filter></ClCompile>
		<ClCompile Include="$(MSBuildThisFileDirectory)..\..\..\src\mk_lib_crypto_hash_block_sha2_512_256.c"><Filter>src</Filter></ClCompile>
		<ClCompile Include="$(MSBuildThisFileDirectory)..\..\..\src\mk_lib_crypto_hash_block_sha3_224.c"><Filter>src</Filter></ClCompile>
		<ClCompile Include="$(MSBuildThisFileDirectory)..\..\..\src\mk_lib_crypto_hash_block_sha3_256.c"><Filter>src</Filter></ClCompile>
		<ClCompile Include="$(MSBuildThisFileDirectory)..\..\..\src\mk_lib_crypto_hash_block_sha3_384.c"><Filter>src</Filter></ClCompile>
		<ClCompile Include="$(MSBuildThisFileDirectory)..\..\..\src\mk_lib_crypto_hash_block_sha3_512.c"><Filter>src</Filter></ClCompile>
		<ClCompile Include="$(MSBuildThisFileDirectory)..\..\..\src\mk_lib_crypto_hash_stream_blake2s_128.c"><Filter>src</Filter></ClCompile>
		<ClCompile Include="$(MSBuildThisFileDirectory)..\..\..\src\mk_lib_crypto_hash_stream_blake2s_128_fuzz.c"><Filter>src</Filter></ClCompile>
		<ClCompile Include="$(MSBuildThisFileDirectory)..\..\..\src\mk_lib_crypto_hash_stream_blake2s_128_test.cpp"><Filter>src</Filter></ClCompile>
		<ClCompile Include="$(MSBuildThisFileDirectory)..\..\..\src\mk_lib_crypto_hash_stream_blake2s_160.c"><Filter>src</Filter></ClCompile>
		<ClCompile Include="$(MSBuildThisFileDirectory)..\..\..\src\mk_lib_crypto_hash_stream_blake2s_160_fuzz.c"><Filter>src</Filter></ClCompile>
		<ClCompile Include="$(MSBuildThisFileDirectory)..\..\..\src\mk_lib_crypto_hash_stream_blake2s_160_test.cpp"><Filter>src</Filter></ClCompile>
		<ClCompile Include="$(MSBuildThisFileDirectory)..\..\..\src\mk_lib_crypto_hash_stream_blake2s_224.c"><Filter>src</Filter></ClCompile>
		<ClCompile Include="$(MSBuildThisFileDirectory)..\..\..\src\mk_lib_crypto_hash_stream_blake2s_224_fuzz.c"><Filter>src</Filter></ClCompile>
		<ClCompile Include="$(MSBuildThisFileDirectory)..\..\..\src\mk_lib_crypto_hash_stream_blake2s_224_test.cpp"><Filter>src</Filter></ClCompile>
		<ClCompile Include="$(MSBuildThisFileDirectory)..\..\..\src\mk_lib_crypto_hash_stream_blake2s_256.c"><Filter>src</Filter></ClCompile>
		<ClCompile Include="$(MSBuildThisFileDirectory)..\..\..\src\mk_lib_crypto_hash_stream_blake2s_256_fuzz.c"><Filter>src</Filter></ClCompile>
		<ClCompile Include="$(MSBuildThisFileDirectory)..\..\..\src\mk_lib_crypto_hash_stream_blake2s_256_test.cpp"><Filter>src</Filter></ClCompile>
		<ClCompile Include="$(MSBuildThisFileDirectory)..\..\..\src\mk_lib_crypto_hash_stream_md2.c"><Filter>src</Filter></ClCompile>
		<ClCompile Include="$(MSBuildThisFileDirectory)..\..\..\src\mk_lib_crypto_hash_stream_md2_fuzz.c"><Filter>src</Filter></ClCompile>
		<ClCompile Include="$(MSBuildThisFileDirectory)..\..\..\src\mk_lib_crypto_hash_stream_md2_test.cpp"><Filter>src</Filter></ClCompile>
		<ClCompile Include="$(MSBuildThisFileDirectory)..\..\..\src\mk_lib_crypto_hash_stream_md4.c"><Filter>src</Filter></ClCompile>
		<ClCompile Include="$(MSBuildThisFileDirectory)..\..\..\src\mk_lib_crypto_hash_stream_md4_fuzz.c"><Filter>src</Filter></ClCompile>
		<ClCompile Include="$(MSBuildThisFileDirectory)..\..\..\src\mk_lib_crypto_hash_stream_md4_test.cpp"><Filter>src</Filter></ClCompile>
		<ClCompile Include="$(MSBuildThisFileDirectory)..\..\..\src\mk_lib_crypto_hash_stream_md5.c"><Filter>src</Filter></ClCompile>
		<ClCompile Include="$(MSBuildThisFileDirectory)..\..\..\src\mk_lib_crypto_hash_stream_md5_fuzz.c"><Filter>src</Filter></ClCompile>
		<ClCompile Include="$(MSBuildThisFileDirectory)..\..\..\src\mk_lib_crypto_hash_stream_md5_test.cpp"><Filter>src</Filter></ClCompile>
		<ClCompile Include="$(MSBuildThisFileDirectory)..\..\..\src\mk_lib_crypto_hash_stream_sha0.c"><Filter>src</Filter></ClCompile>
		<ClCompile Include="$(MSBuildThisFileDirectory)..\..\..\src\mk_lib_crypto_hash_stream_sha0_test.cpp"><Filter>src</Filter></ClCompile>
		<ClCompile Include="$(MSBuildThisFileDirectory)..\..\..\src\mk_lib_crypto_hash_stream_sha1.c"><Filter>src</Filter></ClCompile>
		<ClCompile Include="$(MSBuildThisFileDirectory)..\..\..\src\mk_lib_crypto_hash_stream_sha1_fuzz.c"><Filter>src</Filter></ClCompile>
		<ClCompile Include="$(MSBuildThisFileDirectory)..\..\..\src\mk_lib_crypto_hash_stream_sha1_test.cpp"><Filter>src</Filter></ClCompile>
		<ClCompile Include="$(MSBuildThisFileDirectory)..\..\..\src\mk_lib_crypto_hash_stream_sha2_224.c"><Filter>src</Filter></ClCompile>
		<ClCompile Include="$(MSBuildThisFileDirectory)..\..\..\src\mk_lib_crypto_hash_stream_sha2_224_fuzz.c"><Filter>src</Filter></ClCompile>
		<ClCompile Include="$(MSBuildThisFileDirectory)..\..\..\src\mk_lib_crypto_hash_stream_sha2_224_test.cpp"><Filter>src</Filter></ClCompile>
		<ClCompile Include="$(MSBuildThisFileDirectory)..\..\..\src\mk_lib_crypto_hash_stream_sha2_256.c"><Filter>src</Filter></ClCompile>
		<ClCompile Include="$(MSBuildThisFileDirectory)..\..\..\src\mk_lib_crypto_hash_stream_sha2_256_fuzz.c"><Filter>src</Filter></ClCompile>
		<ClCompile Include="$(MSBuildThisFileDirectory)..\..\..\src\mk_lib_crypto_hash_stream_sha2_256_test.cpp"><Filter>src</Filter></ClCompile>
		<ClCompile Include="$(MSBuildThisFileDirectory)..\..\..\src\mk_lib_crypto_hash_stream_sha2_384.c"><Filter>src</Filter></ClCompile>
		<ClCompile Include="$(MSBuildThisFileDirectory)..\..\..\src\mk_lib_crypto_hash_stream_sha2_384_fuzz.c"><Filter>src</Filter></ClCompile>
		<ClCompile Include="$(MSBuildThisFileDirectory)..\..\..\src\mk_lib_crypto_hash_stream_sha2_384_test.cpp"><Filter>src</Filter></ClCompile>
		<ClCompile Include="$(MSBuildThisFileDirectory)..\..\..\src\mk_lib_crypto_hash_stream_sha2_512.c"><Filter>src</Filter></ClCompile>
		<ClCompile Include="$(MSBuildThisFileDirectory)..\..\..\src\mk_lib_crypto_hash_stream_sha2_512_224.c"><Filter>src</Filter></ClCompile>
		<ClCompile Include="$(MSBuildThisFileDirectory)..\..\..\src\mk_lib_crypto_hash_stream_sha2_512_224_fuzz.c"><Filter>src</Filter></ClCompile>
		<ClCompile Include="$(MSBuildThisFileDirectory)..\..\..\src\mk_lib_crypto_hash_stream_sha2_512_224_test.cpp"><Filter>src</Filter></ClCompile>
		<ClCompile Include="$(MSBuildThisFileDirectory)..\..\..\src\mk_lib_crypto_hash_stream_sha2_512_256.c"><Filter>src</Filter></ClCompile>
		<ClCompile Include="$(MSBuildThisFileDirectory)..\..\..\src\mk_lib_crypto_hash_stream_sha2_512_256_fuzz.c"><Filter>src</Filter></ClCompile>
		<ClCompile Include="$(MSBuildThisFileDirectory)..\..\..\src\mk_lib_crypto_hash_stream_sha2_512_256_test.cpp"><Filter>src</Filter></ClCompile>
		<ClCompile Include="$(MSBuildThisFileDirectory)..\..\..\src\mk_lib_crypto_hash_stream_sha2_512_fuzz.c"><Filter>src</Filter></ClCompile>
		<ClCompile Include="$(MSBuildThisFileDirectory)..\..\..\src\mk_lib_crypto_hash_stream_sha2_512_test.cpp"><Filter>src</Filter></ClCompile>
		<ClCompile Include="$(MSBuildThisFileDirectory)..\..\..\src\mk_lib_crypto_hash_stream_sha3_224.c"><Filter>src</Filter></ClCompile>
		<ClCompile Include="$(MSBuildThisFileDirectory)..\..\..\src\mk_lib_crypto_hash_stream_sha3_224_fuzz.c"><Filter>src</Filter></ClCompile>
		<ClCompile Include="$(MSBuildThisFileDirectory)..\..\..\src\mk_lib_crypto_hash_stream_sha3_224_test.cpp"><Filter>src</Filter></ClCompile>
		<ClCompile Include="$(MSBuildThisFileDirectory)..\..\..\src\mk_lib_crypto_hash_stream_sha3_256.c"><Filter>src</Filter></ClCompile>
		<ClCompile Include="$(MSBuildThisFileDirectory)..\..\..\src\mk_lib_crypto_hash_stream_sha3_256_fuzz.c"><Filter>src</Filter></ClCompile>
		<ClCompile Include="$(MSBuildThisFileDirectory)..\..\..\src\mk_lib_crypto_hash_stream_sha3_256_test.cpp"><Filter>src</Filter></ClCompile>
		<ClCompile Include="$(MSBuildThisFileDirectory)..\..\..\src\mk_lib_crypto_hash_stream_sha3_384.c"><Filter>src</Filter></ClCompile>
		<ClCompile Include="$(MSBuildThisFileDirectory)..\..\..\src\mk_lib_crypto_hash_stream_sha3_384_fuzz.c"><Filter>src</Filter></ClCompile>
		<ClCompile Include="$(MSBuildThisFileDirectory)..\..\..\src\mk_lib_crypto_hash_stream_sha3_384_test.cpp"><Filter>src</Filter></ClCompile>
		<ClCompile Include="$(MSBuildThisFileDirectory)..\..\..\src\mk_lib_crypto_hash_stream_sha3_512.c"><Filter>src</Filter></ClCompile>
		<ClCompile Include="$(MSBuildThisFileDirectory)..\..\..\src\mk_lib_crypto_hash_stream_sha3_512_fuzz.c"><Filter>src</Filter></ClCompile>
		<ClCompile Include="$(MSBuildThisFileDirectory)..\..\..\src\mk_lib_crypto_hash_stream_sha3_512_test.cpp"><Filter>src</Filter></ClCompile>
		<ClCompile Include="$(MSBuildThisFileDirectory)..\..\..\src\mk_lib_crypto_xof_block_shake_128.c"><Filter>src</Filter></ClCompile>
		<ClCompile Include="$(MSBuildThisFileDirectory)..\..\..\src\mk_lib_crypto_xof_block_shake_256.c"><Filter>src</Filter></ClCompile>
		<ClCompile Include="$(MSBuildThisFileDirectory)..\..\..\src\mk_lib_crypto_xof_stream_shake_128.c"><Filter>src</Filter></ClCompile>
		<ClCompile Include="$(MSBuildThisFileDirectory)..\..\..\src\mk_lib_crypto_xof_stream_shake_128_fuzz.c"><Filter>src</Filter></ClCompile>
		<ClCompile Include="$(MSBuildThisFileDirectory)..\..\..\src\mk_lib_crypto_xof_stream_shake_128_test.cpp"><Filter>src</Filter></ClCompile>
		<ClCompile Include="$(MSBuildThisFileDirectory)..\..\..\src\mk_lib_crypto_xof_stream_shake_256.c"><Filter>src</Filter></ClCompile>
		<ClCompile Include="$(MSBuildThisFileDirectory)..\..\..\src\mk_lib_crypto_xof_stream_shake_256_fuzz.c"><Filter>src</Filter></ClCompile>
		<ClCompile Include="$(MSBuildThisFileDirectory)..\..\..\src\mk_lib_crypto_xof_stream_shake_256_test.cpp"><Filter>src</Filter></ClCompile>
		<ClInclude Include="$(MSBuildThisFileDirectory)..\..\..\src\mk_lib_crypto_any_piecewise_fuzz.h"><Filter>src</Filter></ClInclude>
		<ClInclude Include="$(MSBuildThisFileDirectory)..\..\..\src\mk_lib_crypto_hash_block_blake2s_128.h"><Filter>src</Filter></ClInclude>
		<ClInclude Include="$(MSBuildThisFileDirectory)..\..\..\src\mk_lib_crypto_hash_block_blake2s_160.h"><Filter>src</Filter></ClInclude>
		<ClInclude Include="$(MSBuildThisFileDirectory)..\..\..\src\mk_lib_crypto_hash_block_blake2s_224.h"><Filter>src</Filter></ClInclude>
		<ClInclude Include="$(MSBuildThisFileDirectory)..\..\..\src\mk_lib_crypto_hash_block_blake2s_256.h"><Filter>src</Filter></ClInclude>
		<ClInclude Include="$(MSBuildThisFileDirectory)..\..\..\src\mk_lib_crypto_hash_block_md2.h"><Filter>src</Filter></ClInclude>
		<ClInclude Include="$(MSBuildThisFileDirectory)..\..\..\src\mk_lib_crypto_hash_block_md4.h"><Filter>src</Filter></ClInclude>
		<ClInclude Include="$(MSBuildThisFileDirectory)..\..\..\src\mk_lib_crypto_hash_block_md5.h"><Filter>src</Filter></ClInclude>
		<ClInclude Include="$(MSBuildThisFileDirectory)..\..\..\src\mk_lib_crypto_hash_block_sha0.h"><Filter>src</Filter></ClInclude>
		<ClInclude Include="$(MSBuildThisFileDirectory)..\..\..\src\mk_lib_crypto_hash_block_sha1.h"><Filter>src</Filter></ClInclude>
		<ClInclude Include="$(MSBuildThisFileDirectory)..\..\..\src\mk_lib_crypto_hash_block_sha1_portable.h"><Filter>src</Filter></ClInclude>
		<ClInclude Include="$(MSBuildThisFileDirectory)..\..\..\src\mk_lib_crypto_hash_block_sha1_x86.h"><Filter>src</Filter></ClInclude>
		<ClInclude Include="$(MSBuildThisFileDirectory)..\..\..\src\mk_lib_crypto_hash_block_sha2_224.h"><Filter>src</Filter></ClInclude>
		<ClInclude Include="$(MSBuildThisFileDirectory)..\..\..\src\mk_lib_crypto_hash_block_sha2_256.h"><Filter>src</Filter></ClInclude>
		<ClInclude Include="$(MSBuildThisFileDirectory)..\..\..\src\mk_lib_crypto_hash_block_sha2_384.h"><Filter>src</Filter></ClInclude>
		<ClInclude Include="$(MSBuildThisFileDirectory)..\..\..\src\mk_lib_crypto_hash_block_sha2_512.h"><Filter>src</Filter></ClInclude>
		<ClInclude Include="$(MSBuildThisFileDirectory)..\..\..\src\mk_lib_crypto_hash_block_sha2_512_224.h"><Filter>src</Filter></ClInclude>
		<ClInclude Include="$(MSBuildThisFileDirectory)..\..\..\src\mk_lib_crypto_hash_block_sha2_512_256.h"><Filter>src</Filter></ClInclude>
		<ClInclude Include="$(MSBuildThisFileDirectory)..\..\..\src\mk_lib_crypto_hash_block_sha3_224.h"><Filter>src</Filter></ClInclude>
		<ClInclude Include="$(MSBuildThisFileDirectory)..\..\..\src\mk_lib_crypto_hash_block_sha3_256.h"><Filter>src</Filter></ClInclude>
		<ClInclude Include="$(MSBuildThisFileDirectory)..\..\..\src\mk_lib_crypto_hash_block_sha3_384.h"><Filter>src</Filter></ClInclude>
		<ClInclude Include="$(MSBuildThisFileDirectory)..\..\..\src\mk_lib_crypto_hash_block_sha3_512.h"><Filter>src</Filter></ClInclude>
		<ClInclude Include="$(MSBuildThisFileDirectory)..\..\..\src\mk_lib_crypto_hash_stream_blake2s_128.h"><Filter>src</Filter></ClInclude>
		<ClInclude Include="$(MSBuildThisFileDirectory)..\..\..\src\mk_lib_crypto_hash_stream_blake2s_128_fuzz.h"><Filter>src</Filter></ClInclude>
		<ClInclude Include="$(MSBuildThisFileDirectory)..\..\..\src\mk_lib_crypto_hash_stream_blake2s_128_test.hpp"><Filter>src</Filter></ClInclude>
		<ClInclude Include="$(MSBuildThisFileDirectory)..\..\..\src\mk_lib_crypto_hash_stream_blake2s_160.h"><Filter>src</Filter></ClInclude>
		<ClInclude Include="$(MSBuildThisFileDirectory)..\..\..\src\mk_lib_crypto_hash_stream_blake2s_160_fuzz.h"><Filter>src</Filter></ClInclude>
		<ClInclude Include="$(MSBuildThisFileDirectory)..\..\..\src\mk_lib_crypto_hash_stream_blake2s_160_test.hpp"><Filter>src</Filter></ClInclude>
		<ClInclude Include="$(MSBuildThisFileDirectory)..\..\..\src\mk_lib_crypto_hash_stream_blake2s_224.h"><Filter>src</Filter></ClInclude>
		<ClInclude Include="$(MSBuildThisFileDirectory)..\..\..\src\mk_lib_crypto_hash_stream_blake2s_224_fuzz.h"><Filter>src</Filter></ClInclude>
		<ClInclude Include="$(MSBuildThisFileDirectory)..\..\..\src\mk_lib_crypto_hash_stream_blake2s_224_test.hpp"><Filter>src</Filter></ClInclude>
		<ClInclude Include="$(MSBuildThisFileDirectory)..\..\..\src\mk_lib_crypto_hash_stream_blake2s_256.h"><Filter>src</Filter></ClInclude>
		<ClInclude Include="$(MSBuildThisFileDirectory)..\..\..\src\mk_lib_crypto_hash_stream_blake2s_256_fuzz.h"><Filter>src</Filter></ClInclude>
		<ClInclude Include="$(MSBuildThisFileDirectory)..\..\..\src\mk_lib_crypto_hash_stream_blake2s_256_test.hpp"><Filter>src</Filter></ClInclude>
		<ClInclude Include="$(MSBuildThisFileDirectory)..\..\..\src\mk_lib_crypto_hash_stream_md2.h"><Filter>src</Filter></ClInclude>
		<ClInclude Include="$(MSBuildThisFileDirectory)..\..\..\src\mk_lib_crypto_hash_stream_md2_fuzz.h"><Filter>src</Filter></ClInclude>
		<ClInclude Include="$(MSBuildThisFileDirectory)..\..\..\src\mk_lib_crypto_hash_stream_md2_test.hpp"><Filter>src</Filter></ClInclude>
		<ClInclude Include="$(MSBuildThisFileDirectory)..\..\..\src\mk_lib_crypto_hash_stream_md4.h"><Filter>src</Filter></ClInclude>
		<ClInclude Include="$(MSBuildThisFileDirectory)..\..\..\src\mk_lib_crypto_hash_stream_md4_fuzz.h"><Filter>src</Filter></ClInclude>
		<ClInclude Include="$(MSBuildThisFileDirectory)..\..\..\src\mk_lib_crypto_hash_stream_md4_test.hpp"><Filter>src</Filter></ClInclude>
		<ClInclude Include="$(MSBuildThisFileDirectory)..\..\..\src\mk_lib_crypto_hash_stream_md5.h"><Filter>src</Filter></ClInclude>
		<ClInclude Include="$(MSBuildThisFileDirectory)..\..\..\src\mk_lib_crypto_hash_stream_md5_fuzz.h"><Filter>src</Filter></ClInclude>
		<ClInclude Include="$(MSBuildThisFileDirectory)..\..\..\src\mk_lib_crypto_hash_stream_md5_test.hpp"><Filter>src</Filter></ClInclude>
		<ClInclude Include="$(MSBuildThisFileDirectory)..\..\..\src\mk_lib_crypto_hash_stream_sha0.h"><Filter>src</Filter></ClInclude>
		<ClInclude Include="$(MSBuildThisFileDirectory)..\..\..\src\mk_lib_crypto_hash_stream_sha0_test.hpp"><Filter>src</Filter></ClInclude>
		<ClInclude Include="$(MSBuildThisFileDirectory)..\..\..\src\mk_lib_crypto_hash_stream_sha1.h"><Filter>src</Filter></ClInclude>
		<ClInclude Include="$(MSBuildThisFileDirectory)..\..\..\src\mk_lib_crypto_hash_stream_sha1_fuzz.h"><Filter>src</Filter></ClInclude>
		<ClInclude Include="$(MSBuildThisFileDirectory)..\..\..\src\mk_lib_crypto_hash_stream_sha1_test.hpp"><Filter>src</Filter></ClInclude>
		<ClInclude Include="$(MSBuildThisFileDirectory)..\..\..\src\mk_lib_crypto_hash_stream_sha2_224.h"><Filter>src</Filter></ClInclude>
		<ClInclude Include="$(MSBuildThisFileDirectory)..\..\..\src\mk_lib_crypto_hash_stream_sha2_224_fuzz.h"><Filter>src</Filter></ClInclude>
		<ClInclude Include="$(MSBuildThisFileDirectory)..\..\..\src\mk_lib_crypto_hash_stream_sha2_224_test.hpp"><Filter>src</Filter></ClInclude>
		<ClInclude Include="$(MSBuildThisFileDirectory)..\..\..\src\mk_lib_crypto_hash_stream_sha2_256.h"><Filter>src</Filter></ClInclude>
		<ClInclude Include="$(MSBuildThisFileDirectory)..\..\..\src\mk_lib_crypto_hash_stream_sha2_256_fuzz.h"><Filter>src</Filter></ClInclude>
		<ClInclude Include="$(MSBuildThisFileDirectory)..\..\..\src\mk_lib_crypto_hash_stream_sha2_256_test.hpp"><Filter>src</Filter></ClInclude>
		<ClInclude Include="$(MSBuildThisFileDirectory)..\..\..\src\mk_lib_crypto_hash_stream_sha2_384.h"><Filter>src</Filter></ClInclude>
		<ClInclude Include="$(MSBuildThisFileDirectory)..\..\..\src\mk_lib_crypto_hash_stream_sha2_384_fuzz.h"><Filter>src</Filter></ClInclude>
		<ClInclude Include="$(MSBuildThisFileDirectory)..\..\..\src\mk_lib_crypto_hash_stream_sha2_384_test.hpp"><Filter>src</Filter></ClInclude>
		<ClInclude Include="$(MSBuildThisFileDirectory)..\..\..\src\mk_lib_crypto_hash_stream_sha2_512.h"><Filter>src</Filter></ClInclude>
		<ClInclude Include="$(MSBuildThisFileDirectory)..\..\..\src\mk_lib_crypto_hash_stream_sha2_512_224.h"><Filter>src</Filter></ClInclude>
		<ClInclude Include="$(MSBuildThisFileDirectory)..\..\..\src\mk_lib_crypto_hash_stream_sha2_512_224_fuzz.h"><Filter>src</Filter></ClInclude>
		<ClInclude Include="$(MSBuildThisFileDirectory)..\..\..\src\mk_lib_crypto_hash_stream_sha2_512_224_test.hpp"><Filter>src</Filter></ClInclude>
		<ClInclude Include="$(MSBuildThisFileDirectory)..\..\..\src\mk_lib_crypto_hash_stream_sha2_512_256.h"><Filter>src</Filter></ClInclude>
		<ClInclude Include="$(MSBuildThisFileDirectory)..\..\..\src\mk_lib_crypto_hash_stream_sha2_512_256_fuzz.h"><Filter>src</Filter></ClInclude>
		<ClInclude Include="$(MSBuildThisFileDirectory)..\..\..\src\mk_lib_crypto_hash_stream_sha2_512_256_test.hpp"><Filter>src</Filter></ClInclude>
		<ClInclude Include="$(MSBuildThisFileDirectory)..\..\..\src\mk_lib_crypto_hash_stream_sha2_512_fuzz.h"><Filter>src</Filter></ClInclude>
		<ClInclude Include="$(MSBuildThisFileDirectory)..\..\..\src\mk_lib_crypto_hash_stream_sha2_512_test.hpp"><Filter>src</Filter></ClInclude>
		<ClInclude Include="$(MSBuildThisFileDirectory)..\..\..\src\mk_lib_crypto_hash_stream_sha3_224.h"><Filter>src</Filter></ClInclude>
		<ClInclude Include="$(MSBuildThisFileDirectory)..\..\..\src\mk_lib_crypto_hash_stream_sha3_224_fuzz.h"><Filter>src</Filter></ClInclude>
		<ClInclude Include="$(MSBuildThisFileDirectory)..\..\..\src\mk_lib_crypto_hash_stream_sha3_224_test.hpp"><Filter>src</Filter></ClInclude>
		<ClInclude Include="$(MSBuildThisFileDirectory)..\..\..\src\mk_lib_crypto_hash_stream_sha3_256.h"><Filter>src</Filter></ClInclude>
		<ClInclude Include="$(MSBuildThisFileDirectory)..\..\..\src\mk_lib_crypto_hash_stream_sha3_256_fuzz.h"><Filter>src</Filter></ClInclude>
		<ClInclude Include="$(MSBuildThisFileDirectory)..\..\..\src\mk_lib_crypto_hash_stream_sha3_256_test.hpp"><Filter>src</Filter></ClInclude>
		<ClInclude Include="$(MSBuildThisFileDirectory)..\..\..\src\mk_lib_crypto_hash_stream_sha3_384.h"><Filter>src</Filter></ClInclude>
		<ClInclude Include="$(MSBuildThisFileDirectory)..\..\..\src\mk_lib_crypto_hash_stream_sha3_384_fuzz.h"><Filter>src</Filter></ClInclude>
		<ClInclude Include="$(MSBuildThisFileDirectory)..\..\..\src\mk_lib_crypto_hash_stream_sha3_384_test.hpp"><Filter>src</Filter></ClInclude>
		<ClInclude Include="$(MSBuildThisFileDirectory)..\..\..\src\mk_lib_crypto_hash_stream_sha3_512.h"><Filter>src</Filter></ClInclude>
		<ClInclude Include="$(MSBuildThisFileDirectory)..\..\..\src\mk_lib_crypto_hash_stream_sha3_512_fuzz.h"><Filter>src</Filter></ClInclude>
		<ClInclude Include="$(MSBuildThisFileDirectory)..\..\..\src\mk_lib_crypto_hash_stream_sha3_512_test.hpp"><Filter>src</Filter></ClInclude>
		<ClInclude Include="$(MSBuildThisFileDirectory)..\..\..\src\mk_lib_crypto_xof_block_shake_128.h"><Filter>src</Filter></ClInclude>
		<ClInclude Include="$(MSBuildThisFileDirectory)..\..\..\src\mk_lib_crypto_xof_block_shake_256.h"><Filter>src</Filter></ClInclude>
		<ClInclude Include="$(MSBuildThisFileDirectory)..\..\..\src\mk_lib_crypto_xof_stream_shake_128.h"><Filter>src</Filter></ClInclude>
		<ClInclude Include="$(MSBuildThisFileDirectory)..\..\..\src\mk_lib_crypto_xof_stream_shake_128_fuzz.h"><Filter>src</Filter></ClInclude>
		<ClInclude Include="$(MSBuildThisFileDirectory)..\..\..\src\mk_lib_crypto_xof_stream_shake_128_test.hpp"><Filter>src</Filter></ClInclude>
		<ClInclude Include="$(MSBuildThisFileDirectory)..\..\..\src\mk_lib_crypto_xof_stream_shake_256.h"><Filter>src</Filter></ClInclude>
		<ClInclude Include="$(MSBuildThisFileDirectory)..\..\..\src\mk_lib_crypto_xof_stream_shake_256_fuzz.h"><Filter>src</Filter></ClInclude>
		<ClInclude Include="$(MSBuildThisFileDirectory)..\..\..\src\mk_lib_crypto_xof_stream_shake_256_test.hpp"><Filter>src</Filter></ClInclude>
	</ItemGroup>
</Project>
