<?xml version="1.0" encoding="utf-8"?>
<Project ToolsVersion="4.0" xmlns="http://schemas.microsoft.com/developer/msbuild/2003">
	<ItemGroup>
		<Filter Include="src">
			<UniqueIdentifier>{4439eb74-3c85-459c-a705-9bcffb078502}</UniqueIdentifier>
		</Filter>
	</ItemGroup>
	<ItemGroup>
		<None Include="$(MSBuildThisFileDirectory)..\..\..\src\.editorconfig"><Filter>src</Filter></None>
	</ItemGroup>
	<ItemGroup>
		<ClInclude Include="$(MSBuildThisFileDirectory)..\..\..\src\mk_clib_app_factorial.h"><Filter>src</Filter></ClInclude>
		<ClInclude Include="$(MSBuildThisFileDirectory)..\..\..\src\mk_clib_app_fuzz.h"><Filter>src</Filter></ClInclude>
		<ClInclude Include="$(MSBuildThisFileDirectory)..\..\..\src\mk_clib_app_info.h"><Filter>src</Filter></ClInclude>
		<ClInclude Include="$(MSBuildThisFileDirectory)..\..\..\src\mk_clib_app_test.h"><Filter>src</Filter></ClInclude>
		<ClInclude Include="$(MSBuildThisFileDirectory)..\..\..\src\mk_clib_fuzz.h"><Filter>src</Filter></ClInclude>
		<ClInclude Include="$(MSBuildThisFileDirectory)..\..\..\src\mk_clib_test.h"><Filter>src</Filter></ClInclude>
		<ClInclude Include="$(MSBuildThisFileDirectory)..\..\..\src\mk_lang_arch.h"><Filter>src</Filter></ClInclude>
		<ClInclude Include="$(MSBuildThisFileDirectory)..\..\..\src\mk_lang_assert.h"><Filter>src</Filter></ClInclude>
		<ClInclude Include="$(MSBuildThisFileDirectory)..\..\..\src\mk_lang_bi.h"><Filter>src</Filter></ClInclude>
		<ClInclude Include="$(MSBuildThisFileDirectory)..\..\..\src\mk_lang_bi_info.h"><Filter>src</Filter></ClInclude>
		<ClInclude Include="$(MSBuildThisFileDirectory)..\..\..\src\mk_lang_bi_test.h"><Filter>src</Filter></ClInclude>
		<ClInclude Include="$(MSBuildThisFileDirectory)..\..\..\src\mk_lang_bool.h"><Filter>src</Filter></ClInclude>
		<ClInclude Include="$(MSBuildThisFileDirectory)..\..\..\src\mk_lang_bui.h"><Filter>src</Filter></ClInclude>
		<ClInclude Include="$(MSBuildThisFileDirectory)..\..\..\src\mk_lang_bui_divmod.h"><Filter>src</Filter></ClInclude>
		<ClInclude Include="$(MSBuildThisFileDirectory)..\..\..\src\mk_lang_bui_divmod_fuzz.h"><Filter>src</Filter></ClInclude>
		<ClInclude Include="$(MSBuildThisFileDirectory)..\..\..\src\mk_lang_bui_divmod_fuzz_inl_call.h"><Filter>src</Filter></ClInclude>
		<ClInclude Include="$(MSBuildThisFileDirectory)..\..\..\src\mk_lang_bui_divmod_fuzz_inl_call_defd.h"><Filter>src</Filter></ClInclude>
		<ClInclude Include="$(MSBuildThisFileDirectory)..\..\..\src\mk_lang_bui_divmod_fuzz_inl_call_defu.h"><Filter>src</Filter></ClInclude>
		<ClInclude Include="$(MSBuildThisFileDirectory)..\..\..\src\mk_lang_bui_divmod_fuzz_inl_func.h"><Filter>src</Filter></ClInclude>
		<ClInclude Include="$(MSBuildThisFileDirectory)..\..\..\src\mk_lang_bui_divmod_fuzz_inl_func_defd.h"><Filter>src</Filter></ClInclude>
		<ClInclude Include="$(MSBuildThisFileDirectory)..\..\..\src\mk_lang_bui_divmod_fuzz_inl_func_defu.h"><Filter>src</Filter></ClInclude>
		<ClInclude Include="$(MSBuildThisFileDirectory)..\..\..\src\mk_lang_bui_divmod_inl_defd.h"><Filter>src</Filter></ClInclude>
		<ClInclude Include="$(MSBuildThisFileDirectory)..\..\..\src\mk_lang_bui_divmod_inl_defu.h"><Filter>src</Filter></ClInclude>
		<ClInclude Include="$(MSBuildThisFileDirectory)..\..\..\src\mk_lang_bui_divmod_inl_filec.h"><Filter>src</Filter></ClInclude>
		<ClInclude Include="$(MSBuildThisFileDirectory)..\..\..\src\mk_lang_bui_divmod_inl_fileh.h"><Filter>src</Filter></ClInclude>
		<ClInclude Include="$(MSBuildThisFileDirectory)..\..\..\src\mk_lang_bui_inl_defd.h"><Filter>src</Filter></ClInclude>
		<ClInclude Include="$(MSBuildThisFileDirectory)..\..\..\src\mk_lang_bui_inl_defu.h"><Filter>src</Filter></ClInclude>
		<ClInclude Include="$(MSBuildThisFileDirectory)..\..\..\src\mk_lang_bui_inl_filec.h"><Filter>src</Filter></ClInclude>
		<ClInclude Include="$(MSBuildThisFileDirectory)..\..\..\src\mk_lang_bui_inl_fileh.h"><Filter>src</Filter></ClInclude>
		<ClInclude Include="$(MSBuildThisFileDirectory)..\..\..\src\mk_lang_bui_inl_tofrom_bi_inl_defd.h"><Filter>src</Filter></ClInclude>
		<ClInclude Include="$(MSBuildThisFileDirectory)..\..\..\src\mk_lang_bui_inl_tofrom_bi_inl_defu.h"><Filter>src</Filter></ClInclude>
		<ClInclude Include="$(MSBuildThisFileDirectory)..\..\..\src\mk_lang_bui_inl_tofrom_bi_inl_filec.h"><Filter>src</Filter></ClInclude>
		<ClInclude Include="$(MSBuildThisFileDirectory)..\..\..\src\mk_lang_bui_inl_tofrom_bi_inl_fileh.h"><Filter>src</Filter></ClInclude>
		<ClInclude Include="$(MSBuildThisFileDirectory)..\..\..\src\mk_lang_bui_inl_tofrom_buis_inl_defd.h"><Filter>src</Filter></ClInclude>
		<ClInclude Include="$(MSBuildThisFileDirectory)..\..\..\src\mk_lang_bui_inl_tofrom_buis_inl_defu.h"><Filter>src</Filter></ClInclude>
		<ClInclude Include="$(MSBuildThisFileDirectory)..\..\..\src\mk_lang_bui_inl_tofrom_buis_inl_filec.h"><Filter>src</Filter></ClInclude>
		<ClInclude Include="$(MSBuildThisFileDirectory)..\..\..\src\mk_lang_bui_inl_tofrom_buis_inl_fileh.h"><Filter>src</Filter></ClInclude>
		<ClInclude Include="$(MSBuildThisFileDirectory)..\..\..\src\mk_lang_bui_to2.h"><Filter>src</Filter></ClInclude>
		<ClInclude Include="$(MSBuildThisFileDirectory)..\..\..\src\mk_lang_bui_to3.h"><Filter>src</Filter></ClInclude>
		<ClInclude Include="$(MSBuildThisFileDirectory)..\..\..\src\mk_lang_charbit.h"><Filter>src</Filter></ClInclude>
		<ClInclude Include="$(MSBuildThisFileDirectory)..\..\..\src\mk_lang_clamp.h"><Filter>src</Filter></ClInclude>
		<ClInclude Include="$(MSBuildThisFileDirectory)..\..\..\src\mk_lang_concat.h"><Filter>src</Filter></ClInclude>
		<ClInclude Include="$(MSBuildThisFileDirectory)..\..\..\src\mk_lang_cpp.h"><Filter>src</Filter></ClInclude>
		<ClInclude Include="$(MSBuildThisFileDirectory)..\..\..\src\mk_lang_crash.h"><Filter>src</Filter></ClInclude>
		<ClInclude Include="$(MSBuildThisFileDirectory)..\..\..\src\mk_lang_div_roundup.h"><Filter>src</Filter></ClInclude>
		<ClInclude Include="$(MSBuildThisFileDirectory)..\..\..\src\mk_lang_endian.h"><Filter>src</Filter></ClInclude>
		<ClInclude Include="$(MSBuildThisFileDirectory)..\..\..\src\mk_lang_for_constants.h"><Filter>src</Filter></ClInclude>
		<ClInclude Include="$(MSBuildThisFileDirectory)..\..\..\src\mk_lang_fora1.h"><Filter>src</Filter></ClInclude>
		<ClInclude Include="$(MSBuildThisFileDirectory)..\..\..\src\mk_lang_fora2.h"><Filter>src</Filter></ClInclude>
		<ClInclude Include="$(MSBuildThisFileDirectory)..\..\..\src\mk_lang_fora3.h"><Filter>src</Filter></ClInclude>
		<ClInclude Include="$(MSBuildThisFileDirectory)..\..\..\src\mk_lang_fora4.h"><Filter>src</Filter></ClInclude>
		<ClInclude Include="$(MSBuildThisFileDirectory)..\..\..\src\mk_lang_fora5.h"><Filter>src</Filter></ClInclude>
		<ClInclude Include="$(MSBuildThisFileDirectory)..\..\..\src\mk_lang_fora6.h"><Filter>src</Filter></ClInclude>
		<ClInclude Include="$(MSBuildThisFileDirectory)..\..\..\src\mk_lang_fora_bi.h"><Filter>src</Filter></ClInclude>
		<ClInclude Include="$(MSBuildThisFileDirectory)..\..\..\src\mk_lang_fora_bui.h"><Filter>src</Filter></ClInclude>
		<ClInclude Include="$(MSBuildThisFileDirectory)..\..\..\src\mk_lang_fora_bui2.h"><Filter>src</Filter></ClInclude>
		<ClInclude Include="$(MSBuildThisFileDirectory)..\..\..\src\mk_lang_fora_count.h"><Filter>src</Filter></ClInclude>
		<ClInclude Include="$(MSBuildThisFileDirectory)..\..\..\src\mk_lang_fora_count2.h"><Filter>src</Filter></ClInclude>
		<ClInclude Include="$(MSBuildThisFileDirectory)..\..\..\src\mk_lang_fora_divalg.h"><Filter>src</Filter></ClInclude>
		<ClInclude Include="$(MSBuildThisFileDirectory)..\..\..\src\mk_lang_fora_endian.h"><Filter>src</Filter></ClInclude>
		<ClInclude Include="$(MSBuildThisFileDirectory)..\..\..\src\mk_lang_forb1.h"><Filter>src</Filter></ClInclude>
		<ClInclude Include="$(MSBuildThisFileDirectory)..\..\..\src\mk_lang_forb2.h"><Filter>src</Filter></ClInclude>
		<ClInclude Include="$(MSBuildThisFileDirectory)..\..\..\src\mk_lang_forb3.h"><Filter>src</Filter></ClInclude>
		<ClInclude Include="$(MSBuildThisFileDirectory)..\..\..\src\mk_lang_forb4.h"><Filter>src</Filter></ClInclude>
		<ClInclude Include="$(MSBuildThisFileDirectory)..\..\..\src\mk_lang_forb5.h"><Filter>src</Filter></ClInclude>
		<ClInclude Include="$(MSBuildThisFileDirectory)..\..\..\src\mk_lang_forb6.h"><Filter>src</Filter></ClInclude>
		<ClInclude Include="$(MSBuildThisFileDirectory)..\..\..\src\mk_lang_forb_bi.h"><Filter>src</Filter></ClInclude>
		<ClInclude Include="$(MSBuildThisFileDirectory)..\..\..\src\mk_lang_forb_bui.h"><Filter>src</Filter></ClInclude>
		<ClInclude Include="$(MSBuildThisFileDirectory)..\..\..\src\mk_lang_forb_bui2.h"><Filter>src</Filter></ClInclude>
		<ClInclude Include="$(MSBuildThisFileDirectory)..\..\..\src\mk_lang_forb_count.h"><Filter>src</Filter></ClInclude>
		<ClInclude Include="$(MSBuildThisFileDirectory)..\..\..\src\mk_lang_forb_count2.h"><Filter>src</Filter></ClInclude>
		<ClInclude Include="$(MSBuildThisFileDirectory)..\..\..\src\mk_lang_forb_divalg.h"><Filter>src</Filter></ClInclude>
		<ClInclude Include="$(MSBuildThisFileDirectory)..\..\..\src\mk_lang_forb_endian.h"><Filter>src</Filter></ClInclude>
		<ClInclude Include="$(MSBuildThisFileDirectory)..\..\..\src\mk_lang_inline.h"><Filter>src</Filter></ClInclude>
		<ClInclude Include="$(MSBuildThisFileDirectory)..\..\..\src\mk_lang_intmaxt.h"><Filter>src</Filter></ClInclude>
		<ClInclude Include="$(MSBuildThisFileDirectory)..\..\..\src\mk_lang_intptrt.h"><Filter>src</Filter></ClInclude>
		<ClInclude Include="$(MSBuildThisFileDirectory)..\..\..\src\mk_lang_jumbo.h"><Filter>src</Filter></ClInclude>
		<ClInclude Include="$(MSBuildThisFileDirectory)..\..\..\src\mk_lang_likely.h"><Filter>src</Filter></ClInclude>
		<ClInclude Include="$(MSBuildThisFileDirectory)..\..\..\src\mk_lang_lllong.h"><Filter>src</Filter></ClInclude>
		<ClInclude Include="$(MSBuildThisFileDirectory)..\..\..\src\mk_lang_llong.h"><Filter>src</Filter></ClInclude>
		<ClInclude Include="$(MSBuildThisFileDirectory)..\..\..\src\mk_lang_max.h"><Filter>src</Filter></ClInclude>
		<ClInclude Include="$(MSBuildThisFileDirectory)..\..\..\src\mk_lang_memcpy.h"><Filter>src</Filter></ClInclude>
		<ClInclude Include="$(MSBuildThisFileDirectory)..\..\..\src\mk_lang_memmove.h"><Filter>src</Filter></ClInclude>
		<ClInclude Include="$(MSBuildThisFileDirectory)..\..\..\src\mk_lang_min.h"><Filter>src</Filter></ClInclude>
		<ClInclude Include="$(MSBuildThisFileDirectory)..\..\..\src\mk_lang_nodiscard.h"><Filter>src</Filter></ClInclude>
		<ClInclude Include="$(MSBuildThisFileDirectory)..\..\..\src\mk_lang_noexcept.h"><Filter>src</Filter></ClInclude>
		<ClInclude Include="$(MSBuildThisFileDirectory)..\..\..\src\mk_lang_noreturn.h"><Filter>src</Filter></ClInclude>
		<ClInclude Include="$(MSBuildThisFileDirectory)..\..\..\src\mk_lang_null.h"><Filter>src</Filter></ClInclude>
		<ClInclude Include="$(MSBuildThisFileDirectory)..\..\..\src\mk_lang_restrict.h"><Filter>src</Filter></ClInclude>
		<ClInclude Include="$(MSBuildThisFileDirectory)..\..\..\src\mk_lang_sizeof.h"><Filter>src</Filter></ClInclude>
		<ClInclude Include="$(MSBuildThisFileDirectory)..\..\..\src\mk_lang_sizeof_test.h"><Filter>src</Filter></ClInclude>
		<ClInclude Include="$(MSBuildThisFileDirectory)..\..\..\src\mk_lang_sizet.h"><Filter>src</Filter></ClInclude>
		<ClInclude Include="$(MSBuildThisFileDirectory)..\..\..\src\mk_lang_static_assert.h"><Filter>src</Filter></ClInclude>
		<ClInclude Include="$(MSBuildThisFileDirectory)..\..\..\src\mk_sl_cui.h"><Filter>src</Filter></ClInclude>
		<ClInclude Include="$(MSBuildThisFileDirectory)..\..\..\src\mk_sl_cui_fuzz.h"><Filter>src</Filter></ClInclude>
		<ClInclude Include="$(MSBuildThisFileDirectory)..\..\..\src\mk_sl_cui_fuzz_inl_call.h"><Filter>src</Filter></ClInclude>
		<ClInclude Include="$(MSBuildThisFileDirectory)..\..\..\src\mk_sl_cui_fuzz_inl_defd.h"><Filter>src</Filter></ClInclude>
		<ClInclude Include="$(MSBuildThisFileDirectory)..\..\..\src\mk_sl_cui_fuzz_inl_defu.h"><Filter>src</Filter></ClInclude>
		<ClInclude Include="$(MSBuildThisFileDirectory)..\..\..\src\mk_sl_cui_fuzz_inl_func.h"><Filter>src</Filter></ClInclude>
		<ClInclude Include="$(MSBuildThisFileDirectory)..\..\..\src\mk_sl_cui_fuzz_inl_tofrom_bi_inl_call.h"><Filter>src</Filter></ClInclude>
		<ClInclude Include="$(MSBuildThisFileDirectory)..\..\..\src\mk_sl_cui_fuzz_inl_tofrom_bi_inl_defd.h"><Filter>src</Filter></ClInclude>
		<ClInclude Include="$(MSBuildThisFileDirectory)..\..\..\src\mk_sl_cui_fuzz_inl_tofrom_bi_inl_defu.h"><Filter>src</Filter></ClInclude>
		<ClInclude Include="$(MSBuildThisFileDirectory)..\..\..\src\mk_sl_cui_fuzz_inl_tofrom_bi_inl_func.h"><Filter>src</Filter></ClInclude>
		<ClInclude Include="$(MSBuildThisFileDirectory)..\..\..\src\mk_sl_cui_fuzz_inl_tofrom_buis_inl_call.h"><Filter>src</Filter></ClInclude>
		<ClInclude Include="$(MSBuildThisFileDirectory)..\..\..\src\mk_sl_cui_fuzz_inl_tofrom_buis_inl_defd.h"><Filter>src</Filter></ClInclude>
		<ClInclude Include="$(MSBuildThisFileDirectory)..\..\..\src\mk_sl_cui_fuzz_inl_tofrom_buis_inl_defu.h"><Filter>src</Filter></ClInclude>
		<ClInclude Include="$(MSBuildThisFileDirectory)..\..\..\src\mk_sl_cui_fuzz_inl_tofrom_buis_inl_func.h"><Filter>src</Filter></ClInclude>
		<ClInclude Include="$(MSBuildThisFileDirectory)..\..\..\src\mk_sl_cui_inl_defd.h"><Filter>src</Filter></ClInclude>
		<ClInclude Include="$(MSBuildThisFileDirectory)..\..\..\src\mk_sl_cui_inl_defu.h"><Filter>src</Filter></ClInclude>
		<ClInclude Include="$(MSBuildThisFileDirectory)..\..\..\src\mk_sl_cui_inl_filec.h"><Filter>src</Filter></ClInclude>
		<ClInclude Include="$(MSBuildThisFileDirectory)..\..\..\src\mk_sl_cui_inl_fileh.h"><Filter>src</Filter></ClInclude>
		<ClInclude Include="$(MSBuildThisFileDirectory)..\..\..\src\mk_sl_cui_inl_tofrom_bi_inl_defd.h"><Filter>src</Filter></ClInclude>
		<ClInclude Include="$(MSBuildThisFileDirectory)..\..\..\src\mk_sl_cui_inl_tofrom_bi_inl_defu.h"><Filter>src</Filter></ClInclude>
		<ClInclude Include="$(MSBuildThisFileDirectory)..\..\..\src\mk_sl_cui_inl_tofrom_bi_inl_filec.h"><Filter>src</Filter></ClInclude>
		<ClInclude Include="$(MSBuildThisFileDirectory)..\..\..\src\mk_sl_cui_inl_tofrom_bi_inl_fileh.h"><Filter>src</Filter></ClInclude>
		<ClInclude Include="$(MSBuildThisFileDirectory)..\..\..\src\mk_sl_cui_inl_tofrom_buis_inl_defd.h"><Filter>src</Filter></ClInclude>
		<ClInclude Include="$(MSBuildThisFileDirectory)..\..\..\src\mk_sl_cui_inl_tofrom_buis_inl_defu.h"><Filter>src</Filter></ClInclude>
		<ClInclude Include="$(MSBuildThisFileDirectory)..\..\..\src\mk_sl_cui_inl_tofrom_buis_inl_filec.h"><Filter>src</Filter></ClInclude>
		<ClInclude Include="$(MSBuildThisFileDirectory)..\..\..\src\mk_sl_cui_inl_tofrom_buis_inl_fileh.h"><Filter>src</Filter></ClInclude>
	</ItemGroup>
	<ItemGroup>
		<ClCompile Include="$(MSBuildThisFileDirectory)..\..\..\src\mk_clib_app_factorial.c"><Filter>src</Filter></ClCompile>
		<ClCompile Include="$(MSBuildThisFileDirectory)..\..\..\src\mk_clib_app_fuzz.c"><Filter>src</Filter></ClCompile>
		<ClCompile Include="$(MSBuildThisFileDirectory)..\..\..\src\mk_clib_app_info.c"><Filter>src</Filter></ClCompile>
		<ClCompile Include="$(MSBuildThisFileDirectory)..\..\..\src\mk_clib_app_test.c"><Filter>src</Filter></ClCompile>
		<ClCompile Include="$(MSBuildThisFileDirectory)..\..\..\src\mk_clib_fuzz.c"><Filter>src</Filter></ClCompile>
		<ClCompile Include="$(MSBuildThisFileDirectory)..\..\..\src\mk_clib_test.c"><Filter>src</Filter></ClCompile>
		<ClCompile Include="$(MSBuildThisFileDirectory)..\..\..\src\mk_lang_bi_info.c"><Filter>src</Filter></ClCompile>
		<ClCompile Include="$(MSBuildThisFileDirectory)..\..\..\src\mk_lang_bi_test.c"><Filter>src</Filter></ClCompile>
		<ClCompile Include="$(MSBuildThisFileDirectory)..\..\..\src\mk_lang_bui.c"><Filter>src</Filter></ClCompile>
		<ClCompile Include="$(MSBuildThisFileDirectory)..\..\..\src\mk_lang_bui_divmod.c"><Filter>src</Filter></ClCompile>
		<ClCompile Include="$(MSBuildThisFileDirectory)..\..\..\src\mk_lang_bui_divmod_fuzz.c"><Filter>src</Filter></ClCompile>
		<ClCompile Include="$(MSBuildThisFileDirectory)..\..\..\src\mk_lang_crash.c"><Filter>src</Filter></ClCompile>
		<ClCompile Include="$(MSBuildThisFileDirectory)..\..\..\src\mk_lang_memcpy.c"><Filter>src</Filter></ClCompile>
		<ClCompile Include="$(MSBuildThisFileDirectory)..\..\..\src\mk_lang_memmove.c"><Filter>src</Filter></ClCompile>
		<ClCompile Include="$(MSBuildThisFileDirectory)..\..\..\src\mk_lang_sizeof_test.c"><Filter>src</Filter></ClCompile>
		<ClCompile Include="$(MSBuildThisFileDirectory)..\..\..\src\mk_sl_cui.c"><Filter>src</Filter></ClCompile>
		<ClCompile Include="$(MSBuildThisFileDirectory)..\..\..\src\mk_sl_cui_fuzz.c"><Filter>src</Filter></ClCompile>
	</ItemGroup>
</Project>
