<?xml version="1.0" encoding="utf-8"?>
<Project ToolsVersion="4.0" xmlns="http://schemas.microsoft.com/developer/msbuild/2003">
	<ItemGroup>
		<Filter Include="src">
			<UniqueIdentifier>{f599b1e7-10d7-41e0-b8b7-afa450513e4b}</UniqueIdentifier>
		</Filter>
	</ItemGroup>
	<ItemGroup>
		<None Include="$(MSBuildThisFileDirectory)..\..\..\src\.editorconfig"><Filter>src</Filter></None>
		<None Include="$(MSBuildThisFileDirectory)..\..\..\src\license.txt"><Filter>src</Filter></None>
	</ItemGroup>
	<ItemGroup>
		<ClInclude Include="$(MSBuildThisFileDirectory)..\..\..\src\mk_lang_arch.h"><Filter>src</Filter></ClInclude>
		<ClInclude Include="$(MSBuildThisFileDirectory)..\..\..\src\mk_lang_builtin.h"><Filter>src</Filter></ClInclude>
		<ClInclude Include="$(MSBuildThisFileDirectory)..\..\..\src\mk_lang_charbit.h"><Filter>src</Filter></ClInclude>
		<ClInclude Include="$(MSBuildThisFileDirectory)..\..\..\src\mk_lang_compiler.h"><Filter>src</Filter></ClInclude>
		<ClInclude Include="$(MSBuildThisFileDirectory)..\..\..\src\mk_lang_concat.h"><Filter>src</Filter></ClInclude>
		<ClInclude Include="$(MSBuildThisFileDirectory)..\..\..\src\mk_lang_encoding.h"><Filter>src</Filter></ClInclude>
		<ClInclude Include="$(MSBuildThisFileDirectory)..\..\..\src\mk_lang_endian.h"><Filter>src</Filter></ClInclude>
		<ClInclude Include="$(MSBuildThisFileDirectory)..\..\..\src\mk_lang_likely.h"><Filter>src</Filter></ClInclude>
		<ClInclude Include="$(MSBuildThisFileDirectory)..\..\..\src\mk_lang_max.h"><Filter>src</Filter></ClInclude>
		<ClInclude Include="$(MSBuildThisFileDirectory)..\..\..\src\mk_lang_min.h"><Filter>src</Filter></ClInclude>
		<ClInclude Include="$(MSBuildThisFileDirectory)..\..\..\src\mk_lang_msvc.h"><Filter>src</Filter></ClInclude>
		<ClInclude Include="$(MSBuildThisFileDirectory)..\..\..\src\mk_lang_offsetof.h"><Filter>src</Filter></ClInclude>
		<ClInclude Include="$(MSBuildThisFileDirectory)..\..\..\src\mk_lang_platform.h"><Filter>src</Filter></ClInclude>
		<ClInclude Include="$(MSBuildThisFileDirectory)..\..\..\src\mk_lang_pow.h"><Filter>src</Filter></ClInclude>
		<ClInclude Include="$(MSBuildThisFileDirectory)..\..\..\src\mk_lang_pow2.h"><Filter>src</Filter></ClInclude>
		<ClInclude Include="$(MSBuildThisFileDirectory)..\..\..\src\mk_lang_roundup.h"><Filter>src</Filter></ClInclude>
		<ClInclude Include="$(MSBuildThisFileDirectory)..\..\..\src\mk_lang_str_style.h"><Filter>src</Filter></ClInclude>
		<ClInclude Include="$(MSBuildThisFileDirectory)..\..\..\src\mk_lang_stringify.h"><Filter>src</Filter></ClInclude>
		<ClInclude Include="$(MSBuildThisFileDirectory)..\..\..\src\mk_lang_version.h"><Filter>src</Filter></ClInclude>
		<ClInclude Include="$(MSBuildThisFileDirectory)..\..\..\src\mk_lang_warning_clang_pop.h"><Filter>src</Filter></ClInclude>
		<ClInclude Include="$(MSBuildThisFileDirectory)..\..\..\src\mk_lang_warning_clang_push_float_equal.h"><Filter>src</Filter></ClInclude>
		<ClInclude Include="$(MSBuildThisFileDirectory)..\..\..\src\mk_lang_warning_clang_push_tautological_unsigned_zero_compare.h.h"><Filter>src</Filter></ClInclude>
		<ClInclude Include="$(MSBuildThisFileDirectory)..\..\..\src\mk_lang_warning_clang_push_unused_function.h"><Filter>src</Filter></ClInclude>
		<ClInclude Include="$(MSBuildThisFileDirectory)..\..\..\src\mk_lang_warning_gcc_pop.h"><Filter>src</Filter></ClInclude>
		<ClInclude Include="$(MSBuildThisFileDirectory)..\..\..\src\mk_lang_warning_gcc_push_type_limits.h"><Filter>src</Filter></ClInclude>
		<ClInclude Include="$(MSBuildThisFileDirectory)..\..\..\src\mk_lang_warning_gcc_push_unused_function.h"><Filter>src</Filter></ClInclude>
		<ClInclude Include="$(MSBuildThisFileDirectory)..\..\..\src\mk_lang_warning_msvc_pop.h"><Filter>src</Filter></ClInclude>
		<ClInclude Include="$(MSBuildThisFileDirectory)..\..\..\src\mk_lang_warning_msvc_push_c4127.h"><Filter>src</Filter></ClInclude>
		<ClInclude Include="$(MSBuildThisFileDirectory)..\..\..\src\mk_lang_warning_msvc_push_c4296.h"><Filter>src</Filter></ClInclude>
		<ClInclude Include="$(MSBuildThisFileDirectory)..\..\..\src\mk_lang_warning_msvc_push_c4505.h"><Filter>src</Filter></ClInclude>
		<ClInclude Include="$(MSBuildThisFileDirectory)..\..\..\src\mk_lang_warning_msvc_push_c4514.h"><Filter>src</Filter></ClInclude>
		<ClInclude Include="$(MSBuildThisFileDirectory)..\..\..\src\mk_lang_warning_msvc_push_c4702.h"><Filter>src</Filter></ClInclude>
		<ClInclude Include="$(MSBuildThisFileDirectory)..\..\..\src\mk_lang_warning_msvc_push_c4710.h"><Filter>src</Filter></ClInclude>
		<ClInclude Include="$(MSBuildThisFileDirectory)..\..\..\src\mk_lang_warning_msvc_push_c4746.h"><Filter>src</Filter></ClInclude>
		<ClInclude Include="$(MSBuildThisFileDirectory)..\..\..\src\mk_lang_warning_msvc_push_c4820.h"><Filter>src</Filter></ClInclude>
		<ClInclude Include="$(MSBuildThisFileDirectory)..\..\..\src\mk_lang_warning_msvc_push_c4826.h"><Filter>src</Filter></ClInclude>
		<ClInclude Include="$(MSBuildThisFileDirectory)..\..\..\src\mk_lang_warning_msvc_push_c5031.h"><Filter>src</Filter></ClInclude>
		<ClInclude Include="$(MSBuildThisFileDirectory)..\..\..\src\mk_lang_warning_msvc_push_c5045.h"><Filter>src</Filter></ClInclude>
		<ClInclude Include="$(MSBuildThisFileDirectory)..\..\..\src\mk_lang_wchar.h"><Filter>src</Filter></ClInclude>
	</ItemGroup>
</Project>
