<?xml version="1.0" encoding="utf-8"?>
<Project ToolsVersion="4.0" xmlns="http://schemas.microsoft.com/developer/msbuild/2003">
	<ItemGroup>
		<CustomBuild Include="$(MSBuildThisFileDirectory)..\..\..\src\mk_lang_alg_iota_inl_defd.h.m4"><FileType>Document</FileType><Command>cmd /c $(MSBuildThisFileDirectory)..\..\..\src\mk_clib_tool_m4.bat "%(Identity)"</Command><Outputs>$(MSBuildThisFileDirectory)..\..\..\src\%(Filename)</Outputs><BuildInParallel>true</BuildInParallel></CustomBuild>
		<CustomBuild Include="$(MSBuildThisFileDirectory)..\..\..\src\mk_lang_alg_iota_inl_defu.h.m4"><FileType>Document</FileType><Command>cmd /c $(MSBuildThisFileDirectory)..\..\..\src\mk_clib_tool_m4.bat "%(Identity)"</Command><Outputs>$(MSBuildThisFileDirectory)..\..\..\src\%(Filename)</Outputs><BuildInParallel>true</BuildInParallel></CustomBuild>
		<CustomBuild Include="$(MSBuildThisFileDirectory)..\..\..\src\mk_lang_bui_inl_defd.h.m4"><FileType>Document</FileType><Command>cmd /c $(MSBuildThisFileDirectory)..\..\..\src\mk_clib_tool_m4.bat "%(Identity)"</Command><Outputs>$(MSBuildThisFileDirectory)..\..\..\src\%(Filename)</Outputs><BuildInParallel>true</BuildInParallel></CustomBuild>
		<CustomBuild Include="$(MSBuildThisFileDirectory)..\..\..\src\mk_lang_bui_inl_defu.h.m4"><FileType>Document</FileType><Command>cmd /c $(MSBuildThisFileDirectory)..\..\..\src\mk_clib_tool_m4.bat "%(Identity)"</Command><Outputs>$(MSBuildThisFileDirectory)..\..\..\src\%(Filename)</Outputs><BuildInParallel>true</BuildInParallel></CustomBuild>
		<CustomBuild Include="$(MSBuildThisFileDirectory)..\..\..\src\mk_lang_bui_inl_filec.h.m4"><FileType>Document</FileType><Command>cmd /c $(MSBuildThisFileDirectory)..\..\..\src\mk_clib_tool_m4.bat "%(Identity)"</Command><Outputs>$(MSBuildThisFileDirectory)..\..\..\src\%(Filename)</Outputs><BuildInParallel>true</BuildInParallel></CustomBuild>
		<CustomBuild Include="$(MSBuildThisFileDirectory)..\..\..\src\mk_lang_bui_inl_fileh.h.m4"><FileType>Document</FileType><Command>cmd /c $(MSBuildThisFileDirectory)..\..\..\src\mk_clib_tool_m4.bat "%(Identity)"</Command><Outputs>$(MSBuildThisFileDirectory)..\..\..\src\%(Filename)</Outputs><BuildInParallel>true</BuildInParallel></CustomBuild>
		<CustomBuild Include="$(MSBuildThisFileDirectory)..\..\..\src\mk_lang_builtin.h.m4"><FileType>Document</FileType><Command>cmd /c $(MSBuildThisFileDirectory)..\..\..\src\mk_clib_tool_m4.bat "%(Identity)"</Command><Outputs>$(MSBuildThisFileDirectory)..\..\..\src\%(Filename)</Outputs><BuildInParallel>true</BuildInParallel></CustomBuild>
		<CustomBuild Include="$(MSBuildThisFileDirectory)..\..\..\src\mk_lang_swap_inl_defd.h.m4"><FileType>Document</FileType><Command>cmd /c $(MSBuildThisFileDirectory)..\..\..\src\mk_clib_tool_m4.bat "%(Identity)"</Command><Outputs>$(MSBuildThisFileDirectory)..\..\..\src\%(Filename)</Outputs><BuildInParallel>true</BuildInParallel></CustomBuild>
		<CustomBuild Include="$(MSBuildThisFileDirectory)..\..\..\src\mk_lang_swap_inl_defu.h.m4"><FileType>Document</FileType><Command>cmd /c $(MSBuildThisFileDirectory)..\..\..\src\mk_clib_tool_m4.bat "%(Identity)"</Command><Outputs>$(MSBuildThisFileDirectory)..\..\..\src\%(Filename)</Outputs><BuildInParallel>true</BuildInParallel></CustomBuild>
		<CustomBuild Include="$(MSBuildThisFileDirectory)..\..\..\src\mk_lib_crypto_alg_aes_x86_inl_defd.h.m4"><FileType>Document</FileType><Command>cmd /c $(MSBuildThisFileDirectory)..\..\..\src\mk_clib_tool_m4.bat "%(Identity)"</Command><Outputs>$(MSBuildThisFileDirectory)..\..\..\src\%(Filename)</Outputs><BuildInParallel>true</BuildInParallel></CustomBuild>
		<CustomBuild Include="$(MSBuildThisFileDirectory)..\..\..\src\mk_lib_crypto_alg_aes_x86_inl_defu.h.m4"><FileType>Document</FileType><Command>cmd /c $(MSBuildThisFileDirectory)..\..\..\src\mk_clib_tool_m4.bat "%(Identity)"</Command><Outputs>$(MSBuildThisFileDirectory)..\..\..\src\%(Filename)</Outputs><BuildInParallel>true</BuildInParallel></CustomBuild>
		<CustomBuild Include="$(MSBuildThisFileDirectory)..\..\..\src\mk_lib_crypto_alg_serpent_inl_defd.h.m4"><FileType>Document</FileType><Command>cmd /c $(MSBuildThisFileDirectory)..\..\..\src\mk_clib_tool_m4.bat "%(Identity)"</Command><Outputs>$(MSBuildThisFileDirectory)..\..\..\src\%(Filename)</Outputs><BuildInParallel>true</BuildInParallel></CustomBuild>
		<CustomBuild Include="$(MSBuildThisFileDirectory)..\..\..\src\mk_lib_crypto_alg_serpent_inl_defu.h.m4"><FileType>Document</FileType><Command>cmd /c $(MSBuildThisFileDirectory)..\..\..\src\mk_clib_tool_m4.bat "%(Identity)"</Command><Outputs>$(MSBuildThisFileDirectory)..\..\..\src\%(Filename)</Outputs><BuildInParallel>true</BuildInParallel></CustomBuild>
		<CustomBuild Include="$(MSBuildThisFileDirectory)..\..\..\src\mk_lib_crypto_alg_stream.c.m4"><FileType>Document</FileType><Command>cmd /c $(MSBuildThisFileDirectory)..\..\..\src\mk_clib_tool_m4.bat "%(Identity)"</Command><Outputs>$(MSBuildThisFileDirectory)..\..\..\src\%(Filename)</Outputs><BuildInParallel>true</BuildInParallel></CustomBuild>
		<CustomBuild Include="$(MSBuildThisFileDirectory)..\..\..\src\mk_lib_crypto_alg_stream.h.m4"><FileType>Document</FileType><Command>cmd /c $(MSBuildThisFileDirectory)..\..\..\src\mk_clib_tool_m4.bat "%(Identity)"</Command><Outputs>$(MSBuildThisFileDirectory)..\..\..\src\%(Filename)</Outputs><BuildInParallel>true</BuildInParallel></CustomBuild>
		<CustomBuild Include="$(MSBuildThisFileDirectory)..\..\..\src\mk_lib_crypto_alg_stream_any1.c.m4"><FileType>Document</FileType><Command>cmd /c $(MSBuildThisFileDirectory)..\..\..\src\mk_clib_tool_m4.bat "%(Identity)"</Command><Outputs>$(MSBuildThisFileDirectory)..\..\..\src\%(Filename)</Outputs><BuildInParallel>true</BuildInParallel></CustomBuild>
		<CustomBuild Include="$(MSBuildThisFileDirectory)..\..\..\src\mk_lib_crypto_alg_stream_any1.h.m4"><FileType>Document</FileType><Command>cmd /c $(MSBuildThisFileDirectory)..\..\..\src\mk_clib_tool_m4.bat "%(Identity)"</Command><Outputs>$(MSBuildThisFileDirectory)..\..\..\src\%(Filename)</Outputs><BuildInParallel>true</BuildInParallel></CustomBuild>
		<CustomBuild Include="$(MSBuildThisFileDirectory)..\..\..\src\mk_lib_crypto_alg_stream_any2.c.m4"><FileType>Document</FileType><Command>cmd /c $(MSBuildThisFileDirectory)..\..\..\src\mk_clib_tool_m4.bat "%(Identity)"</Command><Outputs>$(MSBuildThisFileDirectory)..\..\..\src\%(Filename)</Outputs><BuildInParallel>true</BuildInParallel></CustomBuild>
		<CustomBuild Include="$(MSBuildThisFileDirectory)..\..\..\src\mk_lib_crypto_alg_stream_any2.h.m4"><FileType>Document</FileType><Command>cmd /c $(MSBuildThisFileDirectory)..\..\..\src\mk_clib_tool_m4.bat "%(Identity)"</Command><Outputs>$(MSBuildThisFileDirectory)..\..\..\src\%(Filename)</Outputs><BuildInParallel>true</BuildInParallel></CustomBuild>
		<CustomBuild Include="$(MSBuildThisFileDirectory)..\..\..\src\mk_lib_crypto_alg_stream_inl_defd.h.m4"><FileType>Document</FileType><Command>cmd /c $(MSBuildThisFileDirectory)..\..\..\src\mk_clib_tool_m4.bat "%(Identity)"</Command><Outputs>$(MSBuildThisFileDirectory)..\..\..\src\%(Filename)</Outputs><BuildInParallel>true</BuildInParallel></CustomBuild>
		<CustomBuild Include="$(MSBuildThisFileDirectory)..\..\..\src\mk_lib_crypto_alg_stream_inl_defu.h.m4"><FileType>Document</FileType><Command>cmd /c $(MSBuildThisFileDirectory)..\..\..\src\mk_clib_tool_m4.bat "%(Identity)"</Command><Outputs>$(MSBuildThisFileDirectory)..\..\..\src\%(Filename)</Outputs><BuildInParallel>true</BuildInParallel></CustomBuild>
		<CustomBuild Include="$(MSBuildThisFileDirectory)..\..\..\src\mk_lib_crypto_alg_stream_names.c.m4"><FileType>Document</FileType><Command>cmd /c $(MSBuildThisFileDirectory)..\..\..\src\mk_clib_tool_m4.bat "%(Identity)"</Command><Outputs>$(MSBuildThisFileDirectory)..\..\..\src\%(Filename)</Outputs><BuildInParallel>true</BuildInParallel></CustomBuild>
		<CustomBuild Include="$(MSBuildThisFileDirectory)..\..\..\src\mk_lib_crypto_alg_stream_names.h.m4"><FileType>Document</FileType><Command>cmd /c $(MSBuildThisFileDirectory)..\..\..\src\mk_clib_tool_m4.bat "%(Identity)"</Command><Outputs>$(MSBuildThisFileDirectory)..\..\..\src\%(Filename)</Outputs><BuildInParallel>true</BuildInParallel></CustomBuild>
		<CustomBuild Include="$(MSBuildThisFileDirectory)..\..\..\src\mk_lib_crypto_hash_stream_any1.c.m4"><FileType>Document</FileType><Command>cmd /c $(MSBuildThisFileDirectory)..\..\..\src\mk_clib_tool_m4.bat "%(Identity)"</Command><Outputs>$(MSBuildThisFileDirectory)..\..\..\src\%(Filename)</Outputs><BuildInParallel>true</BuildInParallel></CustomBuild>
		<CustomBuild Include="$(MSBuildThisFileDirectory)..\..\..\src\mk_lib_crypto_hash_stream_any1.h.m4"><FileType>Document</FileType><Command>cmd /c $(MSBuildThisFileDirectory)..\..\..\src\mk_clib_tool_m4.bat "%(Identity)"</Command><Outputs>$(MSBuildThisFileDirectory)..\..\..\src\%(Filename)</Outputs><BuildInParallel>true</BuildInParallel></CustomBuild>
		<CustomBuild Include="$(MSBuildThisFileDirectory)..\..\..\src\mk_lib_crypto_hash_stream_any2.c.m4"><FileType>Document</FileType><Command>cmd /c $(MSBuildThisFileDirectory)..\..\..\src\mk_clib_tool_m4.bat "%(Identity)"</Command><Outputs>$(MSBuildThisFileDirectory)..\..\..\src\%(Filename)</Outputs><BuildInParallel>true</BuildInParallel></CustomBuild>
		<CustomBuild Include="$(MSBuildThisFileDirectory)..\..\..\src\mk_lib_crypto_hash_stream_any2.h.m4"><FileType>Document</FileType><Command>cmd /c $(MSBuildThisFileDirectory)..\..\..\src\mk_clib_tool_m4.bat "%(Identity)"</Command><Outputs>$(MSBuildThisFileDirectory)..\..\..\src\%(Filename)</Outputs><BuildInParallel>true</BuildInParallel></CustomBuild>
		<CustomBuild Include="$(MSBuildThisFileDirectory)..\..\..\src\mk_lib_crypto_mode_cbc.c.m4"><FileType>Document</FileType><Command>cmd /c $(MSBuildThisFileDirectory)..\..\..\src\mk_clib_tool_m4.bat "%(Identity)"</Command><Outputs>$(MSBuildThisFileDirectory)..\..\..\src\%(Filename)</Outputs><BuildInParallel>true</BuildInParallel></CustomBuild>
		<CustomBuild Include="$(MSBuildThisFileDirectory)..\..\..\src\mk_lib_crypto_mode_cbc.h.m4"><FileType>Document</FileType><Command>cmd /c $(MSBuildThisFileDirectory)..\..\..\src\mk_clib_tool_m4.bat "%(Identity)"</Command><Outputs>$(MSBuildThisFileDirectory)..\..\..\src\%(Filename)</Outputs><BuildInParallel>true</BuildInParallel></CustomBuild>
		<CustomBuild Include="$(MSBuildThisFileDirectory)..\..\..\src\mk_lib_crypto_mode_cbc_inl_defd.h.m4"><FileType>Document</FileType><Command>cmd /c $(MSBuildThisFileDirectory)..\..\..\src\mk_clib_tool_m4.bat "%(Identity)"</Command><Outputs>$(MSBuildThisFileDirectory)..\..\..\src\%(Filename)</Outputs><BuildInParallel>true</BuildInParallel></CustomBuild>
		<CustomBuild Include="$(MSBuildThisFileDirectory)..\..\..\src\mk_lib_crypto_mode_cbc_inl_defu.h.m4"><FileType>Document</FileType><Command>cmd /c $(MSBuildThisFileDirectory)..\..\..\src\mk_clib_tool_m4.bat "%(Identity)"</Command><Outputs>$(MSBuildThisFileDirectory)..\..\..\src\%(Filename)</Outputs><BuildInParallel>true</BuildInParallel></CustomBuild>
		<CustomBuild Include="$(MSBuildThisFileDirectory)..\..\..\src\mk_lib_crypto_mode_ctr.c.m4"><FileType>Document</FileType><Command>cmd /c $(MSBuildThisFileDirectory)..\..\..\src\mk_clib_tool_m4.bat "%(Identity)"</Command><Outputs>$(MSBuildThisFileDirectory)..\..\..\src\%(Filename)</Outputs><BuildInParallel>true</BuildInParallel></CustomBuild>
		<CustomBuild Include="$(MSBuildThisFileDirectory)..\..\..\src\mk_lib_crypto_mode_ctr.h.m4"><FileType>Document</FileType><Command>cmd /c $(MSBuildThisFileDirectory)..\..\..\src\mk_clib_tool_m4.bat "%(Identity)"</Command><Outputs>$(MSBuildThisFileDirectory)..\..\..\src\%(Filename)</Outputs><BuildInParallel>true</BuildInParallel></CustomBuild>
		<CustomBuild Include="$(MSBuildThisFileDirectory)..\..\..\src\mk_lib_crypto_mode_ctr_inl_defd.h.m4"><FileType>Document</FileType><Command>cmd /c $(MSBuildThisFileDirectory)..\..\..\src\mk_clib_tool_m4.bat "%(Identity)"</Command><Outputs>$(MSBuildThisFileDirectory)..\..\..\src\%(Filename)</Outputs><BuildInParallel>true</BuildInParallel></CustomBuild>
		<CustomBuild Include="$(MSBuildThisFileDirectory)..\..\..\src\mk_lib_crypto_mode_ctr_inl_defu.h.m4"><FileType>Document</FileType><Command>cmd /c $(MSBuildThisFileDirectory)..\..\..\src\mk_clib_tool_m4.bat "%(Identity)"</Command><Outputs>$(MSBuildThisFileDirectory)..\..\..\src\%(Filename)</Outputs><BuildInParallel>true</BuildInParallel></CustomBuild>
		<CustomBuild Include="$(MSBuildThisFileDirectory)..\..\..\src\mk_lib_crypto_mode_ecb.c.m4"><FileType>Document</FileType><Command>cmd /c $(MSBuildThisFileDirectory)..\..\..\src\mk_clib_tool_m4.bat "%(Identity)"</Command><Outputs>$(MSBuildThisFileDirectory)..\..\..\src\%(Filename)</Outputs><BuildInParallel>true</BuildInParallel></CustomBuild>
		<CustomBuild Include="$(MSBuildThisFileDirectory)..\..\..\src\mk_lib_crypto_mode_ecb.h.m4"><FileType>Document</FileType><Command>cmd /c $(MSBuildThisFileDirectory)..\..\..\src\mk_clib_tool_m4.bat "%(Identity)"</Command><Outputs>$(MSBuildThisFileDirectory)..\..\..\src\%(Filename)</Outputs><BuildInParallel>true</BuildInParallel></CustomBuild>
		<CustomBuild Include="$(MSBuildThisFileDirectory)..\..\..\src\mk_lib_crypto_mode_ecb_inl_defd.h.m4"><FileType>Document</FileType><Command>cmd /c $(MSBuildThisFileDirectory)..\..\..\src\mk_clib_tool_m4.bat "%(Identity)"</Command><Outputs>$(MSBuildThisFileDirectory)..\..\..\src\%(Filename)</Outputs><BuildInParallel>true</BuildInParallel></CustomBuild>
		<CustomBuild Include="$(MSBuildThisFileDirectory)..\..\..\src\mk_lib_crypto_mode_ecb_inl_defu.h.m4"><FileType>Document</FileType><Command>cmd /c $(MSBuildThisFileDirectory)..\..\..\src\mk_clib_tool_m4.bat "%(Identity)"</Command><Outputs>$(MSBuildThisFileDirectory)..\..\..\src\%(Filename)</Outputs><BuildInParallel>true</BuildInParallel></CustomBuild>
		<CustomBuild Include="$(MSBuildThisFileDirectory)..\..\..\src\mk_lib_crypto_mode_stream.c.m4"><FileType>Document</FileType><Command>cmd /c $(MSBuildThisFileDirectory)..\..\..\src\mk_clib_tool_m4.bat "%(Identity)"</Command><Outputs>$(MSBuildThisFileDirectory)..\..\..\src\%(Filename)</Outputs><BuildInParallel>true</BuildInParallel></CustomBuild>
		<CustomBuild Include="$(MSBuildThisFileDirectory)..\..\..\src\mk_lib_crypto_mode_stream.h.m4"><FileType>Document</FileType><Command>cmd /c $(MSBuildThisFileDirectory)..\..\..\src\mk_clib_tool_m4.bat "%(Identity)"</Command><Outputs>$(MSBuildThisFileDirectory)..\..\..\src\%(Filename)</Outputs><BuildInParallel>true</BuildInParallel></CustomBuild>
		<CustomBuild Include="$(MSBuildThisFileDirectory)..\..\..\src\mk_lib_crypto_mode_stream_inl_defd.h.m4"><FileType>Document</FileType><Command>cmd /c $(MSBuildThisFileDirectory)..\..\..\src\mk_clib_tool_m4.bat "%(Identity)"</Command><Outputs>$(MSBuildThisFileDirectory)..\..\..\src\%(Filename)</Outputs><BuildInParallel>true</BuildInParallel></CustomBuild>
		<CustomBuild Include="$(MSBuildThisFileDirectory)..\..\..\src\mk_lib_crypto_mode_stream_inl_defu.h.m4"><FileType>Document</FileType><Command>cmd /c $(MSBuildThisFileDirectory)..\..\..\src\mk_clib_tool_m4.bat "%(Identity)"</Command><Outputs>$(MSBuildThisFileDirectory)..\..\..\src\%(Filename)</Outputs><BuildInParallel>true</BuildInParallel></CustomBuild>
		<CustomBuild Include="$(MSBuildThisFileDirectory)..\..\..\src\mk_lib_crypto_mode_stream_names.c.m4"><FileType>Document</FileType><Command>cmd /c $(MSBuildThisFileDirectory)..\..\..\src\mk_clib_tool_m4.bat "%(Identity)"</Command><Outputs>$(MSBuildThisFileDirectory)..\..\..\src\%(Filename)</Outputs><BuildInParallel>true</BuildInParallel></CustomBuild>
		<CustomBuild Include="$(MSBuildThisFileDirectory)..\..\..\src\mk_lib_crypto_mode_stream_names.h.m4"><FileType>Document</FileType><Command>cmd /c $(MSBuildThisFileDirectory)..\..\..\src\mk_clib_tool_m4.bat "%(Identity)"</Command><Outputs>$(MSBuildThisFileDirectory)..\..\..\src\%(Filename)</Outputs><BuildInParallel>true</BuildInParallel></CustomBuild>
		<CustomBuild Include="$(MSBuildThisFileDirectory)..\..\..\src\mk_lib_crypto_xof_stream_any1.c.m4"><FileType>Document</FileType><Command>cmd /c $(MSBuildThisFileDirectory)..\..\..\src\mk_clib_tool_m4.bat "%(Identity)"</Command><Outputs>$(MSBuildThisFileDirectory)..\..\..\src\%(Filename)</Outputs><BuildInParallel>true</BuildInParallel></CustomBuild>
		<CustomBuild Include="$(MSBuildThisFileDirectory)..\..\..\src\mk_lib_crypto_xof_stream_any1.h.m4"><FileType>Document</FileType><Command>cmd /c $(MSBuildThisFileDirectory)..\..\..\src\mk_clib_tool_m4.bat "%(Identity)"</Command><Outputs>$(MSBuildThisFileDirectory)..\..\..\src\%(Filename)</Outputs><BuildInParallel>true</BuildInParallel></CustomBuild>
		<CustomBuild Include="$(MSBuildThisFileDirectory)..\..\..\src\mk_lib_crypto_xof_stream_any2.c.m4"><FileType>Document</FileType><Command>cmd /c $(MSBuildThisFileDirectory)..\..\..\src\mk_clib_tool_m4.bat "%(Identity)"</Command><Outputs>$(MSBuildThisFileDirectory)..\..\..\src\%(Filename)</Outputs><BuildInParallel>true</BuildInParallel></CustomBuild>
		<CustomBuild Include="$(MSBuildThisFileDirectory)..\..\..\src\mk_lib_crypto_xof_stream_any2.h.m4"><FileType>Document</FileType><Command>cmd /c $(MSBuildThisFileDirectory)..\..\..\src\mk_clib_tool_m4.bat "%(Identity)"</Command><Outputs>$(MSBuildThisFileDirectory)..\..\..\src\%(Filename)</Outputs><BuildInParallel>true</BuildInParallel></CustomBuild>
		<CustomBuild Include="$(MSBuildThisFileDirectory)..\..\..\src\mk_lib_float_analyzer_inl_defd.h.m4"><FileType>Document</FileType><Command>cmd /c $(MSBuildThisFileDirectory)..\..\..\src\mk_clib_tool_m4.bat "%(Identity)"</Command><Outputs>$(MSBuildThisFileDirectory)..\..\..\src\%(Filename)</Outputs><BuildInParallel>true</BuildInParallel></CustomBuild>
		<CustomBuild Include="$(MSBuildThisFileDirectory)..\..\..\src\mk_lib_float_analyzer_inl_defu.h.m4"><FileType>Document</FileType><Command>cmd /c $(MSBuildThisFileDirectory)..\..\..\src\mk_clib_tool_m4.bat "%(Identity)"</Command><Outputs>$(MSBuildThisFileDirectory)..\..\..\src\%(Filename)</Outputs><BuildInParallel>true</BuildInParallel></CustomBuild>
		<CustomBuild Include="$(MSBuildThisFileDirectory)..\..\..\src\mk_lib_iip_cp_message_create_session_strings.c.m4"><FileType>Document</FileType><Command>cmd /c $(MSBuildThisFileDirectory)..\..\..\src\mk_clib_tool_m4.bat "%(Identity)"</Command><Outputs>$(MSBuildThisFileDirectory)..\..\..\src\%(Filename)</Outputs><BuildInParallel>true</BuildInParallel></CustomBuild>
		<CustomBuild Include="$(MSBuildThisFileDirectory)..\..\..\src\mk_lib_iip_cp_message_create_session_strings.h.m4"><FileType>Document</FileType><Command>cmd /c $(MSBuildThisFileDirectory)..\..\..\src\mk_clib_tool_m4.bat "%(Identity)"</Command><Outputs>$(MSBuildThisFileDirectory)..\..\..\src\%(Filename)</Outputs><BuildInParallel>true</BuildInParallel></CustomBuild>
		<CustomBuild Include="$(MSBuildThisFileDirectory)..\..\..\src\mk_lib_iip_cp_message_strings.c.m4"><FileType>Document</FileType><Command>cmd /c $(MSBuildThisFileDirectory)..\..\..\src\mk_clib_tool_m4.bat "%(Identity)"</Command><Outputs>$(MSBuildThisFileDirectory)..\..\..\src\%(Filename)</Outputs><BuildInParallel>true</BuildInParallel></CustomBuild>
		<CustomBuild Include="$(MSBuildThisFileDirectory)..\..\..\src\mk_lib_iip_cp_message_strings.h.m4"><FileType>Document</FileType><Command>cmd /c $(MSBuildThisFileDirectory)..\..\..\src\mk_clib_tool_m4.bat "%(Identity)"</Command><Outputs>$(MSBuildThisFileDirectory)..\..\..\src\%(Filename)</Outputs><BuildInParallel>true</BuildInParallel></CustomBuild>
		<CustomBuild Include="$(MSBuildThisFileDirectory)..\..\..\src\mk_lib_iip_http_strings.c.m4"><FileType>Document</FileType><Command>cmd /c $(MSBuildThisFileDirectory)..\..\..\src\mk_clib_tool_m4.bat "%(Identity)"</Command><Outputs>$(MSBuildThisFileDirectory)..\..\..\src\%(Filename)</Outputs><BuildInParallel>true</BuildInParallel></CustomBuild>
		<CustomBuild Include="$(MSBuildThisFileDirectory)..\..\..\src\mk_lib_iip_http_strings.h.m4"><FileType>Document</FileType><Command>cmd /c $(MSBuildThisFileDirectory)..\..\..\src\mk_clib_tool_m4.bat "%(Identity)"</Command><Outputs>$(MSBuildThisFileDirectory)..\..\..\src\%(Filename)</Outputs><BuildInParallel>true</BuildInParallel></CustomBuild>
		<CustomBuild Include="$(MSBuildThisFileDirectory)..\..\..\src\mk_sl_cui_inl_defd.h.m4"><FileType>Document</FileType><Command>cmd /c $(MSBuildThisFileDirectory)..\..\..\src\mk_clib_tool_m4.bat "%(Identity)"</Command><Outputs>$(MSBuildThisFileDirectory)..\..\..\src\%(Filename)</Outputs><BuildInParallel>true</BuildInParallel></CustomBuild>
		<CustomBuild Include="$(MSBuildThisFileDirectory)..\..\..\src\mk_sl_cui_inl_defu.h.m4"><FileType>Document</FileType><Command>cmd /c $(MSBuildThisFileDirectory)..\..\..\src\mk_clib_tool_m4.bat "%(Identity)"</Command><Outputs>$(MSBuildThisFileDirectory)..\..\..\src\%(Filename)</Outputs><BuildInParallel>true</BuildInParallel></CustomBuild>
		<CustomBuild Include="$(MSBuildThisFileDirectory)..\..\..\src\mk_sl_cui_inl_filec.h.m4"><FileType>Document</FileType><Command>cmd /c $(MSBuildThisFileDirectory)..\..\..\src\mk_clib_tool_m4.bat "%(Identity)"</Command><Outputs>$(MSBuildThisFileDirectory)..\..\..\src\%(Filename)</Outputs><BuildInParallel>true</BuildInParallel></CustomBuild>
		<CustomBuild Include="$(MSBuildThisFileDirectory)..\..\..\src\mk_sl_cui_inl_fileh.h.m4"><FileType>Document</FileType><Command>cmd /c $(MSBuildThisFileDirectory)..\..\..\src\mk_clib_tool_m4.bat "%(Identity)"</Command><Outputs>$(MSBuildThisFileDirectory)..\..\..\src\%(Filename)</Outputs><BuildInParallel>true</BuildInParallel></CustomBuild>
		<CustomBuild Include="$(MSBuildThisFileDirectory)..\..\..\src\mk_sl_dynamic_ring_inl_defd.h.m4"><FileType>Document</FileType><Command>cmd /c $(MSBuildThisFileDirectory)..\..\..\src\mk_clib_tool_m4.bat "%(Identity)"</Command><Outputs>$(MSBuildThisFileDirectory)..\..\..\src\%(Filename)</Outputs><BuildInParallel>true</BuildInParallel></CustomBuild>
		<CustomBuild Include="$(MSBuildThisFileDirectory)..\..\..\src\mk_sl_dynamic_ring_inl_defu.h.m4"><FileType>Document</FileType><Command>cmd /c $(MSBuildThisFileDirectory)..\..\..\src\mk_clib_tool_m4.bat "%(Identity)"</Command><Outputs>$(MSBuildThisFileDirectory)..\..\..\src\%(Filename)</Outputs><BuildInParallel>true</BuildInParallel></CustomBuild>
		<CustomBuild Include="$(MSBuildThisFileDirectory)..\..\..\src\mk_sl_fixed_vector_inl_defd.h.m4"><FileType>Document</FileType><Command>cmd /c $(MSBuildThisFileDirectory)..\..\..\src\mk_clib_tool_m4.bat "%(Identity)"</Command><Outputs>$(MSBuildThisFileDirectory)..\..\..\src\%(Filename)</Outputs><BuildInParallel>true</BuildInParallel></CustomBuild>
		<CustomBuild Include="$(MSBuildThisFileDirectory)..\..\..\src\mk_sl_fixed_vector_inl_defu.h.m4"><FileType>Document</FileType><Command>cmd /c $(MSBuildThisFileDirectory)..\..\..\src\mk_clib_tool_m4.bat "%(Identity)"</Command><Outputs>$(MSBuildThisFileDirectory)..\..\..\src\%(Filename)</Outputs><BuildInParallel>true</BuildInParallel></CustomBuild>
		<CustomBuild Include="$(MSBuildThisFileDirectory)..\..\..\src\mk_sl_fxp_inl_defd.h.m4"><FileType>Document</FileType><Command>cmd /c $(MSBuildThisFileDirectory)..\..\..\src\mk_clib_tool_m4.bat "%(Identity)"</Command><Outputs>$(MSBuildThisFileDirectory)..\..\..\src\%(Filename)</Outputs><BuildInParallel>true</BuildInParallel></CustomBuild>
		<CustomBuild Include="$(MSBuildThisFileDirectory)..\..\..\src\mk_sl_fxp_inl_defu.h.m4"><FileType>Document</FileType><Command>cmd /c $(MSBuildThisFileDirectory)..\..\..\src\mk_clib_tool_m4.bat "%(Identity)"</Command><Outputs>$(MSBuildThisFileDirectory)..\..\..\src\%(Filename)</Outputs><BuildInParallel>true</BuildInParallel></CustomBuild>
		<CustomBuild Include="$(MSBuildThisFileDirectory)..\..\..\src\mk_sl_list_dbl_inl_defd.h.m4"><FileType>Document</FileType><Command>cmd /c $(MSBuildThisFileDirectory)..\..\..\src\mk_clib_tool_m4.bat "%(Identity)"</Command><Outputs>$(MSBuildThisFileDirectory)..\..\..\src\%(Filename)</Outputs><BuildInParallel>true</BuildInParallel></CustomBuild>
		<CustomBuild Include="$(MSBuildThisFileDirectory)..\..\..\src\mk_sl_list_dbl_inl_defu.h.m4"><FileType>Document</FileType><Command>cmd /c $(MSBuildThisFileDirectory)..\..\..\src\mk_clib_tool_m4.bat "%(Identity)"</Command><Outputs>$(MSBuildThisFileDirectory)..\..\..\src\%(Filename)</Outputs><BuildInParallel>true</BuildInParallel></CustomBuild>
		<CustomBuild Include="$(MSBuildThisFileDirectory)..\..\..\src\mk_sl_mallocator_arena_inl_defd.h.m4"><FileType>Document</FileType><Command>cmd /c $(MSBuildThisFileDirectory)..\..\..\src\mk_clib_tool_m4.bat "%(Identity)"</Command><Outputs>$(MSBuildThisFileDirectory)..\..\..\src\%(Filename)</Outputs><BuildInParallel>true</BuildInParallel></CustomBuild>
		<CustomBuild Include="$(MSBuildThisFileDirectory)..\..\..\src\mk_sl_mallocator_arena_inl_defu.h.m4"><FileType>Document</FileType><Command>cmd /c $(MSBuildThisFileDirectory)..\..\..\src\mk_clib_tool_m4.bat "%(Identity)"</Command><Outputs>$(MSBuildThisFileDirectory)..\..\..\src\%(Filename)</Outputs><BuildInParallel>true</BuildInParallel></CustomBuild>
		<CustomBuild Include="$(MSBuildThisFileDirectory)..\..\..\src\mk_sl_mallocator_lokal_arena_inl_defd.h.m4"><FileType>Document</FileType><Command>cmd /c $(MSBuildThisFileDirectory)..\..\..\src\mk_clib_tool_m4.bat "%(Identity)"</Command><Outputs>$(MSBuildThisFileDirectory)..\..\..\src\%(Filename)</Outputs><BuildInParallel>true</BuildInParallel></CustomBuild>
		<CustomBuild Include="$(MSBuildThisFileDirectory)..\..\..\src\mk_sl_mallocator_lokal_arena_inl_defu.h.m4"><FileType>Document</FileType><Command>cmd /c $(MSBuildThisFileDirectory)..\..\..\src\mk_clib_tool_m4.bat "%(Identity)"</Command><Outputs>$(MSBuildThisFileDirectory)..\..\..\src\%(Filename)</Outputs><BuildInParallel>true</BuildInParallel></CustomBuild>
		<CustomBuild Include="$(MSBuildThisFileDirectory)..\..\..\src\mk_sl_sort_merge_inl_defd.h.m4"><FileType>Document</FileType><Command>cmd /c $(MSBuildThisFileDirectory)..\..\..\src\mk_clib_tool_m4.bat "%(Identity)"</Command><Outputs>$(MSBuildThisFileDirectory)..\..\..\src\%(Filename)</Outputs><BuildInParallel>true</BuildInParallel></CustomBuild>
		<CustomBuild Include="$(MSBuildThisFileDirectory)..\..\..\src\mk_sl_sort_merge_inl_defu.h.m4"><FileType>Document</FileType><Command>cmd /c $(MSBuildThisFileDirectory)..\..\..\src\mk_clib_tool_m4.bat "%(Identity)"</Command><Outputs>$(MSBuildThisFileDirectory)..\..\..\src\%(Filename)</Outputs><BuildInParallel>true</BuildInParallel></CustomBuild>
		<CustomBuild Include="$(MSBuildThisFileDirectory)..\..\..\src\mk_sl_tree_wavl_inl_defd.h.m4"><FileType>Document</FileType><Command>cmd /c $(MSBuildThisFileDirectory)..\..\..\src\mk_clib_tool_m4.bat "%(Identity)"</Command><Outputs>$(MSBuildThisFileDirectory)..\..\..\src\%(Filename)</Outputs><BuildInParallel>true</BuildInParallel></CustomBuild>
		<CustomBuild Include="$(MSBuildThisFileDirectory)..\..\..\src\mk_sl_tree_wavl_inl_defu.h.m4"><FileType>Document</FileType><Command>cmd /c $(MSBuildThisFileDirectory)..\..\..\src\mk_clib_tool_m4.bat "%(Identity)"</Command><Outputs>$(MSBuildThisFileDirectory)..\..\..\src\%(Filename)</Outputs><BuildInParallel>true</BuildInParallel></CustomBuild>
		<CustomBuild Include="$(MSBuildThisFileDirectory)..\..\..\src\mk_sl_vector_inl_defd.h.m4"><FileType>Document</FileType><Command>cmd /c $(MSBuildThisFileDirectory)..\..\..\src\mk_clib_tool_m4.bat "%(Identity)"</Command><Outputs>$(MSBuildThisFileDirectory)..\..\..\src\%(Filename)</Outputs><BuildInParallel>true</BuildInParallel></CustomBuild>
		<CustomBuild Include="$(MSBuildThisFileDirectory)..\..\..\src\mk_sl_vector_inl_defu.h.m4"><FileType>Document</FileType><Command>cmd /c $(MSBuildThisFileDirectory)..\..\..\src\mk_clib_tool_m4.bat "%(Identity)"</Command><Outputs>$(MSBuildThisFileDirectory)..\..\..\src\%(Filename)</Outputs><BuildInParallel>true</BuildInParallel></CustomBuild>
	</ItemGroup>
</Project>
