<?xml version="1.0" encoding="utf-8"?>
<Project ToolsVersion="4.0" xmlns="http://schemas.microsoft.com/developer/msbuild/2003">
	<ItemGroup>
		<Filter Include="src">
			<UniqueIdentifier>{ecfe9169-bbc8-4860-b427-5486e82ea372}</UniqueIdentifier>
		</Filter>
	</ItemGroup>
	<ItemGroup>
		<ClCompile Include="$(MSBuildThisFileDirectory)..\..\..\src\app\mkcf.c" />
		<ClCompile Include="$(MSBuildThisFileDirectory)..\..\..\src\mk_clib_app_fuzz.c"><Filter>src</Filter></ClCompile>
		<ClCompile Include="$(MSBuildThisFileDirectory)..\..\..\src\mk_clib_fuzz.c"><Filter>src</Filter></ClCompile>
		<ClCompile Include="$(MSBuildThisFileDirectory)..\..\..\src\mk_clib_test.c"><Filter>src</Filter></ClCompile>
		<ClCompile Include="$(MSBuildThisFileDirectory)..\..\..\src\mk_lang_bi_test.c"><Filter>src</Filter></ClCompile>
		<ClCompile Include="$(MSBuildThisFileDirectory)..\..\..\src\mk_lang_bui.c"><Filter>src</Filter></ClCompile>
		<ClCompile Include="$(MSBuildThisFileDirectory)..\..\..\src\mk_lang_bui_fuzz.c"><Filter>src</Filter></ClCompile>
		<ClCompile Include="$(MSBuildThisFileDirectory)..\..\..\src\mk_lang_bui_test.c"><Filter>src</Filter></ClCompile>
		<ClCompile Include="$(MSBuildThisFileDirectory)..\..\..\src\mk_lang_crash.c"><Filter>src</Filter></ClCompile>
		<ClCompile Include="$(MSBuildThisFileDirectory)..\..\..\src\mk_lang_sizeof_test.c"><Filter>src</Filter></ClCompile>
	</ItemGroup>
</Project>
