<?xml version="1.0" encoding="utf-8"?>
<Project ToolsVersion="4.0" xmlns="http://schemas.microsoft.com/developer/msbuild/2003">
	<ItemGroup>
		<Filter Include="src">
			<UniqueIdentifier>{a79dff1a-3e9f-4f12-b45a-5c39b0a1d346}</UniqueIdentifier>
		</Filter>
	</ItemGroup>
	<ItemGroup>
		<ClCompile Include="$(MSBuildThisFileDirectory)..\..\..\src\app\mkci.c"/>
		<ClCompile Include="$(MSBuildThisFileDirectory)..\..\..\src\mk_clib_app_info.c"><Filter>src</Filter></ClCompile>
		<ClCompile Include="$(MSBuildThisFileDirectory)..\..\..\src\mk_lang_bi_info.c"><Filter>src</Filter></ClCompile>
	</ItemGroup>
</Project>
